
Microsoft Visual Studio Solution File, Format Version 12.00
# Visual Studio 2013
VisualStudioVersion = 12.0.30723.0
MinimumVisualStudioVersion = 10.0.40219.1
Project("{FAE04EC0-301F-11D3-BF4B-00C04F79EFBC}") = "Construct.MessageBrokering", "Construct.MessageBrokering\Construct.MessageBrokering.csproj", "{F47859FF-B24A-492A-995A-F7F124A14099}"
EndProject
Project("{FAE04EC0-301F-11D3-BF4B-00C04F79EFBC}") = "Construct.MessageBrokering.Transponder", "Construct.MessageBrokering.Transponder\Construct.MessageBrokering.Transponder.csproj", "{17FE8CEC-F429-40D5-BF57-DDE3C7FB592C}"
EndProject
Project("{2150E333-8FDC-42A3-9474-1A3956D46DE8}") = "Message Brokering", "Message Brokering", "{4F31D43C-32B5-42E7-A792-A38922790062}"
EndProject
Project("{FAE04EC0-301F-11D3-BF4B-00C04F79EFBC}") = "Construct.Utilities.Shared", "Construct.Utilities.Shared\Construct.Utilities.Shared.csproj", "{CFA681FF-1E84-45FC-9D1F-C14FDA66983B}"
EndProject
Project("{2150E333-8FDC-42A3-9474-1A3956D46DE8}") = "Utilities", "Utilities", "{4E0C7D67-0A44-41D6-BEF0-B929848DAC6E}"
EndProject
Project("{FAE04EC0-301F-11D3-BF4B-00C04F79EFBC}") = "Construct.UX.ViewModels", "Construct.UX.ViewModels\Construct.UX.ViewModels.csproj", "{D0BB050A-0F4C-40F9-843C-8AD9BCEE850D}"
EndProject
Project("{2150E333-8FDC-42A3-9474-1A3956D46DE8}") = "View Models", "View Models", "{076879F2-FD3F-4E8B-99B5-C9F7EAE0105C}"
EndProject
Project("{FAE04EC0-301F-11D3-BF4B-00C04F79EFBC}") = "Construct.UX.ViewModels.Credentials", "Construct.UX.ViewModels.Credentials\Construct.UX.ViewModels.Credentials.csproj", "{7044DAEF-75B7-4567-B956-4DD9A87A3156}"
EndProject
Project("{FAE04EC0-301F-11D3-BF4B-00C04F79EFBC}") = "Construct.UX.ViewModels.Data", "Construct.UX.ViewModels.Data\Construct.UX.ViewModels.Data.csproj", "{413E70ED-DEEC-4A99-BD13-1ABB307161CC}"
EndProject
Project("{FAE04EC0-301F-11D3-BF4B-00C04F79EFBC}") = "Construct.UX.ViewModels.Learning", "Construct.UX.ViewModels.Learning\Construct.UX.ViewModels.Learning.csproj", "{5C46B8CB-61D9-444E-A151-3656D99B378C}"
EndProject
Project("{FAE04EC0-301F-11D3-BF4B-00C04F79EFBC}") = "Construct.UX.ViewModels.Meaning", "Construct.UX.ViewModels.Meaning\Construct.UX.ViewModels.Meaning.csproj", "{1D400772-60E3-4F96-98E9-C1E54E77660A}"
EndProject
Project("{FAE04EC0-301F-11D3-BF4B-00C04F79EFBC}") = "Construct.UX.ViewModels.Questions", "Construct.UX.ViewModels.Questions\Construct.UX.ViewModels.Questions.csproj", "{36CC4686-303F-4E16-897F-0D3491E2B95A}"
EndProject
Project("{FAE04EC0-301F-11D3-BF4B-00C04F79EFBC}") = "Construct.UX.Views.Sessions", "Construct.UX.Views.Sessions\Construct.UX.Views.Sessions.csproj", "{6831D8CB-1A31-45A8-AE7C-D2703CB8F603}"
EndProject
Project("{FAE04EC0-301F-11D3-BF4B-00C04F79EFBC}") = "Construct.UX.ViewModels.Sources", "Construct.UX.ViewModels.Sources\Construct.UX.ViewModels.Sources.csproj", "{4FD8D658-BDD6-4BD5-B734-1E5312B86894}"
EndProject
Project("{2150E333-8FDC-42A3-9474-1A3956D46DE8}") = "Views", "Views", "{42500CB2-D9BB-4FAF-9987-78F71F81BBE3}"
EndProject
Project("{2150E333-8FDC-42A3-9474-1A3956D46DE8}") = "UX", "UX", "{63B91FCC-469E-44BB-9B5F-62F0AB2819BE}"
EndProject
Project("{FAE04EC0-301F-11D3-BF4B-00C04F79EFBC}") = "Construct.UX.ViewModels.Visualizations", "Construct.UX.ViewModels.Visualizations\Construct.UX.ViewModels.Visualizations.csproj", "{2358B6B1-B877-442C-81EF-06DD4DDE51E6}"
EndProject
Project("{FAE04EC0-301F-11D3-BF4B-00C04F79EFBC}") = "Construct.UX.Views", "Construct.UX.Views\Construct.UX.Views.csproj", "{FC8DC39D-1D58-4150-A306-54F9ADB5F8DB}"
EndProject
Project("{FAE04EC0-301F-11D3-BF4B-00C04F79EFBC}") = "Construct.UX.Views.Data", "Construct.UX.Views.Data\Construct.UX.Views.Data.csproj", "{EDC20B55-F4C1-4818-A787-36971CB1F82C}"
EndProject
Project("{FAE04EC0-301F-11D3-BF4B-00C04F79EFBC}") = "Construct.UX.Views.Sources", "Construct.UX.Views.Sources\Construct.UX.Views.Sources.csproj", "{A928AB45-D887-48B2-8C32-D9D9A0E4549F}"
EndProject
Project("{FAE04EC0-301F-11D3-BF4B-00C04F79EFBC}") = "Construct.UX.Views.Learning", "Construct.UX.Views.Learning\Construct.UX.Views.Learning.csproj", "{0C12D678-CE96-4CC8-9C7C-17910B782163}"
EndProject
Project("{FAE04EC0-301F-11D3-BF4B-00C04F79EFBC}") = "Construct.UX.Views.Meaning", "Construct.UX.Views.Meaning\Construct.UX.Views.Meaning.csproj", "{1967B1A4-4759-4FC5-8D1B-F659CA40C144}"
EndProject
Project("{FAE04EC0-301F-11D3-BF4B-00C04F79EFBC}") = "Construct.UX.Views.Questions", "Construct.UX.Views.Questions\Construct.UX.Views.Questions.csproj", "{11770662-9360-4D0A-B78F-1BE3515BD5BE}"
EndProject
Project("{FAE04EC0-301F-11D3-BF4B-00C04F79EFBC}") = "Construct.UX.Views.Visualizations", "Construct.UX.Views.Visualizations\Construct.UX.Views.Visualizations.csproj", "{79D33504-60F0-4B28-9713-749BD4ABBEBD}"
EndProject
Project("{FAE04EC0-301F-11D3-BF4B-00C04F79EFBC}") = "Construct.UX.Runtime.Windows", "Construct.UX.Runtime.WindowsClient\Construct.UX.Runtime.Windows.csproj", "{FC343978-181A-46DA-972C-2F8699099086}"
EndProject
Project("{FAE04EC0-301F-11D3-BF4B-00C04F79EFBC}") = "Construct.UX.ViewModels.Sessions", "Construct.UX.ViewModels.Sessions\Construct.UX.ViewModels.Sessions.csproj", "{146EBEAF-615B-46CE-A3AC-99CC2019CB07}"
EndProject
Project("{2150E333-8FDC-42A3-9474-1A3956D46DE8}") = "Test", "Test", "{C8A93669-A7CE-478A-9BF1-6195A4818F6A}"
EndProject
Project("{FAE04EC0-301F-11D3-BF4B-00C04F79EFBC}") = "Construct.UX.ViewModels.Tests.Data", "Construct.UX.ViewModels.Tests.Data\Construct.UX.ViewModels.Tests.Data.csproj", "{43A5B28D-1522-4D15-9F1A-EC03D0796A45}"
EndProject
Project("{FAE04EC0-301F-11D3-BF4B-00C04F79EFBC}") = "Construct.Server.Models.Data.PropertyValues", "Construct.Server.Models.Data.PropertyValues\Construct.Server.Models.Data.PropertyValues.csproj", "{228B31D3-FFBD-4AE2-AFEC-EB9E3EE43DED}"
EndProject
Project("{FAE04EC0-301F-11D3-BF4B-00C04F79EFBC}") = "Construct.Server.Entities", "Construct.Server.Entities\Construct.Server.Entities.csproj", "{7F520999-8299-452F-BEBC-78FB6B0C60B3}"
EndProject
Project("{FAE04EC0-301F-11D3-BF4B-00C04F79EFBC}") = "Newtonsoft.Json.Net40", "Newtonsoft.Json\Newtonsoft.Json.Net40.csproj", "{A9AE40FF-1A21-414A-9FE7-3BE13644CC6D}"
EndProject
Project("{FAE04EC0-301F-11D3-BF4B-00C04F79EFBC}") = "Construct.UX.Views.Helper", "Construct.UX.Views.Helper\Construct.UX.Views.Helper.csproj", "{EA589310-7F76-49D2-89B0-07F93FE1D815}"
EndProject
Global
	GlobalSection(SolutionConfigurationPlatforms) = preSolution
		Debug|Any CPU = Debug|Any CPU
		Debug|Mixed Platforms = Debug|Mixed Platforms
		Debug|x64 = Debug|x64
		Debug|x86 = Debug|x86
		Debug64|Any CPU = Debug64|Any CPU
		Debug64|Mixed Platforms = Debug64|Mixed Platforms
		Debug64|x64 = Debug64|x64
		Debug64|x86 = Debug64|x86
		Release|Any CPU = Release|Any CPU
		Release|Mixed Platforms = Release|Mixed Platforms
		Release|x64 = Release|x64
		Release|x86 = Release|x86
		ReleaseX64|Any CPU = ReleaseX64|Any CPU
		ReleaseX64|Mixed Platforms = ReleaseX64|Mixed Platforms
		ReleaseX64|x64 = ReleaseX64|x64
		ReleaseX64|x86 = ReleaseX64|x86
	EndGlobalSection
	GlobalSection(ProjectConfigurationPlatforms) = postSolution
		{F47859FF-B24A-492A-995A-F7F124A14099}.Debug|Any CPU.ActiveCfg = Debug|Any CPU
		{F47859FF-B24A-492A-995A-F7F124A14099}.Debug|Any CPU.Build.0 = Debug|Any CPU
		{F47859FF-B24A-492A-995A-F7F124A14099}.Debug|Mixed Platforms.ActiveCfg = Debug|Any CPU
		{F47859FF-B24A-492A-995A-F7F124A14099}.Debug|Mixed Platforms.Build.0 = Debug|Any CPU
		{F47859FF-B24A-492A-995A-F7F124A14099}.Debug|x64.ActiveCfg = Debug|Any CPU
		{F47859FF-B24A-492A-995A-F7F124A14099}.Debug|x86.ActiveCfg = Debug|Any CPU
		{F47859FF-B24A-492A-995A-F7F124A14099}.Debug64|Any CPU.ActiveCfg = Debug|Any CPU
		{F47859FF-B24A-492A-995A-F7F124A14099}.Debug64|Any CPU.Build.0 = Debug|Any CPU
		{F47859FF-B24A-492A-995A-F7F124A14099}.Debug64|Mixed Platforms.ActiveCfg = Debug|Any CPU
		{F47859FF-B24A-492A-995A-F7F124A14099}.Debug64|Mixed Platforms.Build.0 = Debug|Any CPU
		{F47859FF-B24A-492A-995A-F7F124A14099}.Debug64|x64.ActiveCfg = Debug|Any CPU
		{F47859FF-B24A-492A-995A-F7F124A14099}.Debug64|x86.ActiveCfg = Debug|Any CPU
		{F47859FF-B24A-492A-995A-F7F124A14099}.Release|Any CPU.ActiveCfg = Release|Any CPU
		{F47859FF-B24A-492A-995A-F7F124A14099}.Release|Any CPU.Build.0 = Release|Any CPU
		{F47859FF-B24A-492A-995A-F7F124A14099}.Release|Mixed Platforms.ActiveCfg = Release|Any CPU
		{F47859FF-B24A-492A-995A-F7F124A14099}.Release|Mixed Platforms.Build.0 = Release|Any CPU
		{F47859FF-B24A-492A-995A-F7F124A14099}.Release|x64.ActiveCfg = Release|Any CPU
		{F47859FF-B24A-492A-995A-F7F124A14099}.Release|x86.ActiveCfg = Release|Any CPU
		{F47859FF-B24A-492A-995A-F7F124A14099}.ReleaseX64|Any CPU.ActiveCfg = Release|Any CPU
		{F47859FF-B24A-492A-995A-F7F124A14099}.ReleaseX64|Any CPU.Build.0 = Release|Any CPU
		{F47859FF-B24A-492A-995A-F7F124A14099}.ReleaseX64|Mixed Platforms.ActiveCfg = Release|Any CPU
		{F47859FF-B24A-492A-995A-F7F124A14099}.ReleaseX64|Mixed Platforms.Build.0 = Release|Any CPU
		{F47859FF-B24A-492A-995A-F7F124A14099}.ReleaseX64|x64.ActiveCfg = Release|Any CPU
		{F47859FF-B24A-492A-995A-F7F124A14099}.ReleaseX64|x86.ActiveCfg = Release|Any CPU
		{17FE8CEC-F429-40D5-BF57-DDE3C7FB592C}.Debug|Any CPU.ActiveCfg = Debug|Any CPU
		{17FE8CEC-F429-40D5-BF57-DDE3C7FB592C}.Debug|Any CPU.Build.0 = Debug|Any CPU
		{17FE8CEC-F429-40D5-BF57-DDE3C7FB592C}.Debug|Mixed Platforms.ActiveCfg = Debug|Any CPU
		{17FE8CEC-F429-40D5-BF57-DDE3C7FB592C}.Debug|Mixed Platforms.Build.0 = Debug|Any CPU
		{17FE8CEC-F429-40D5-BF57-DDE3C7FB592C}.Debug|x64.ActiveCfg = Debug|Any CPU
		{17FE8CEC-F429-40D5-BF57-DDE3C7FB592C}.Debug|x86.ActiveCfg = Debug|Any CPU
		{17FE8CEC-F429-40D5-BF57-DDE3C7FB592C}.Debug64|Any CPU.ActiveCfg = Debug|Any CPU
		{17FE8CEC-F429-40D5-BF57-DDE3C7FB592C}.Debug64|Any CPU.Build.0 = Debug|Any CPU
		{17FE8CEC-F429-40D5-BF57-DDE3C7FB592C}.Debug64|Mixed Platforms.ActiveCfg = Debug|Any CPU
		{17FE8CEC-F429-40D5-BF57-DDE3C7FB592C}.Debug64|Mixed Platforms.Build.0 = Debug|Any CPU
		{17FE8CEC-F429-40D5-BF57-DDE3C7FB592C}.Debug64|x64.ActiveCfg = Debug|Any CPU
		{17FE8CEC-F429-40D5-BF57-DDE3C7FB592C}.Debug64|x86.ActiveCfg = Debug|Any CPU
		{17FE8CEC-F429-40D5-BF57-DDE3C7FB592C}.Release|Any CPU.ActiveCfg = Release|Any CPU
		{17FE8CEC-F429-40D5-BF57-DDE3C7FB592C}.Release|Any CPU.Build.0 = Release|Any CPU
		{17FE8CEC-F429-40D5-BF57-DDE3C7FB592C}.Release|Mixed Platforms.ActiveCfg = Release|Any CPU
		{17FE8CEC-F429-40D5-BF57-DDE3C7FB592C}.Release|Mixed Platforms.Build.0 = Release|Any CPU
		{17FE8CEC-F429-40D5-BF57-DDE3C7FB592C}.Release|x64.ActiveCfg = Release|Any CPU
		{17FE8CEC-F429-40D5-BF57-DDE3C7FB592C}.Release|x86.ActiveCfg = Release|Any CPU
		{17FE8CEC-F429-40D5-BF57-DDE3C7FB592C}.ReleaseX64|Any CPU.ActiveCfg = Release|Any CPU
		{17FE8CEC-F429-40D5-BF57-DDE3C7FB592C}.ReleaseX64|Any CPU.Build.0 = Release|Any CPU
		{17FE8CEC-F429-40D5-BF57-DDE3C7FB592C}.ReleaseX64|Mixed Platforms.ActiveCfg = Release|Any CPU
		{17FE8CEC-F429-40D5-BF57-DDE3C7FB592C}.ReleaseX64|Mixed Platforms.Build.0 = Release|Any CPU
		{17FE8CEC-F429-40D5-BF57-DDE3C7FB592C}.ReleaseX64|x64.ActiveCfg = Release|Any CPU
		{17FE8CEC-F429-40D5-BF57-DDE3C7FB592C}.ReleaseX64|x86.ActiveCfg = Release|Any CPU
		{CFA681FF-1E84-45FC-9D1F-C14FDA66983B}.Debug|Any CPU.ActiveCfg = Debug|Any CPU
		{CFA681FF-1E84-45FC-9D1F-C14FDA66983B}.Debug|Any CPU.Build.0 = Debug|Any CPU
		{CFA681FF-1E84-45FC-9D1F-C14FDA66983B}.Debug|Mixed Platforms.ActiveCfg = Debug|Any CPU
		{CFA681FF-1E84-45FC-9D1F-C14FDA66983B}.Debug|Mixed Platforms.Build.0 = Debug|Any CPU
		{CFA681FF-1E84-45FC-9D1F-C14FDA66983B}.Debug|x64.ActiveCfg = Debug|Any CPU
		{CFA681FF-1E84-45FC-9D1F-C14FDA66983B}.Debug|x86.ActiveCfg = Debug|Any CPU
		{CFA681FF-1E84-45FC-9D1F-C14FDA66983B}.Debug64|Any CPU.ActiveCfg = Debug|Any CPU
		{CFA681FF-1E84-45FC-9D1F-C14FDA66983B}.Debug64|Any CPU.Build.0 = Debug|Any CPU
		{CFA681FF-1E84-45FC-9D1F-C14FDA66983B}.Debug64|Mixed Platforms.ActiveCfg = Debug|Any CPU
		{CFA681FF-1E84-45FC-9D1F-C14FDA66983B}.Debug64|Mixed Platforms.Build.0 = Debug|Any CPU
		{CFA681FF-1E84-45FC-9D1F-C14FDA66983B}.Debug64|x64.ActiveCfg = Debug|Any CPU
		{CFA681FF-1E84-45FC-9D1F-C14FDA66983B}.Debug64|x86.ActiveCfg = Debug|Any CPU
		{CFA681FF-1E84-45FC-9D1F-C14FDA66983B}.Release|Any CPU.ActiveCfg = Release|Any CPU
		{CFA681FF-1E84-45FC-9D1F-C14FDA66983B}.Release|Any CPU.Build.0 = Release|Any CPU
		{CFA681FF-1E84-45FC-9D1F-C14FDA66983B}.Release|Mixed Platforms.ActiveCfg = Release|Any CPU
		{CFA681FF-1E84-45FC-9D1F-C14FDA66983B}.Release|Mixed Platforms.Build.0 = Release|Any CPU
		{CFA681FF-1E84-45FC-9D1F-C14FDA66983B}.Release|x64.ActiveCfg = Release|Any CPU
		{CFA681FF-1E84-45FC-9D1F-C14FDA66983B}.Release|x86.ActiveCfg = Release|Any CPU
		{CFA681FF-1E84-45FC-9D1F-C14FDA66983B}.ReleaseX64|Any CPU.ActiveCfg = Release|Any CPU
		{CFA681FF-1E84-45FC-9D1F-C14FDA66983B}.ReleaseX64|Any CPU.Build.0 = Release|Any CPU
		{CFA681FF-1E84-45FC-9D1F-C14FDA66983B}.ReleaseX64|Mixed Platforms.ActiveCfg = Release|Any CPU
		{CFA681FF-1E84-45FC-9D1F-C14FDA66983B}.ReleaseX64|Mixed Platforms.Build.0 = Release|Any CPU
		{CFA681FF-1E84-45FC-9D1F-C14FDA66983B}.ReleaseX64|x64.ActiveCfg = Release|Any CPU
		{CFA681FF-1E84-45FC-9D1F-C14FDA66983B}.ReleaseX64|x86.ActiveCfg = Release|Any CPU
		{D0BB050A-0F4C-40F9-843C-8AD9BCEE850D}.Debug|Any CPU.ActiveCfg = Debug|Any CPU
		{D0BB050A-0F4C-40F9-843C-8AD9BCEE850D}.Debug|Any CPU.Build.0 = Debug|Any CPU
		{D0BB050A-0F4C-40F9-843C-8AD9BCEE850D}.Debug|Mixed Platforms.ActiveCfg = Debug|Any CPU
		{D0BB050A-0F4C-40F9-843C-8AD9BCEE850D}.Debug|Mixed Platforms.Build.0 = Debug|Any CPU
		{D0BB050A-0F4C-40F9-843C-8AD9BCEE850D}.Debug|x64.ActiveCfg = Debug|Any CPU
		{D0BB050A-0F4C-40F9-843C-8AD9BCEE850D}.Debug|x86.ActiveCfg = Debug|Any CPU
		{D0BB050A-0F4C-40F9-843C-8AD9BCEE850D}.Debug64|Any CPU.ActiveCfg = Debug|Any CPU
		{D0BB050A-0F4C-40F9-843C-8AD9BCEE850D}.Debug64|Any CPU.Build.0 = Debug|Any CPU
		{D0BB050A-0F4C-40F9-843C-8AD9BCEE850D}.Debug64|Mixed Platforms.ActiveCfg = Debug|Any CPU
		{D0BB050A-0F4C-40F9-843C-8AD9BCEE850D}.Debug64|Mixed Platforms.Build.0 = Debug|Any CPU
		{D0BB050A-0F4C-40F9-843C-8AD9BCEE850D}.Debug64|x64.ActiveCfg = Debug|Any CPU
		{D0BB050A-0F4C-40F9-843C-8AD9BCEE850D}.Debug64|x86.ActiveCfg = Debug|Any CPU
		{D0BB050A-0F4C-40F9-843C-8AD9BCEE850D}.Release|Any CPU.ActiveCfg = Release|Any CPU
		{D0BB050A-0F4C-40F9-843C-8AD9BCEE850D}.Release|Any CPU.Build.0 = Release|Any CPU
		{D0BB050A-0F4C-40F9-843C-8AD9BCEE850D}.Release|Mixed Platforms.ActiveCfg = Release|Any CPU
		{D0BB050A-0F4C-40F9-843C-8AD9BCEE850D}.Release|Mixed Platforms.Build.0 = Release|Any CPU
		{D0BB050A-0F4C-40F9-843C-8AD9BCEE850D}.Release|x64.ActiveCfg = Release|Any CPU
		{D0BB050A-0F4C-40F9-843C-8AD9BCEE850D}.Release|x86.ActiveCfg = Release|Any CPU
		{D0BB050A-0F4C-40F9-843C-8AD9BCEE850D}.ReleaseX64|Any CPU.ActiveCfg = Release|Any CPU
		{D0BB050A-0F4C-40F9-843C-8AD9BCEE850D}.ReleaseX64|Any CPU.Build.0 = Release|Any CPU
		{D0BB050A-0F4C-40F9-843C-8AD9BCEE850D}.ReleaseX64|Mixed Platforms.ActiveCfg = Release|Any CPU
		{D0BB050A-0F4C-40F9-843C-8AD9BCEE850D}.ReleaseX64|Mixed Platforms.Build.0 = Release|Any CPU
		{D0BB050A-0F4C-40F9-843C-8AD9BCEE850D}.ReleaseX64|x64.ActiveCfg = Release|Any CPU
		{D0BB050A-0F4C-40F9-843C-8AD9BCEE850D}.ReleaseX64|x86.ActiveCfg = Release|Any CPU
		{7044DAEF-75B7-4567-B956-4DD9A87A3156}.Debug|Any CPU.ActiveCfg = Debug|Any CPU
		{7044DAEF-75B7-4567-B956-4DD9A87A3156}.Debug|Any CPU.Build.0 = Debug|Any CPU
		{7044DAEF-75B7-4567-B956-4DD9A87A3156}.Debug|Mixed Platforms.ActiveCfg = Debug|Any CPU
		{7044DAEF-75B7-4567-B956-4DD9A87A3156}.Debug|Mixed Platforms.Build.0 = Debug|Any CPU
		{7044DAEF-75B7-4567-B956-4DD9A87A3156}.Debug|x64.ActiveCfg = Debug|Any CPU
		{7044DAEF-75B7-4567-B956-4DD9A87A3156}.Debug|x86.ActiveCfg = Debug|Any CPU
		{7044DAEF-75B7-4567-B956-4DD9A87A3156}.Debug64|Any CPU.ActiveCfg = Debug|Any CPU
		{7044DAEF-75B7-4567-B956-4DD9A87A3156}.Debug64|Any CPU.Build.0 = Debug|Any CPU
		{7044DAEF-75B7-4567-B956-4DD9A87A3156}.Debug64|Mixed Platforms.ActiveCfg = Debug|Any CPU
		{7044DAEF-75B7-4567-B956-4DD9A87A3156}.Debug64|Mixed Platforms.Build.0 = Debug|Any CPU
		{7044DAEF-75B7-4567-B956-4DD9A87A3156}.Debug64|x64.ActiveCfg = Debug|Any CPU
		{7044DAEF-75B7-4567-B956-4DD9A87A3156}.Debug64|x86.ActiveCfg = Debug|Any CPU
		{7044DAEF-75B7-4567-B956-4DD9A87A3156}.Release|Any CPU.ActiveCfg = Release|Any CPU
		{7044DAEF-75B7-4567-B956-4DD9A87A3156}.Release|Any CPU.Build.0 = Release|Any CPU
		{7044DAEF-75B7-4567-B956-4DD9A87A3156}.Release|Mixed Platforms.ActiveCfg = Release|Any CPU
		{7044DAEF-75B7-4567-B956-4DD9A87A3156}.Release|Mixed Platforms.Build.0 = Release|Any CPU
		{7044DAEF-75B7-4567-B956-4DD9A87A3156}.Release|x64.ActiveCfg = Release|Any CPU
		{7044DAEF-75B7-4567-B956-4DD9A87A3156}.Release|x86.ActiveCfg = Release|Any CPU
		{7044DAEF-75B7-4567-B956-4DD9A87A3156}.ReleaseX64|Any CPU.ActiveCfg = Release|Any CPU
		{7044DAEF-75B7-4567-B956-4DD9A87A3156}.ReleaseX64|Any CPU.Build.0 = Release|Any CPU
		{7044DAEF-75B7-4567-B956-4DD9A87A3156}.ReleaseX64|Mixed Platforms.ActiveCfg = Release|Any CPU
		{7044DAEF-75B7-4567-B956-4DD9A87A3156}.ReleaseX64|Mixed Platforms.Build.0 = Release|Any CPU
		{7044DAEF-75B7-4567-B956-4DD9A87A3156}.ReleaseX64|x64.ActiveCfg = Release|Any CPU
		{7044DAEF-75B7-4567-B956-4DD9A87A3156}.ReleaseX64|x86.ActiveCfg = Release|Any CPU
		{413E70ED-DEEC-4A99-BD13-1ABB307161CC}.Debug|Any CPU.ActiveCfg = Debug|Any CPU
		{413E70ED-DEEC-4A99-BD13-1ABB307161CC}.Debug|Any CPU.Build.0 = Debug|Any CPU
		{413E70ED-DEEC-4A99-BD13-1ABB307161CC}.Debug|Mixed Platforms.ActiveCfg = Debug|Any CPU
		{413E70ED-DEEC-4A99-BD13-1ABB307161CC}.Debug|Mixed Platforms.Build.0 = Debug|Any CPU
		{413E70ED-DEEC-4A99-BD13-1ABB307161CC}.Debug|x64.ActiveCfg = Debug|Any CPU
		{413E70ED-DEEC-4A99-BD13-1ABB307161CC}.Debug|x86.ActiveCfg = Debug|Any CPU
		{413E70ED-DEEC-4A99-BD13-1ABB307161CC}.Debug64|Any CPU.ActiveCfg = Debug|Any CPU
		{413E70ED-DEEC-4A99-BD13-1ABB307161CC}.Debug64|Any CPU.Build.0 = Debug|Any CPU
		{413E70ED-DEEC-4A99-BD13-1ABB307161CC}.Debug64|Mixed Platforms.ActiveCfg = Debug|Any CPU
		{413E70ED-DEEC-4A99-BD13-1ABB307161CC}.Debug64|Mixed Platforms.Build.0 = Debug|Any CPU
		{413E70ED-DEEC-4A99-BD13-1ABB307161CC}.Debug64|x64.ActiveCfg = Debug|Any CPU
		{413E70ED-DEEC-4A99-BD13-1ABB307161CC}.Debug64|x86.ActiveCfg = Debug|Any CPU
		{413E70ED-DEEC-4A99-BD13-1ABB307161CC}.Release|Any CPU.ActiveCfg = Release|Any CPU
		{413E70ED-DEEC-4A99-BD13-1ABB307161CC}.Release|Any CPU.Build.0 = Release|Any CPU
		{413E70ED-DEEC-4A99-BD13-1ABB307161CC}.Release|Mixed Platforms.ActiveCfg = Release|Any CPU
		{413E70ED-DEEC-4A99-BD13-1ABB307161CC}.Release|Mixed Platforms.Build.0 = Release|Any CPU
		{413E70ED-DEEC-4A99-BD13-1ABB307161CC}.Release|x64.ActiveCfg = Release|Any CPU
		{413E70ED-DEEC-4A99-BD13-1ABB307161CC}.Release|x86.ActiveCfg = Release|Any CPU
		{413E70ED-DEEC-4A99-BD13-1ABB307161CC}.ReleaseX64|Any CPU.ActiveCfg = Release|Any CPU
		{413E70ED-DEEC-4A99-BD13-1ABB307161CC}.ReleaseX64|Any CPU.Build.0 = Release|Any CPU
		{413E70ED-DEEC-4A99-BD13-1ABB307161CC}.ReleaseX64|Mixed Platforms.ActiveCfg = Release|Any CPU
		{413E70ED-DEEC-4A99-BD13-1ABB307161CC}.ReleaseX64|Mixed Platforms.Build.0 = Release|Any CPU
		{413E70ED-DEEC-4A99-BD13-1ABB307161CC}.ReleaseX64|x64.ActiveCfg = Release|Any CPU
		{413E70ED-DEEC-4A99-BD13-1ABB307161CC}.ReleaseX64|x86.ActiveCfg = Release|Any CPU
		{5C46B8CB-61D9-444E-A151-3656D99B378C}.Debug|Any CPU.ActiveCfg = Debug|Any CPU
		{5C46B8CB-61D9-444E-A151-3656D99B378C}.Debug|Any CPU.Build.0 = Debug|Any CPU
		{5C46B8CB-61D9-444E-A151-3656D99B378C}.Debug|Mixed Platforms.ActiveCfg = Debug|Any CPU
		{5C46B8CB-61D9-444E-A151-3656D99B378C}.Debug|Mixed Platforms.Build.0 = Debug|Any CPU
		{5C46B8CB-61D9-444E-A151-3656D99B378C}.Debug|x64.ActiveCfg = Debug|Any CPU
		{5C46B8CB-61D9-444E-A151-3656D99B378C}.Debug|x86.ActiveCfg = Debug|Any CPU
		{5C46B8CB-61D9-444E-A151-3656D99B378C}.Debug64|Any CPU.ActiveCfg = Debug|Any CPU
		{5C46B8CB-61D9-444E-A151-3656D99B378C}.Debug64|Any CPU.Build.0 = Debug|Any CPU
		{5C46B8CB-61D9-444E-A151-3656D99B378C}.Debug64|Mixed Platforms.ActiveCfg = Debug|Any CPU
		{5C46B8CB-61D9-444E-A151-3656D99B378C}.Debug64|Mixed Platforms.Build.0 = Debug|Any CPU
		{5C46B8CB-61D9-444E-A151-3656D99B378C}.Debug64|x64.ActiveCfg = Debug|Any CPU
		{5C46B8CB-61D9-444E-A151-3656D99B378C}.Debug64|x86.ActiveCfg = Debug|Any CPU
		{5C46B8CB-61D9-444E-A151-3656D99B378C}.Release|Any CPU.ActiveCfg = Release|Any CPU
		{5C46B8CB-61D9-444E-A151-3656D99B378C}.Release|Any CPU.Build.0 = Release|Any CPU
		{5C46B8CB-61D9-444E-A151-3656D99B378C}.Release|Mixed Platforms.ActiveCfg = Release|Any CPU
		{5C46B8CB-61D9-444E-A151-3656D99B378C}.Release|Mixed Platforms.Build.0 = Release|Any CPU
		{5C46B8CB-61D9-444E-A151-3656D99B378C}.Release|x64.ActiveCfg = Release|Any CPU
		{5C46B8CB-61D9-444E-A151-3656D99B378C}.Release|x86.ActiveCfg = Release|Any CPU
		{5C46B8CB-61D9-444E-A151-3656D99B378C}.ReleaseX64|Any CPU.ActiveCfg = Release|Any CPU
		{5C46B8CB-61D9-444E-A151-3656D99B378C}.ReleaseX64|Any CPU.Build.0 = Release|Any CPU
		{5C46B8CB-61D9-444E-A151-3656D99B378C}.ReleaseX64|Mixed Platforms.ActiveCfg = Release|Any CPU
		{5C46B8CB-61D9-444E-A151-3656D99B378C}.ReleaseX64|Mixed Platforms.Build.0 = Release|Any CPU
		{5C46B8CB-61D9-444E-A151-3656D99B378C}.ReleaseX64|x64.ActiveCfg = Release|Any CPU
		{5C46B8CB-61D9-444E-A151-3656D99B378C}.ReleaseX64|x86.ActiveCfg = Release|Any CPU
		{1D400772-60E3-4F96-98E9-C1E54E77660A}.Debug|Any CPU.ActiveCfg = Debug|Any CPU
		{1D400772-60E3-4F96-98E9-C1E54E77660A}.Debug|Any CPU.Build.0 = Debug|Any CPU
		{1D400772-60E3-4F96-98E9-C1E54E77660A}.Debug|Mixed Platforms.ActiveCfg = Debug|Any CPU
		{1D400772-60E3-4F96-98E9-C1E54E77660A}.Debug|Mixed Platforms.Build.0 = Debug|Any CPU
		{1D400772-60E3-4F96-98E9-C1E54E77660A}.Debug|x64.ActiveCfg = Debug|Any CPU
		{1D400772-60E3-4F96-98E9-C1E54E77660A}.Debug|x86.ActiveCfg = Debug|Any CPU
		{1D400772-60E3-4F96-98E9-C1E54E77660A}.Debug64|Any CPU.ActiveCfg = Debug|Any CPU
		{1D400772-60E3-4F96-98E9-C1E54E77660A}.Debug64|Any CPU.Build.0 = Debug|Any CPU
		{1D400772-60E3-4F96-98E9-C1E54E77660A}.Debug64|Mixed Platforms.ActiveCfg = Debug|Any CPU
		{1D400772-60E3-4F96-98E9-C1E54E77660A}.Debug64|Mixed Platforms.Build.0 = Debug|Any CPU
		{1D400772-60E3-4F96-98E9-C1E54E77660A}.Debug64|x64.ActiveCfg = Debug|Any CPU
		{1D400772-60E3-4F96-98E9-C1E54E77660A}.Debug64|x86.ActiveCfg = Debug|Any CPU
		{1D400772-60E3-4F96-98E9-C1E54E77660A}.Release|Any CPU.ActiveCfg = Release|Any CPU
		{1D400772-60E3-4F96-98E9-C1E54E77660A}.Release|Any CPU.Build.0 = Release|Any CPU
		{1D400772-60E3-4F96-98E9-C1E54E77660A}.Release|Mixed Platforms.ActiveCfg = Release|Any CPU
		{1D400772-60E3-4F96-98E9-C1E54E77660A}.Release|Mixed Platforms.Build.0 = Release|Any CPU
		{1D400772-60E3-4F96-98E9-C1E54E77660A}.Release|x64.ActiveCfg = Release|Any CPU
		{1D400772-60E3-4F96-98E9-C1E54E77660A}.Release|x86.ActiveCfg = Release|Any CPU
		{1D400772-60E3-4F96-98E9-C1E54E77660A}.ReleaseX64|Any CPU.ActiveCfg = Release|Any CPU
		{1D400772-60E3-4F96-98E9-C1E54E77660A}.ReleaseX64|Any CPU.Build.0 = Release|Any CPU
		{1D400772-60E3-4F96-98E9-C1E54E77660A}.ReleaseX64|Mixed Platforms.ActiveCfg = Release|Any CPU
		{1D400772-60E3-4F96-98E9-C1E54E77660A}.ReleaseX64|Mixed Platforms.Build.0 = Release|Any CPU
		{1D400772-60E3-4F96-98E9-C1E54E77660A}.ReleaseX64|x64.ActiveCfg = Release|Any CPU
		{1D400772-60E3-4F96-98E9-C1E54E77660A}.ReleaseX64|x86.ActiveCfg = Release|Any CPU
		{36CC4686-303F-4E16-897F-0D3491E2B95A}.Debug|Any CPU.ActiveCfg = Debug|Any CPU
		{36CC4686-303F-4E16-897F-0D3491E2B95A}.Debug|Any CPU.Build.0 = Debug|Any CPU
		{36CC4686-303F-4E16-897F-0D3491E2B95A}.Debug|Mixed Platforms.ActiveCfg = Debug|Any CPU
		{36CC4686-303F-4E16-897F-0D3491E2B95A}.Debug|Mixed Platforms.Build.0 = Debug|Any CPU
		{36CC4686-303F-4E16-897F-0D3491E2B95A}.Debug|x64.ActiveCfg = Debug|Any CPU
		{36CC4686-303F-4E16-897F-0D3491E2B95A}.Debug|x86.ActiveCfg = Debug|Any CPU
		{36CC4686-303F-4E16-897F-0D3491E2B95A}.Debug64|Any CPU.ActiveCfg = Debug|Any CPU
		{36CC4686-303F-4E16-897F-0D3491E2B95A}.Debug64|Any CPU.Build.0 = Debug|Any CPU
		{36CC4686-303F-4E16-897F-0D3491E2B95A}.Debug64|Mixed Platforms.ActiveCfg = Debug|Any CPU
		{36CC4686-303F-4E16-897F-0D3491E2B95A}.Debug64|Mixed Platforms.Build.0 = Debug|Any CPU
		{36CC4686-303F-4E16-897F-0D3491E2B95A}.Debug64|x64.ActiveCfg = Debug|Any CPU
		{36CC4686-303F-4E16-897F-0D3491E2B95A}.Debug64|x86.ActiveCfg = Debug|Any CPU
		{36CC4686-303F-4E16-897F-0D3491E2B95A}.Release|Any CPU.ActiveCfg = Release|Any CPU
		{36CC4686-303F-4E16-897F-0D3491E2B95A}.Release|Any CPU.Build.0 = Release|Any CPU
		{36CC4686-303F-4E16-897F-0D3491E2B95A}.Release|Mixed Platforms.ActiveCfg = Release|Any CPU
		{36CC4686-303F-4E16-897F-0D3491E2B95A}.Release|Mixed Platforms.Build.0 = Release|Any CPU
		{36CC4686-303F-4E16-897F-0D3491E2B95A}.Release|x64.ActiveCfg = Release|Any CPU
		{36CC4686-303F-4E16-897F-0D3491E2B95A}.Release|x86.ActiveCfg = Release|Any CPU
		{36CC4686-303F-4E16-897F-0D3491E2B95A}.ReleaseX64|Any CPU.ActiveCfg = Release|Any CPU
		{36CC4686-303F-4E16-897F-0D3491E2B95A}.ReleaseX64|Any CPU.Build.0 = Release|Any CPU
		{36CC4686-303F-4E16-897F-0D3491E2B95A}.ReleaseX64|Mixed Platforms.ActiveCfg = Release|Any CPU
		{36CC4686-303F-4E16-897F-0D3491E2B95A}.ReleaseX64|Mixed Platforms.Build.0 = Release|Any CPU
		{36CC4686-303F-4E16-897F-0D3491E2B95A}.ReleaseX64|x64.ActiveCfg = Release|Any CPU
		{36CC4686-303F-4E16-897F-0D3491E2B95A}.ReleaseX64|x86.ActiveCfg = Release|Any CPU
		{6831D8CB-1A31-45A8-AE7C-D2703CB8F603}.Debug|Any CPU.ActiveCfg = Debug|Any CPU
		{6831D8CB-1A31-45A8-AE7C-D2703CB8F603}.Debug|Any CPU.Build.0 = Debug|Any CPU
		{6831D8CB-1A31-45A8-AE7C-D2703CB8F603}.Debug|Mixed Platforms.ActiveCfg = Debug|Any CPU
		{6831D8CB-1A31-45A8-AE7C-D2703CB8F603}.Debug|Mixed Platforms.Build.0 = Debug|Any CPU
		{6831D8CB-1A31-45A8-AE7C-D2703CB8F603}.Debug|x64.ActiveCfg = Debug|Any CPU
		{6831D8CB-1A31-45A8-AE7C-D2703CB8F603}.Debug|x86.ActiveCfg = Debug|Any CPU
		{6831D8CB-1A31-45A8-AE7C-D2703CB8F603}.Debug64|Any CPU.ActiveCfg = Debug|Any CPU
		{6831D8CB-1A31-45A8-AE7C-D2703CB8F603}.Debug64|Any CPU.Build.0 = Debug|Any CPU
		{6831D8CB-1A31-45A8-AE7C-D2703CB8F603}.Debug64|Mixed Platforms.ActiveCfg = Debug|Any CPU
		{6831D8CB-1A31-45A8-AE7C-D2703CB8F603}.Debug64|Mixed Platforms.Build.0 = Debug|Any CPU
		{6831D8CB-1A31-45A8-AE7C-D2703CB8F603}.Debug64|x64.ActiveCfg = Debug|Any CPU
		{6831D8CB-1A31-45A8-AE7C-D2703CB8F603}.Debug64|x86.ActiveCfg = Debug|Any CPU
		{6831D8CB-1A31-45A8-AE7C-D2703CB8F603}.Release|Any CPU.ActiveCfg = Release|Any CPU
		{6831D8CB-1A31-45A8-AE7C-D2703CB8F603}.Release|Any CPU.Build.0 = Release|Any CPU
		{6831D8CB-1A31-45A8-AE7C-D2703CB8F603}.Release|Mixed Platforms.ActiveCfg = Release|Any CPU
		{6831D8CB-1A31-45A8-AE7C-D2703CB8F603}.Release|Mixed Platforms.Build.0 = Release|Any CPU
		{6831D8CB-1A31-45A8-AE7C-D2703CB8F603}.Release|x64.ActiveCfg = Release|Any CPU
		{6831D8CB-1A31-45A8-AE7C-D2703CB8F603}.Release|x86.ActiveCfg = Release|Any CPU
		{6831D8CB-1A31-45A8-AE7C-D2703CB8F603}.ReleaseX64|Any CPU.ActiveCfg = Release|Any CPU
		{6831D8CB-1A31-45A8-AE7C-D2703CB8F603}.ReleaseX64|Any CPU.Build.0 = Release|Any CPU
		{6831D8CB-1A31-45A8-AE7C-D2703CB8F603}.ReleaseX64|Mixed Platforms.ActiveCfg = Release|Any CPU
		{6831D8CB-1A31-45A8-AE7C-D2703CB8F603}.ReleaseX64|Mixed Platforms.Build.0 = Release|Any CPU
		{6831D8CB-1A31-45A8-AE7C-D2703CB8F603}.ReleaseX64|x64.ActiveCfg = Release|Any CPU
		{6831D8CB-1A31-45A8-AE7C-D2703CB8F603}.ReleaseX64|x86.ActiveCfg = Release|Any CPU
		{4FD8D658-BDD6-4BD5-B734-1E5312B86894}.Debug|Any CPU.ActiveCfg = Debug|Any CPU
		{4FD8D658-BDD6-4BD5-B734-1E5312B86894}.Debug|Any CPU.Build.0 = Debug|Any CPU
		{4FD8D658-BDD6-4BD5-B734-1E5312B86894}.Debug|Mixed Platforms.ActiveCfg = Debug|Any CPU
		{4FD8D658-BDD6-4BD5-B734-1E5312B86894}.Debug|Mixed Platforms.Build.0 = Debug|Any CPU
		{4FD8D658-BDD6-4BD5-B734-1E5312B86894}.Debug|x64.ActiveCfg = Debug|Any CPU
		{4FD8D658-BDD6-4BD5-B734-1E5312B86894}.Debug|x86.ActiveCfg = Debug|Any CPU
		{4FD8D658-BDD6-4BD5-B734-1E5312B86894}.Debug64|Any CPU.ActiveCfg = Debug|Any CPU
		{4FD8D658-BDD6-4BD5-B734-1E5312B86894}.Debug64|Any CPU.Build.0 = Debug|Any CPU
		{4FD8D658-BDD6-4BD5-B734-1E5312B86894}.Debug64|Mixed Platforms.ActiveCfg = Debug|Any CPU
		{4FD8D658-BDD6-4BD5-B734-1E5312B86894}.Debug64|Mixed Platforms.Build.0 = Debug|Any CPU
		{4FD8D658-BDD6-4BD5-B734-1E5312B86894}.Debug64|x64.ActiveCfg = Debug|Any CPU
		{4FD8D658-BDD6-4BD5-B734-1E5312B86894}.Debug64|x86.ActiveCfg = Debug|Any CPU
		{4FD8D658-BDD6-4BD5-B734-1E5312B86894}.Release|Any CPU.ActiveCfg = Release|Any CPU
		{4FD8D658-BDD6-4BD5-B734-1E5312B86894}.Release|Any CPU.Build.0 = Release|Any CPU
		{4FD8D658-BDD6-4BD5-B734-1E5312B86894}.Release|Mixed Platforms.ActiveCfg = Release|Any CPU
		{4FD8D658-BDD6-4BD5-B734-1E5312B86894}.Release|Mixed Platforms.Build.0 = Release|Any CPU
		{4FD8D658-BDD6-4BD5-B734-1E5312B86894}.Release|x64.ActiveCfg = Release|Any CPU
		{4FD8D658-BDD6-4BD5-B734-1E5312B86894}.Release|x86.ActiveCfg = Release|Any CPU
		{4FD8D658-BDD6-4BD5-B734-1E5312B86894}.ReleaseX64|Any CPU.ActiveCfg = Release|Any CPU
		{4FD8D658-BDD6-4BD5-B734-1E5312B86894}.ReleaseX64|Any CPU.Build.0 = Release|Any CPU
		{4FD8D658-BDD6-4BD5-B734-1E5312B86894}.ReleaseX64|Mixed Platforms.ActiveCfg = Release|Any CPU
		{4FD8D658-BDD6-4BD5-B734-1E5312B86894}.ReleaseX64|Mixed Platforms.Build.0 = Release|Any CPU
		{4FD8D658-BDD6-4BD5-B734-1E5312B86894}.ReleaseX64|x64.ActiveCfg = Release|Any CPU
		{4FD8D658-BDD6-4BD5-B734-1E5312B86894}.ReleaseX64|x86.ActiveCfg = Release|Any CPU
		{2358B6B1-B877-442C-81EF-06DD4DDE51E6}.Debug|Any CPU.ActiveCfg = Debug|Any CPU
		{2358B6B1-B877-442C-81EF-06DD4DDE51E6}.Debug|Any CPU.Build.0 = Debug|Any CPU
		{2358B6B1-B877-442C-81EF-06DD4DDE51E6}.Debug|Mixed Platforms.ActiveCfg = Debug|Any CPU
		{2358B6B1-B877-442C-81EF-06DD4DDE51E6}.Debug|Mixed Platforms.Build.0 = Debug|Any CPU
		{2358B6B1-B877-442C-81EF-06DD4DDE51E6}.Debug|x64.ActiveCfg = Debug|Any CPU
		{2358B6B1-B877-442C-81EF-06DD4DDE51E6}.Debug|x86.ActiveCfg = Debug|Any CPU
		{2358B6B1-B877-442C-81EF-06DD4DDE51E6}.Debug64|Any CPU.ActiveCfg = Debug|Any CPU
		{2358B6B1-B877-442C-81EF-06DD4DDE51E6}.Debug64|Any CPU.Build.0 = Debug|Any CPU
		{2358B6B1-B877-442C-81EF-06DD4DDE51E6}.Debug64|Mixed Platforms.ActiveCfg = Debug|Any CPU
		{2358B6B1-B877-442C-81EF-06DD4DDE51E6}.Debug64|Mixed Platforms.Build.0 = Debug|Any CPU
		{2358B6B1-B877-442C-81EF-06DD4DDE51E6}.Debug64|x64.ActiveCfg = Debug|Any CPU
		{2358B6B1-B877-442C-81EF-06DD4DDE51E6}.Debug64|x86.ActiveCfg = Debug|Any CPU
		{2358B6B1-B877-442C-81EF-06DD4DDE51E6}.Release|Any CPU.ActiveCfg = Release|Any CPU
		{2358B6B1-B877-442C-81EF-06DD4DDE51E6}.Release|Any CPU.Build.0 = Release|Any CPU
		{2358B6B1-B877-442C-81EF-06DD4DDE51E6}.Release|Mixed Platforms.ActiveCfg = Release|Any CPU
		{2358B6B1-B877-442C-81EF-06DD4DDE51E6}.Release|Mixed Platforms.Build.0 = Release|Any CPU
		{2358B6B1-B877-442C-81EF-06DD4DDE51E6}.Release|x64.ActiveCfg = Release|Any CPU
		{2358B6B1-B877-442C-81EF-06DD4DDE51E6}.Release|x86.ActiveCfg = Release|Any CPU
		{2358B6B1-B877-442C-81EF-06DD4DDE51E6}.ReleaseX64|Any CPU.ActiveCfg = Release|Any CPU
		{2358B6B1-B877-442C-81EF-06DD4DDE51E6}.ReleaseX64|Any CPU.Build.0 = Release|Any CPU
		{2358B6B1-B877-442C-81EF-06DD4DDE51E6}.ReleaseX64|Mixed Platforms.ActiveCfg = Release|Any CPU
		{2358B6B1-B877-442C-81EF-06DD4DDE51E6}.ReleaseX64|Mixed Platforms.Build.0 = Release|Any CPU
		{2358B6B1-B877-442C-81EF-06DD4DDE51E6}.ReleaseX64|x64.ActiveCfg = Release|Any CPU
		{2358B6B1-B877-442C-81EF-06DD4DDE51E6}.ReleaseX64|x86.ActiveCfg = Release|Any CPU
		{FC8DC39D-1D58-4150-A306-54F9ADB5F8DB}.Debug|Any CPU.ActiveCfg = Debug|Any CPU
		{FC8DC39D-1D58-4150-A306-54F9ADB5F8DB}.Debug|Any CPU.Build.0 = Debug|Any CPU
		{FC8DC39D-1D58-4150-A306-54F9ADB5F8DB}.Debug|Mixed Platforms.ActiveCfg = Debug|Any CPU
		{FC8DC39D-1D58-4150-A306-54F9ADB5F8DB}.Debug|Mixed Platforms.Build.0 = Debug|Any CPU
		{FC8DC39D-1D58-4150-A306-54F9ADB5F8DB}.Debug|x64.ActiveCfg = Debug|Any CPU
		{FC8DC39D-1D58-4150-A306-54F9ADB5F8DB}.Debug|x86.ActiveCfg = Debug|Any CPU
		{FC8DC39D-1D58-4150-A306-54F9ADB5F8DB}.Debug64|Any CPU.ActiveCfg = Debug|Any CPU
		{FC8DC39D-1D58-4150-A306-54F9ADB5F8DB}.Debug64|Any CPU.Build.0 = Debug|Any CPU
		{FC8DC39D-1D58-4150-A306-54F9ADB5F8DB}.Debug64|Mixed Platforms.ActiveCfg = Debug|Any CPU
		{FC8DC39D-1D58-4150-A306-54F9ADB5F8DB}.Debug64|Mixed Platforms.Build.0 = Debug|Any CPU
		{FC8DC39D-1D58-4150-A306-54F9ADB5F8DB}.Debug64|x64.ActiveCfg = Debug|Any CPU
		{FC8DC39D-1D58-4150-A306-54F9ADB5F8DB}.Debug64|x86.ActiveCfg = Debug|Any CPU
		{FC8DC39D-1D58-4150-A306-54F9ADB5F8DB}.Release|Any CPU.ActiveCfg = Release|Any CPU
		{FC8DC39D-1D58-4150-A306-54F9ADB5F8DB}.Release|Any CPU.Build.0 = Release|Any CPU
		{FC8DC39D-1D58-4150-A306-54F9ADB5F8DB}.Release|Mixed Platforms.ActiveCfg = Release|Any CPU
		{FC8DC39D-1D58-4150-A306-54F9ADB5F8DB}.Release|Mixed Platforms.Build.0 = Release|Any CPU
		{FC8DC39D-1D58-4150-A306-54F9ADB5F8DB}.Release|x64.ActiveCfg = Release|Any CPU
		{FC8DC39D-1D58-4150-A306-54F9ADB5F8DB}.Release|x86.ActiveCfg = Release|Any CPU
		{FC8DC39D-1D58-4150-A306-54F9ADB5F8DB}.ReleaseX64|Any CPU.ActiveCfg = Release|Any CPU
		{FC8DC39D-1D58-4150-A306-54F9ADB5F8DB}.ReleaseX64|Any CPU.Build.0 = Release|Any CPU
		{FC8DC39D-1D58-4150-A306-54F9ADB5F8DB}.ReleaseX64|Mixed Platforms.ActiveCfg = Release|Any CPU
		{FC8DC39D-1D58-4150-A306-54F9ADB5F8DB}.ReleaseX64|Mixed Platforms.Build.0 = Release|Any CPU
		{FC8DC39D-1D58-4150-A306-54F9ADB5F8DB}.ReleaseX64|x64.ActiveCfg = Release|Any CPU
		{FC8DC39D-1D58-4150-A306-54F9ADB5F8DB}.ReleaseX64|x86.ActiveCfg = Release|Any CPU
		{EDC20B55-F4C1-4818-A787-36971CB1F82C}.Debug|Any CPU.ActiveCfg = Debug|Any CPU
		{EDC20B55-F4C1-4818-A787-36971CB1F82C}.Debug|Any CPU.Build.0 = Debug|Any CPU
		{EDC20B55-F4C1-4818-A787-36971CB1F82C}.Debug|Mixed Platforms.ActiveCfg = Debug|Any CPU
		{EDC20B55-F4C1-4818-A787-36971CB1F82C}.Debug|Mixed Platforms.Build.0 = Debug|Any CPU
		{EDC20B55-F4C1-4818-A787-36971CB1F82C}.Debug|x64.ActiveCfg = Debug|Any CPU
		{EDC20B55-F4C1-4818-A787-36971CB1F82C}.Debug|x86.ActiveCfg = Debug|Any CPU
		{EDC20B55-F4C1-4818-A787-36971CB1F82C}.Debug64|Any CPU.ActiveCfg = Debug|Any CPU
		{EDC20B55-F4C1-4818-A787-36971CB1F82C}.Debug64|Any CPU.Build.0 = Debug|Any CPU
		{EDC20B55-F4C1-4818-A787-36971CB1F82C}.Debug64|Mixed Platforms.ActiveCfg = Debug|Any CPU
		{EDC20B55-F4C1-4818-A787-36971CB1F82C}.Debug64|Mixed Platforms.Build.0 = Debug|Any CPU
		{EDC20B55-F4C1-4818-A787-36971CB1F82C}.Debug64|x64.ActiveCfg = Debug|Any CPU
		{EDC20B55-F4C1-4818-A787-36971CB1F82C}.Debug64|x86.ActiveCfg = Debug|Any CPU
		{EDC20B55-F4C1-4818-A787-36971CB1F82C}.Release|Any CPU.ActiveCfg = Release|Any CPU
		{EDC20B55-F4C1-4818-A787-36971CB1F82C}.Release|Any CPU.Build.0 = Release|Any CPU
		{EDC20B55-F4C1-4818-A787-36971CB1F82C}.Release|Mixed Platforms.ActiveCfg = Release|Any CPU
		{EDC20B55-F4C1-4818-A787-36971CB1F82C}.Release|Mixed Platforms.Build.0 = Release|Any CPU
		{EDC20B55-F4C1-4818-A787-36971CB1F82C}.Release|x64.ActiveCfg = Release|Any CPU
		{EDC20B55-F4C1-4818-A787-36971CB1F82C}.Release|x86.ActiveCfg = Release|Any CPU
		{EDC20B55-F4C1-4818-A787-36971CB1F82C}.ReleaseX64|Any CPU.ActiveCfg = Release|Any CPU
		{EDC20B55-F4C1-4818-A787-36971CB1F82C}.ReleaseX64|Any CPU.Build.0 = Release|Any CPU
		{EDC20B55-F4C1-4818-A787-36971CB1F82C}.ReleaseX64|Mixed Platforms.ActiveCfg = Release|Any CPU
		{EDC20B55-F4C1-4818-A787-36971CB1F82C}.ReleaseX64|Mixed Platforms.Build.0 = Release|Any CPU
		{EDC20B55-F4C1-4818-A787-36971CB1F82C}.ReleaseX64|x64.ActiveCfg = Release|Any CPU
		{EDC20B55-F4C1-4818-A787-36971CB1F82C}.ReleaseX64|x86.ActiveCfg = Release|Any CPU
		{A928AB45-D887-48B2-8C32-D9D9A0E4549F}.Debug|Any CPU.ActiveCfg = Debug|Any CPU
		{A928AB45-D887-48B2-8C32-D9D9A0E4549F}.Debug|Any CPU.Build.0 = Debug|Any CPU
		{A928AB45-D887-48B2-8C32-D9D9A0E4549F}.Debug|Mixed Platforms.ActiveCfg = Debug|Any CPU
		{A928AB45-D887-48B2-8C32-D9D9A0E4549F}.Debug|Mixed Platforms.Build.0 = Debug|Any CPU
		{A928AB45-D887-48B2-8C32-D9D9A0E4549F}.Debug|x64.ActiveCfg = Debug|Any CPU
		{A928AB45-D887-48B2-8C32-D9D9A0E4549F}.Debug|x86.ActiveCfg = Debug|Any CPU
		{A928AB45-D887-48B2-8C32-D9D9A0E4549F}.Debug64|Any CPU.ActiveCfg = Debug|Any CPU
		{A928AB45-D887-48B2-8C32-D9D9A0E4549F}.Debug64|Any CPU.Build.0 = Debug|Any CPU
		{A928AB45-D887-48B2-8C32-D9D9A0E4549F}.Debug64|Mixed Platforms.ActiveCfg = Debug|Any CPU
		{A928AB45-D887-48B2-8C32-D9D9A0E4549F}.Debug64|Mixed Platforms.Build.0 = Debug|Any CPU
		{A928AB45-D887-48B2-8C32-D9D9A0E4549F}.Debug64|x64.ActiveCfg = Debug|Any CPU
		{A928AB45-D887-48B2-8C32-D9D9A0E4549F}.Debug64|x86.ActiveCfg = Debug|Any CPU
		{A928AB45-D887-48B2-8C32-D9D9A0E4549F}.Release|Any CPU.ActiveCfg = Release|Any CPU
		{A928AB45-D887-48B2-8C32-D9D9A0E4549F}.Release|Any CPU.Build.0 = Release|Any CPU
		{A928AB45-D887-48B2-8C32-D9D9A0E4549F}.Release|Mixed Platforms.ActiveCfg = Release|Any CPU
		{A928AB45-D887-48B2-8C32-D9D9A0E4549F}.Release|Mixed Platforms.Build.0 = Release|Any CPU
		{A928AB45-D887-48B2-8C32-D9D9A0E4549F}.Release|x64.ActiveCfg = Release|Any CPU
		{A928AB45-D887-48B2-8C32-D9D9A0E4549F}.Release|x86.ActiveCfg = Release|Any CPU
		{A928AB45-D887-48B2-8C32-D9D9A0E4549F}.ReleaseX64|Any CPU.ActiveCfg = Release|Any CPU
		{A928AB45-D887-48B2-8C32-D9D9A0E4549F}.ReleaseX64|Any CPU.Build.0 = Release|Any CPU
		{A928AB45-D887-48B2-8C32-D9D9A0E4549F}.ReleaseX64|Mixed Platforms.ActiveCfg = Release|Any CPU
		{A928AB45-D887-48B2-8C32-D9D9A0E4549F}.ReleaseX64|Mixed Platforms.Build.0 = Release|Any CPU
		{A928AB45-D887-48B2-8C32-D9D9A0E4549F}.ReleaseX64|x64.ActiveCfg = Release|Any CPU
		{A928AB45-D887-48B2-8C32-D9D9A0E4549F}.ReleaseX64|x86.ActiveCfg = Release|Any CPU
		{0C12D678-CE96-4CC8-9C7C-17910B782163}.Debug|Any CPU.ActiveCfg = Debug|Any CPU
		{0C12D678-CE96-4CC8-9C7C-17910B782163}.Debug|Any CPU.Build.0 = Debug|Any CPU
		{0C12D678-CE96-4CC8-9C7C-17910B782163}.Debug|Mixed Platforms.ActiveCfg = Debug|Any CPU
		{0C12D678-CE96-4CC8-9C7C-17910B782163}.Debug|Mixed Platforms.Build.0 = Debug|Any CPU
		{0C12D678-CE96-4CC8-9C7C-17910B782163}.Debug|x64.ActiveCfg = Debug|Any CPU
		{0C12D678-CE96-4CC8-9C7C-17910B782163}.Debug|x86.ActiveCfg = Debug|Any CPU
		{0C12D678-CE96-4CC8-9C7C-17910B782163}.Debug64|Any CPU.ActiveCfg = Debug|Any CPU
		{0C12D678-CE96-4CC8-9C7C-17910B782163}.Debug64|Any CPU.Build.0 = Debug|Any CPU
		{0C12D678-CE96-4CC8-9C7C-17910B782163}.Debug64|Mixed Platforms.ActiveCfg = Debug|Any CPU
		{0C12D678-CE96-4CC8-9C7C-17910B782163}.Debug64|Mixed Platforms.Build.0 = Debug|Any CPU
		{0C12D678-CE96-4CC8-9C7C-17910B782163}.Debug64|x64.ActiveCfg = Debug|Any CPU
		{0C12D678-CE96-4CC8-9C7C-17910B782163}.Debug64|x86.ActiveCfg = Debug|Any CPU
		{0C12D678-CE96-4CC8-9C7C-17910B782163}.Release|Any CPU.ActiveCfg = Release|Any CPU
		{0C12D678-CE96-4CC8-9C7C-17910B782163}.Release|Any CPU.Build.0 = Release|Any CPU
		{0C12D678-CE96-4CC8-9C7C-17910B782163}.Release|Mixed Platforms.ActiveCfg = Release|Any CPU
		{0C12D678-CE96-4CC8-9C7C-17910B782163}.Release|Mixed Platforms.Build.0 = Release|Any CPU
		{0C12D678-CE96-4CC8-9C7C-17910B782163}.Release|x64.ActiveCfg = Release|Any CPU
		{0C12D678-CE96-4CC8-9C7C-17910B782163}.Release|x86.ActiveCfg = Release|Any CPU
		{0C12D678-CE96-4CC8-9C7C-17910B782163}.ReleaseX64|Any CPU.ActiveCfg = Release|Any CPU
		{0C12D678-CE96-4CC8-9C7C-17910B782163}.ReleaseX64|Any CPU.Build.0 = Release|Any CPU
		{0C12D678-CE96-4CC8-9C7C-17910B782163}.ReleaseX64|Mixed Platforms.ActiveCfg = Release|Any CPU
		{0C12D678-CE96-4CC8-9C7C-17910B782163}.ReleaseX64|Mixed Platforms.Build.0 = Release|Any CPU
		{0C12D678-CE96-4CC8-9C7C-17910B782163}.ReleaseX64|x64.ActiveCfg = Release|Any CPU
		{0C12D678-CE96-4CC8-9C7C-17910B782163}.ReleaseX64|x86.ActiveCfg = Release|Any CPU
		{1967B1A4-4759-4FC5-8D1B-F659CA40C144}.Debug|Any CPU.ActiveCfg = Debug|Any CPU
		{1967B1A4-4759-4FC5-8D1B-F659CA40C144}.Debug|Any CPU.Build.0 = Debug|Any CPU
		{1967B1A4-4759-4FC5-8D1B-F659CA40C144}.Debug|Mixed Platforms.ActiveCfg = Debug|Any CPU
		{1967B1A4-4759-4FC5-8D1B-F659CA40C144}.Debug|Mixed Platforms.Build.0 = Debug|Any CPU
		{1967B1A4-4759-4FC5-8D1B-F659CA40C144}.Debug|x64.ActiveCfg = Debug|Any CPU
		{1967B1A4-4759-4FC5-8D1B-F659CA40C144}.Debug|x86.ActiveCfg = Debug|Any CPU
		{1967B1A4-4759-4FC5-8D1B-F659CA40C144}.Debug64|Any CPU.ActiveCfg = Debug|Any CPU
		{1967B1A4-4759-4FC5-8D1B-F659CA40C144}.Debug64|Any CPU.Build.0 = Debug|Any CPU
		{1967B1A4-4759-4FC5-8D1B-F659CA40C144}.Debug64|Mixed Platforms.ActiveCfg = Debug|Any CPU
		{1967B1A4-4759-4FC5-8D1B-F659CA40C144}.Debug64|Mixed Platforms.Build.0 = Debug|Any CPU
		{1967B1A4-4759-4FC5-8D1B-F659CA40C144}.Debug64|x64.ActiveCfg = Debug|Any CPU
		{1967B1A4-4759-4FC5-8D1B-F659CA40C144}.Debug64|x86.ActiveCfg = Debug|Any CPU
		{1967B1A4-4759-4FC5-8D1B-F659CA40C144}.Release|Any CPU.ActiveCfg = Release|Any CPU
		{1967B1A4-4759-4FC5-8D1B-F659CA40C144}.Release|Any CPU.Build.0 = Release|Any CPU
		{1967B1A4-4759-4FC5-8D1B-F659CA40C144}.Release|Mixed Platforms.ActiveCfg = Release|Any CPU
		{1967B1A4-4759-4FC5-8D1B-F659CA40C144}.Release|Mixed Platforms.Build.0 = Release|Any CPU
		{1967B1A4-4759-4FC5-8D1B-F659CA40C144}.Release|x64.ActiveCfg = Release|Any CPU
		{1967B1A4-4759-4FC5-8D1B-F659CA40C144}.Release|x86.ActiveCfg = Release|Any CPU
		{1967B1A4-4759-4FC5-8D1B-F659CA40C144}.ReleaseX64|Any CPU.ActiveCfg = Release|Any CPU
		{1967B1A4-4759-4FC5-8D1B-F659CA40C144}.ReleaseX64|Any CPU.Build.0 = Release|Any CPU
		{1967B1A4-4759-4FC5-8D1B-F659CA40C144}.ReleaseX64|Mixed Platforms.ActiveCfg = Release|Any CPU
		{1967B1A4-4759-4FC5-8D1B-F659CA40C144}.ReleaseX64|Mixed Platforms.Build.0 = Release|Any CPU
		{1967B1A4-4759-4FC5-8D1B-F659CA40C144}.ReleaseX64|x64.ActiveCfg = Release|Any CPU
		{1967B1A4-4759-4FC5-8D1B-F659CA40C144}.ReleaseX64|x86.ActiveCfg = Release|Any CPU
		{11770662-9360-4D0A-B78F-1BE3515BD5BE}.Debug|Any CPU.ActiveCfg = Debug|Any CPU
		{11770662-9360-4D0A-B78F-1BE3515BD5BE}.Debug|Any CPU.Build.0 = Debug|Any CPU
		{11770662-9360-4D0A-B78F-1BE3515BD5BE}.Debug|Mixed Platforms.ActiveCfg = Debug|Any CPU
		{11770662-9360-4D0A-B78F-1BE3515BD5BE}.Debug|Mixed Platforms.Build.0 = Debug|Any CPU
		{11770662-9360-4D0A-B78F-1BE3515BD5BE}.Debug|x64.ActiveCfg = Debug|Any CPU
		{11770662-9360-4D0A-B78F-1BE3515BD5BE}.Debug|x86.ActiveCfg = Debug|Any CPU
		{11770662-9360-4D0A-B78F-1BE3515BD5BE}.Debug64|Any CPU.ActiveCfg = Debug|Any CPU
		{11770662-9360-4D0A-B78F-1BE3515BD5BE}.Debug64|Any CPU.Build.0 = Debug|Any CPU
		{11770662-9360-4D0A-B78F-1BE3515BD5BE}.Debug64|Mixed Platforms.ActiveCfg = Debug|Any CPU
		{11770662-9360-4D0A-B78F-1BE3515BD5BE}.Debug64|Mixed Platforms.Build.0 = Debug|Any CPU
		{11770662-9360-4D0A-B78F-1BE3515BD5BE}.Debug64|x64.ActiveCfg = Debug|Any CPU
		{11770662-9360-4D0A-B78F-1BE3515BD5BE}.Debug64|x86.ActiveCfg = Debug|Any CPU
		{11770662-9360-4D0A-B78F-1BE3515BD5BE}.Release|Any CPU.ActiveCfg = Release|Any CPU
		{11770662-9360-4D0A-B78F-1BE3515BD5BE}.Release|Any CPU.Build.0 = Release|Any CPU
		{11770662-9360-4D0A-B78F-1BE3515BD5BE}.Release|Mixed Platforms.ActiveCfg = Release|Any CPU
		{11770662-9360-4D0A-B78F-1BE3515BD5BE}.Release|Mixed Platforms.Build.0 = Release|Any CPU
		{11770662-9360-4D0A-B78F-1BE3515BD5BE}.Release|x64.ActiveCfg = Release|Any CPU
		{11770662-9360-4D0A-B78F-1BE3515BD5BE}.Release|x86.ActiveCfg = Release|Any CPU
		{11770662-9360-4D0A-B78F-1BE3515BD5BE}.ReleaseX64|Any CPU.ActiveCfg = Release|Any CPU
		{11770662-9360-4D0A-B78F-1BE3515BD5BE}.ReleaseX64|Any CPU.Build.0 = Release|Any CPU
		{11770662-9360-4D0A-B78F-1BE3515BD5BE}.ReleaseX64|Mixed Platforms.ActiveCfg = Release|Any CPU
		{11770662-9360-4D0A-B78F-1BE3515BD5BE}.ReleaseX64|Mixed Platforms.Build.0 = Release|Any CPU
		{11770662-9360-4D0A-B78F-1BE3515BD5BE}.ReleaseX64|x64.ActiveCfg = Release|Any CPU
		{11770662-9360-4D0A-B78F-1BE3515BD5BE}.ReleaseX64|x86.ActiveCfg = Release|Any CPU
		{79D33504-60F0-4B28-9713-749BD4ABBEBD}.Debug|Any CPU.ActiveCfg = Debug|Any CPU
		{79D33504-60F0-4B28-9713-749BD4ABBEBD}.Debug|Any CPU.Build.0 = Debug|Any CPU
		{79D33504-60F0-4B28-9713-749BD4ABBEBD}.Debug|Mixed Platforms.ActiveCfg = Debug|Any CPU
		{79D33504-60F0-4B28-9713-749BD4ABBEBD}.Debug|Mixed Platforms.Build.0 = Debug|Any CPU
		{79D33504-60F0-4B28-9713-749BD4ABBEBD}.Debug|x64.ActiveCfg = Debug|Any CPU
		{79D33504-60F0-4B28-9713-749BD4ABBEBD}.Debug|x86.ActiveCfg = Debug|Any CPU
		{79D33504-60F0-4B28-9713-749BD4ABBEBD}.Debug64|Any CPU.ActiveCfg = Debug|Any CPU
		{79D33504-60F0-4B28-9713-749BD4ABBEBD}.Debug64|Any CPU.Build.0 = Debug|Any CPU
		{79D33504-60F0-4B28-9713-749BD4ABBEBD}.Debug64|Mixed Platforms.ActiveCfg = Debug|Any CPU
		{79D33504-60F0-4B28-9713-749BD4ABBEBD}.Debug64|Mixed Platforms.Build.0 = Debug|Any CPU
		{79D33504-60F0-4B28-9713-749BD4ABBEBD}.Debug64|x64.ActiveCfg = Debug|Any CPU
		{79D33504-60F0-4B28-9713-749BD4ABBEBD}.Debug64|x86.ActiveCfg = Debug|Any CPU
		{79D33504-60F0-4B28-9713-749BD4ABBEBD}.Release|Any CPU.ActiveCfg = Release|Any CPU
		{79D33504-60F0-4B28-9713-749BD4ABBEBD}.Release|Any CPU.Build.0 = Release|Any CPU
		{79D33504-60F0-4B28-9713-749BD4ABBEBD}.Release|Mixed Platforms.ActiveCfg = Release|Any CPU
		{79D33504-60F0-4B28-9713-749BD4ABBEBD}.Release|Mixed Platforms.Build.0 = Release|Any CPU
		{79D33504-60F0-4B28-9713-749BD4ABBEBD}.Release|x64.ActiveCfg = Release|Any CPU
		{79D33504-60F0-4B28-9713-749BD4ABBEBD}.Release|x86.ActiveCfg = Release|Any CPU
		{79D33504-60F0-4B28-9713-749BD4ABBEBD}.ReleaseX64|Any CPU.ActiveCfg = Release|Any CPU
		{79D33504-60F0-4B28-9713-749BD4ABBEBD}.ReleaseX64|Any CPU.Build.0 = Release|Any CPU
		{79D33504-60F0-4B28-9713-749BD4ABBEBD}.ReleaseX64|Mixed Platforms.ActiveCfg = Release|Any CPU
		{79D33504-60F0-4B28-9713-749BD4ABBEBD}.ReleaseX64|Mixed Platforms.Build.0 = Release|Any CPU
		{79D33504-60F0-4B28-9713-749BD4ABBEBD}.ReleaseX64|x64.ActiveCfg = Release|Any CPU
		{79D33504-60F0-4B28-9713-749BD4ABBEBD}.ReleaseX64|x86.ActiveCfg = Release|Any CPU
		{FC343978-181A-46DA-972C-2F8699099086}.Debug|Any CPU.ActiveCfg = Debug|x86
		{FC343978-181A-46DA-972C-2F8699099086}.Debug|Mixed Platforms.ActiveCfg = Debug|x86
		{FC343978-181A-46DA-972C-2F8699099086}.Debug|Mixed Platforms.Build.0 = Debug|x86
		{FC343978-181A-46DA-972C-2F8699099086}.Debug|x64.ActiveCfg = Debug|x86
		{FC343978-181A-46DA-972C-2F8699099086}.Debug|x86.ActiveCfg = Debug|x86
		{FC343978-181A-46DA-972C-2F8699099086}.Debug|x86.Build.0 = Debug|x86
		{FC343978-181A-46DA-972C-2F8699099086}.Debug64|Any CPU.ActiveCfg = Debug|x86
		{FC343978-181A-46DA-972C-2F8699099086}.Debug64|Mixed Platforms.ActiveCfg = Debug|x86
		{FC343978-181A-46DA-972C-2F8699099086}.Debug64|Mixed Platforms.Build.0 = Debug|x86
		{FC343978-181A-46DA-972C-2F8699099086}.Debug64|x64.ActiveCfg = Debug|x86
		{FC343978-181A-46DA-972C-2F8699099086}.Debug64|x86.ActiveCfg = Debug|x86
		{FC343978-181A-46DA-972C-2F8699099086}.Debug64|x86.Build.0 = Debug|x86
		{FC343978-181A-46DA-972C-2F8699099086}.Release|Any CPU.ActiveCfg = Release|x86
		{FC343978-181A-46DA-972C-2F8699099086}.Release|Mixed Platforms.ActiveCfg = Release|x86
		{FC343978-181A-46DA-972C-2F8699099086}.Release|Mixed Platforms.Build.0 = Release|x86
		{FC343978-181A-46DA-972C-2F8699099086}.Release|x64.ActiveCfg = Release|x86
		{FC343978-181A-46DA-972C-2F8699099086}.Release|x86.ActiveCfg = Release|x86
		{FC343978-181A-46DA-972C-2F8699099086}.Release|x86.Build.0 = Release|x86
		{FC343978-181A-46DA-972C-2F8699099086}.ReleaseX64|Any CPU.ActiveCfg = Release|x86
		{FC343978-181A-46DA-972C-2F8699099086}.ReleaseX64|Mixed Platforms.ActiveCfg = Release|x86
		{FC343978-181A-46DA-972C-2F8699099086}.ReleaseX64|Mixed Platforms.Build.0 = Release|x86
		{FC343978-181A-46DA-972C-2F8699099086}.ReleaseX64|x64.ActiveCfg = Release|x86
		{FC343978-181A-46DA-972C-2F8699099086}.ReleaseX64|x86.ActiveCfg = Release|x86
		{FC343978-181A-46DA-972C-2F8699099086}.ReleaseX64|x86.Build.0 = Release|x86
		{146EBEAF-615B-46CE-A3AC-99CC2019CB07}.Debug|Any CPU.ActiveCfg = Debug|Any CPU
		{146EBEAF-615B-46CE-A3AC-99CC2019CB07}.Debug|Any CPU.Build.0 = Debug|Any CPU
		{146EBEAF-615B-46CE-A3AC-99CC2019CB07}.Debug|Mixed Platforms.ActiveCfg = Debug|Any CPU
		{146EBEAF-615B-46CE-A3AC-99CC2019CB07}.Debug|Mixed Platforms.Build.0 = Debug|Any CPU
		{146EBEAF-615B-46CE-A3AC-99CC2019CB07}.Debug|x64.ActiveCfg = Debug|Any CPU
		{146EBEAF-615B-46CE-A3AC-99CC2019CB07}.Debug|x86.ActiveCfg = Debug|Any CPU
		{146EBEAF-615B-46CE-A3AC-99CC2019CB07}.Debug64|Any CPU.ActiveCfg = Debug|Any CPU
		{146EBEAF-615B-46CE-A3AC-99CC2019CB07}.Debug64|Any CPU.Build.0 = Debug|Any CPU
		{146EBEAF-615B-46CE-A3AC-99CC2019CB07}.Debug64|Mixed Platforms.ActiveCfg = Debug|Any CPU
		{146EBEAF-615B-46CE-A3AC-99CC2019CB07}.Debug64|Mixed Platforms.Build.0 = Debug|Any CPU
		{146EBEAF-615B-46CE-A3AC-99CC2019CB07}.Debug64|x64.ActiveCfg = Debug|Any CPU
		{146EBEAF-615B-46CE-A3AC-99CC2019CB07}.Debug64|x86.ActiveCfg = Debug|Any CPU
		{146EBEAF-615B-46CE-A3AC-99CC2019CB07}.Release|Any CPU.ActiveCfg = Release|Any CPU
		{146EBEAF-615B-46CE-A3AC-99CC2019CB07}.Release|Any CPU.Build.0 = Release|Any CPU
		{146EBEAF-615B-46CE-A3AC-99CC2019CB07}.Release|Mixed Platforms.ActiveCfg = Release|Any CPU
		{146EBEAF-615B-46CE-A3AC-99CC2019CB07}.Release|Mixed Platforms.Build.0 = Release|Any CPU
		{146EBEAF-615B-46CE-A3AC-99CC2019CB07}.Release|x64.ActiveCfg = Release|Any CPU
		{146EBEAF-615B-46CE-A3AC-99CC2019CB07}.Release|x86.ActiveCfg = Release|Any CPU
		{146EBEAF-615B-46CE-A3AC-99CC2019CB07}.ReleaseX64|Any CPU.ActiveCfg = Release|Any CPU
		{146EBEAF-615B-46CE-A3AC-99CC2019CB07}.ReleaseX64|Any CPU.Build.0 = Release|Any CPU
		{146EBEAF-615B-46CE-A3AC-99CC2019CB07}.ReleaseX64|Mixed Platforms.ActiveCfg = Release|Any CPU
		{146EBEAF-615B-46CE-A3AC-99CC2019CB07}.ReleaseX64|Mixed Platforms.Build.0 = Release|Any CPU
		{146EBEAF-615B-46CE-A3AC-99CC2019CB07}.ReleaseX64|x64.ActiveCfg = Release|Any CPU
		{146EBEAF-615B-46CE-A3AC-99CC2019CB07}.ReleaseX64|x86.ActiveCfg = Release|Any CPU
		{43A5B28D-1522-4D15-9F1A-EC03D0796A45}.Debug|Any CPU.ActiveCfg = Debug|Any CPU
		{43A5B28D-1522-4D15-9F1A-EC03D0796A45}.Debug|Any CPU.Build.0 = Debug|Any CPU
		{43A5B28D-1522-4D15-9F1A-EC03D0796A45}.Debug|Mixed Platforms.ActiveCfg = Debug|Any CPU
		{43A5B28D-1522-4D15-9F1A-EC03D0796A45}.Debug|Mixed Platforms.Build.0 = Debug|Any CPU
		{43A5B28D-1522-4D15-9F1A-EC03D0796A45}.Debug|x64.ActiveCfg = Debug|Any CPU
		{43A5B28D-1522-4D15-9F1A-EC03D0796A45}.Debug|x86.ActiveCfg = Debug|Any CPU
		{43A5B28D-1522-4D15-9F1A-EC03D0796A45}.Debug64|Any CPU.ActiveCfg = Debug|Any CPU
		{43A5B28D-1522-4D15-9F1A-EC03D0796A45}.Debug64|Any CPU.Build.0 = Debug|Any CPU
		{43A5B28D-1522-4D15-9F1A-EC03D0796A45}.Debug64|Mixed Platforms.ActiveCfg = Debug|Any CPU
		{43A5B28D-1522-4D15-9F1A-EC03D0796A45}.Debug64|Mixed Platforms.Build.0 = Debug|Any CPU
		{43A5B28D-1522-4D15-9F1A-EC03D0796A45}.Debug64|x64.ActiveCfg = Debug|Any CPU
		{43A5B28D-1522-4D15-9F1A-EC03D0796A45}.Debug64|x86.ActiveCfg = Debug|Any CPU
		{43A5B28D-1522-4D15-9F1A-EC03D0796A45}.Release|Any CPU.ActiveCfg = Release|Any CPU
		{43A5B28D-1522-4D15-9F1A-EC03D0796A45}.Release|Any CPU.Build.0 = Release|Any CPU
		{43A5B28D-1522-4D15-9F1A-EC03D0796A45}.Release|Mixed Platforms.ActiveCfg = Release|Any CPU
		{43A5B28D-1522-4D15-9F1A-EC03D0796A45}.Release|Mixed Platforms.Build.0 = Release|Any CPU
		{43A5B28D-1522-4D15-9F1A-EC03D0796A45}.Release|x64.ActiveCfg = Release|Any CPU
		{43A5B28D-1522-4D15-9F1A-EC03D0796A45}.Release|x86.ActiveCfg = Release|Any CPU
		{43A5B28D-1522-4D15-9F1A-EC03D0796A45}.ReleaseX64|Any CPU.ActiveCfg = Release|Any CPU
		{43A5B28D-1522-4D15-9F1A-EC03D0796A45}.ReleaseX64|Any CPU.Build.0 = Release|Any CPU
		{43A5B28D-1522-4D15-9F1A-EC03D0796A45}.ReleaseX64|Mixed Platforms.ActiveCfg = Release|Any CPU
		{43A5B28D-1522-4D15-9F1A-EC03D0796A45}.ReleaseX64|Mixed Platforms.Build.0 = Release|Any CPU
		{43A5B28D-1522-4D15-9F1A-EC03D0796A45}.ReleaseX64|x64.ActiveCfg = Release|Any CPU
		{43A5B28D-1522-4D15-9F1A-EC03D0796A45}.ReleaseX64|x86.ActiveCfg = Release|Any CPU
		{228B31D3-FFBD-4AE2-AFEC-EB9E3EE43DED}.Debug|Any CPU.ActiveCfg = Debug|Any CPU
		{228B31D3-FFBD-4AE2-AFEC-EB9E3EE43DED}.Debug|Any CPU.Build.0 = Debug|Any CPU
		{228B31D3-FFBD-4AE2-AFEC-EB9E3EE43DED}.Debug|Mixed Platforms.ActiveCfg = Debug|Any CPU
		{228B31D3-FFBD-4AE2-AFEC-EB9E3EE43DED}.Debug|Mixed Platforms.Build.0 = Debug|Any CPU
		{228B31D3-FFBD-4AE2-AFEC-EB9E3EE43DED}.Debug|x64.ActiveCfg = Debug|Any CPU
		{228B31D3-FFBD-4AE2-AFEC-EB9E3EE43DED}.Debug|x86.ActiveCfg = Debug|Any CPU
		{228B31D3-FFBD-4AE2-AFEC-EB9E3EE43DED}.Debug64|Any CPU.ActiveCfg = Debug|Any CPU
		{228B31D3-FFBD-4AE2-AFEC-EB9E3EE43DED}.Debug64|Any CPU.Build.0 = Debug|Any CPU
		{228B31D3-FFBD-4AE2-AFEC-EB9E3EE43DED}.Debug64|Mixed Platforms.ActiveCfg = Debug|Any CPU
		{228B31D3-FFBD-4AE2-AFEC-EB9E3EE43DED}.Debug64|Mixed Platforms.Build.0 = Debug|Any CPU
		{228B31D3-FFBD-4AE2-AFEC-EB9E3EE43DED}.Debug64|x64.ActiveCfg = Debug|Any CPU
		{228B31D3-FFBD-4AE2-AFEC-EB9E3EE43DED}.Debug64|x86.ActiveCfg = Debug|Any CPU
		{228B31D3-FFBD-4AE2-AFEC-EB9E3EE43DED}.Release|Any CPU.ActiveCfg = Release|Any CPU
		{228B31D3-FFBD-4AE2-AFEC-EB9E3EE43DED}.Release|Any CPU.Build.0 = Release|Any CPU
		{228B31D3-FFBD-4AE2-AFEC-EB9E3EE43DED}.Release|Mixed Platforms.ActiveCfg = Release|Any CPU
		{228B31D3-FFBD-4AE2-AFEC-EB9E3EE43DED}.Release|Mixed Platforms.Build.0 = Release|Any CPU
		{228B31D3-FFBD-4AE2-AFEC-EB9E3EE43DED}.Release|x64.ActiveCfg = Release|Any CPU
		{228B31D3-FFBD-4AE2-AFEC-EB9E3EE43DED}.Release|x86.ActiveCfg = Release|Any CPU
		{228B31D3-FFBD-4AE2-AFEC-EB9E3EE43DED}.ReleaseX64|Any CPU.ActiveCfg = Release|Any CPU
		{228B31D3-FFBD-4AE2-AFEC-EB9E3EE43DED}.ReleaseX64|Any CPU.Build.0 = Release|Any CPU
		{228B31D3-FFBD-4AE2-AFEC-EB9E3EE43DED}.ReleaseX64|Mixed Platforms.ActiveCfg = Release|Any CPU
		{228B31D3-FFBD-4AE2-AFEC-EB9E3EE43DED}.ReleaseX64|Mixed Platforms.Build.0 = Release|Any CPU
		{228B31D3-FFBD-4AE2-AFEC-EB9E3EE43DED}.ReleaseX64|x64.ActiveCfg = Release|Any CPU
		{228B31D3-FFBD-4AE2-AFEC-EB9E3EE43DED}.ReleaseX64|x86.ActiveCfg = Release|Any CPU
		{7F520999-8299-452F-BEBC-78FB6B0C60B3}.Debug|Any CPU.ActiveCfg = Debug|Any CPU
		{7F520999-8299-452F-BEBC-78FB6B0C60B3}.Debug|Any CPU.Build.0 = Debug|Any CPU
		{7F520999-8299-452F-BEBC-78FB6B0C60B3}.Debug|Mixed Platforms.ActiveCfg = Debug|Any CPU
		{7F520999-8299-452F-BEBC-78FB6B0C60B3}.Debug|Mixed Platforms.Build.0 = Debug|Any CPU
		{7F520999-8299-452F-BEBC-78FB6B0C60B3}.Debug|x64.ActiveCfg = Debug|Any CPU
		{7F520999-8299-452F-BEBC-78FB6B0C60B3}.Debug|x86.ActiveCfg = Debug|Any CPU
		{7F520999-8299-452F-BEBC-78FB6B0C60B3}.Debug64|Any CPU.ActiveCfg = Debug|Any CPU
		{7F520999-8299-452F-BEBC-78FB6B0C60B3}.Debug64|Any CPU.Build.0 = Debug|Any CPU
		{7F520999-8299-452F-BEBC-78FB6B0C60B3}.Debug64|Mixed Platforms.ActiveCfg = Debug|Any CPU
		{7F520999-8299-452F-BEBC-78FB6B0C60B3}.Debug64|Mixed Platforms.Build.0 = Debug|Any CPU
		{7F520999-8299-452F-BEBC-78FB6B0C60B3}.Debug64|x64.ActiveCfg = Debug|Any CPU
		{7F520999-8299-452F-BEBC-78FB6B0C60B3}.Debug64|x86.ActiveCfg = Debug|Any CPU
		{7F520999-8299-452F-BEBC-78FB6B0C60B3}.Release|Any CPU.ActiveCfg = Release|Any CPU
		{7F520999-8299-452F-BEBC-78FB6B0C60B3}.Release|Any CPU.Build.0 = Release|Any CPU
		{7F520999-8299-452F-BEBC-78FB6B0C60B3}.Release|Mixed Platforms.ActiveCfg = Release|Any CPU
		{7F520999-8299-452F-BEBC-78FB6B0C60B3}.Release|Mixed Platforms.Build.0 = Release|Any CPU
		{7F520999-8299-452F-BEBC-78FB6B0C60B3}.Release|x64.ActiveCfg = Release|Any CPU
		{7F520999-8299-452F-BEBC-78FB6B0C60B3}.Release|x86.ActiveCfg = Release|Any CPU
		{7F520999-8299-452F-BEBC-78FB6B0C60B3}.ReleaseX64|Any CPU.ActiveCfg = Release|Any CPU
		{7F520999-8299-452F-BEBC-78FB6B0C60B3}.ReleaseX64|Any CPU.Build.0 = Release|Any CPU
		{7F520999-8299-452F-BEBC-78FB6B0C60B3}.ReleaseX64|Mixed Platforms.ActiveCfg = Release|Any CPU
		{7F520999-8299-452F-BEBC-78FB6B0C60B3}.ReleaseX64|Mixed Platforms.Build.0 = Release|Any CPU
		{7F520999-8299-452F-BEBC-78FB6B0C60B3}.ReleaseX64|x64.ActiveCfg = Release|Any CPU
		{7F520999-8299-452F-BEBC-78FB6B0C60B3}.ReleaseX64|x86.ActiveCfg = Release|Any CPU
		{A9AE40FF-1A21-414A-9FE7-3BE13644CC6D}.Debug|Any CPU.ActiveCfg = Debug|Any CPU
		{A9AE40FF-1A21-414A-9FE7-3BE13644CC6D}.Debug|Any CPU.Build.0 = Debug|Any CPU
		{A9AE40FF-1A21-414A-9FE7-3BE13644CC6D}.Debug|Mixed Platforms.ActiveCfg = Debug|Any CPU
		{A9AE40FF-1A21-414A-9FE7-3BE13644CC6D}.Debug|Mixed Platforms.Build.0 = Debug|Any CPU
		{A9AE40FF-1A21-414A-9FE7-3BE13644CC6D}.Debug|x64.ActiveCfg = Debug|Any CPU
		{A9AE40FF-1A21-414A-9FE7-3BE13644CC6D}.Debug|x86.ActiveCfg = Debug|Any CPU
		{A9AE40FF-1A21-414A-9FE7-3BE13644CC6D}.Debug64|Any CPU.ActiveCfg = Debug|Any CPU
		{A9AE40FF-1A21-414A-9FE7-3BE13644CC6D}.Debug64|Any CPU.Build.0 = Debug|Any CPU
		{A9AE40FF-1A21-414A-9FE7-3BE13644CC6D}.Debug64|Mixed Platforms.ActiveCfg = Debug|Any CPU
		{A9AE40FF-1A21-414A-9FE7-3BE13644CC6D}.Debug64|Mixed Platforms.Build.0 = Debug|Any CPU
		{A9AE40FF-1A21-414A-9FE7-3BE13644CC6D}.Debug64|x64.ActiveCfg = Debug|Any CPU
		{A9AE40FF-1A21-414A-9FE7-3BE13644CC6D}.Debug64|x86.ActiveCfg = Debug|Any CPU
		{A9AE40FF-1A21-414A-9FE7-3BE13644CC6D}.Release|Any CPU.ActiveCfg = Release|Any CPU
		{A9AE40FF-1A21-414A-9FE7-3BE13644CC6D}.Release|Any CPU.Build.0 = Release|Any CPU
		{A9AE40FF-1A21-414A-9FE7-3BE13644CC6D}.Release|Mixed Platforms.ActiveCfg = Release|Any CPU
		{A9AE40FF-1A21-414A-9FE7-3BE13644CC6D}.Release|Mixed Platforms.Build.0 = Release|Any CPU
		{A9AE40FF-1A21-414A-9FE7-3BE13644CC6D}.Release|x64.ActiveCfg = Release|Any CPU
		{A9AE40FF-1A21-414A-9FE7-3BE13644CC6D}.Release|x86.ActiveCfg = Release|Any CPU
		{A9AE40FF-1A21-414A-9FE7-3BE13644CC6D}.ReleaseX64|Any CPU.ActiveCfg = Release|Any CPU
		{A9AE40FF-1A21-414A-9FE7-3BE13644CC6D}.ReleaseX64|Any CPU.Build.0 = Release|Any CPU
		{A9AE40FF-1A21-414A-9FE7-3BE13644CC6D}.ReleaseX64|Mixed Platforms.ActiveCfg = Release|Any CPU
		{A9AE40FF-1A21-414A-9FE7-3BE13644CC6D}.ReleaseX64|Mixed Platforms.Build.0 = Release|Any CPU
		{A9AE40FF-1A21-414A-9FE7-3BE13644CC6D}.ReleaseX64|x64.ActiveCfg = Release|Any CPU
		{A9AE40FF-1A21-414A-9FE7-3BE13644CC6D}.ReleaseX64|x86.ActiveCfg = Release|Any CPU
		{EA589310-7F76-49D2-89B0-07F93FE1D815}.Debug|Any CPU.ActiveCfg = Debug|Any CPU
		{EA589310-7F76-49D2-89B0-07F93FE1D815}.Debug|Any CPU.Build.0 = Debug|Any CPU
		{EA589310-7F76-49D2-89B0-07F93FE1D815}.Debug|Mixed Platforms.ActiveCfg = Debug|Any CPU
		{EA589310-7F76-49D2-89B0-07F93FE1D815}.Debug|Mixed Platforms.Build.0 = Debug|Any CPU
		{EA589310-7F76-49D2-89B0-07F93FE1D815}.Debug|x64.ActiveCfg = Debug|Any CPU
		{EA589310-7F76-49D2-89B0-07F93FE1D815}.Debug|x86.ActiveCfg = Debug|Any CPU
		{EA589310-7F76-49D2-89B0-07F93FE1D815}.Debug64|Any CPU.ActiveCfg = Debug|Any CPU
		{EA589310-7F76-49D2-89B0-07F93FE1D815}.Debug64|Any CPU.Build.0 = Debug|Any CPU
		{EA589310-7F76-49D2-89B0-07F93FE1D815}.Debug64|Mixed Platforms.ActiveCfg = Debug|Any CPU
		{EA589310-7F76-49D2-89B0-07F93FE1D815}.Debug64|Mixed Platforms.Build.0 = Debug|Any CPU
		{EA589310-7F76-49D2-89B0-07F93FE1D815}.Debug64|x64.ActiveCfg = Debug|Any CPU
		{EA589310-7F76-49D2-89B0-07F93FE1D815}.Debug64|x86.ActiveCfg = Debug|Any CPU
		{EA589310-7F76-49D2-89B0-07F93FE1D815}.Release|Any CPU.ActiveCfg = Release|Any CPU
		{EA589310-7F76-49D2-89B0-07F93FE1D815}.Release|Any CPU.Build.0 = Release|Any CPU
		{EA589310-7F76-49D2-89B0-07F93FE1D815}.Release|Mixed Platforms.ActiveCfg = Release|Any CPU
		{EA589310-7F76-49D2-89B0-07F93FE1D815}.Release|Mixed Platforms.Build.0 = Release|Any CPU
		{EA589310-7F76-49D2-89B0-07F93FE1D815}.Release|x64.ActiveCfg = Release|Any CPU
		{EA589310-7F76-49D2-89B0-07F93FE1D815}.Release|x86.ActiveCfg = Release|Any CPU
		{EA589310-7F76-49D2-89B0-07F93FE1D815}.ReleaseX64|Any CPU.ActiveCfg = Release|Any CPU
		{EA589310-7F76-49D2-89B0-07F93FE1D815}.ReleaseX64|Any CPU.Build.0 = Release|Any CPU
		{EA589310-7F76-49D2-89B0-07F93FE1D815}.ReleaseX64|Mixed Platforms.ActiveCfg = Release|Any CPU
		{EA589310-7F76-49D2-89B0-07F93FE1D815}.ReleaseX64|Mixed Platforms.Build.0 = Release|Any CPU
		{EA589310-7F76-49D2-89B0-07F93FE1D815}.ReleaseX64|x64.ActiveCfg = Release|Any CPU
		{EA589310-7F76-49D2-89B0-07F93FE1D815}.ReleaseX64|x86.ActiveCfg = Release|Any CPU
	EndGlobalSection
	GlobalSection(SolutionProperties) = preSolution
		HideSolutionNode = FALSE
	EndGlobalSection
	GlobalSection(NestedProjects) = preSolution
		{F47859FF-B24A-492A-995A-F7F124A14099} = {4F31D43C-32B5-42E7-A792-A38922790062}
		{17FE8CEC-F429-40D5-BF57-DDE3C7FB592C} = {4F31D43C-32B5-42E7-A792-A38922790062}
		{CFA681FF-1E84-45FC-9D1F-C14FDA66983B} = {4E0C7D67-0A44-41D6-BEF0-B929848DAC6E}
		{D0BB050A-0F4C-40F9-843C-8AD9BCEE850D} = {076879F2-FD3F-4E8B-99B5-C9F7EAE0105C}
		{076879F2-FD3F-4E8B-99B5-C9F7EAE0105C} = {63B91FCC-469E-44BB-9B5F-62F0AB2819BE}
		{7044DAEF-75B7-4567-B956-4DD9A87A3156} = {076879F2-FD3F-4E8B-99B5-C9F7EAE0105C}
		{413E70ED-DEEC-4A99-BD13-1ABB307161CC} = {076879F2-FD3F-4E8B-99B5-C9F7EAE0105C}
		{5C46B8CB-61D9-444E-A151-3656D99B378C} = {076879F2-FD3F-4E8B-99B5-C9F7EAE0105C}
		{1D400772-60E3-4F96-98E9-C1E54E77660A} = {076879F2-FD3F-4E8B-99B5-C9F7EAE0105C}
		{36CC4686-303F-4E16-897F-0D3491E2B95A} = {076879F2-FD3F-4E8B-99B5-C9F7EAE0105C}
		{6831D8CB-1A31-45A8-AE7C-D2703CB8F603} = {42500CB2-D9BB-4FAF-9987-78F71F81BBE3}
		{4FD8D658-BDD6-4BD5-B734-1E5312B86894} = {076879F2-FD3F-4E8B-99B5-C9F7EAE0105C}
		{42500CB2-D9BB-4FAF-9987-78F71F81BBE3} = {63B91FCC-469E-44BB-9B5F-62F0AB2819BE}
		{2358B6B1-B877-442C-81EF-06DD4DDE51E6} = {076879F2-FD3F-4E8B-99B5-C9F7EAE0105C}
		{FC8DC39D-1D58-4150-A306-54F9ADB5F8DB} = {42500CB2-D9BB-4FAF-9987-78F71F81BBE3}
		{EDC20B55-F4C1-4818-A787-36971CB1F82C} = {42500CB2-D9BB-4FAF-9987-78F71F81BBE3}
		{A928AB45-D887-48B2-8C32-D9D9A0E4549F} = {42500CB2-D9BB-4FAF-9987-78F71F81BBE3}
		{0C12D678-CE96-4CC8-9C7C-17910B782163} = {42500CB2-D9BB-4FAF-9987-78F71F81BBE3}
		{1967B1A4-4759-4FC5-8D1B-F659CA40C144} = {42500CB2-D9BB-4FAF-9987-78F71F81BBE3}
		{11770662-9360-4D0A-B78F-1BE3515BD5BE} = {42500CB2-D9BB-4FAF-9987-78F71F81BBE3}
		{79D33504-60F0-4B28-9713-749BD4ABBEBD} = {42500CB2-D9BB-4FAF-9987-78F71F81BBE3}
		{146EBEAF-615B-46CE-A3AC-99CC2019CB07} = {076879F2-FD3F-4E8B-99B5-C9F7EAE0105C}
		{C8A93669-A7CE-478A-9BF1-6195A4818F6A} = {076879F2-FD3F-4E8B-99B5-C9F7EAE0105C}
		{43A5B28D-1522-4D15-9F1A-EC03D0796A45} = {C8A93669-A7CE-478A-9BF1-6195A4818F6A}
		{EA589310-7F76-49D2-89B0-07F93FE1D815} = {63B91FCC-469E-44BB-9B5F-62F0AB2819BE}
	EndGlobalSection
EndGlobal
