
Microsoft Visual Studio Solution File, Format Version 12.00
# Visual Studio 2013
VisualStudioVersion = 12.0.30723.0
MinimumVisualStudioVersion = 10.0.40219.1
Project("{FAE04EC0-301F-11D3-BF4B-00C04F79EFBC}") = "Construct.SensorManagers.WindowsSensorManager", "Construct.SensorHosts.WindowsSensorHost\Construct.SensorManagers.WindowsSensorManager.csproj", "{213DFDBB-84AE-49E0-8016-8E8C89F4D66B}"
EndProject
Project("{FAE04EC0-301F-11D3-BF4B-00C04F79EFBC}") = "Construct.SensorManagers.SensorManagerBase", "Construct.SensorHosts.SensorHostBase\Construct.SensorManagers.SensorManagerBase.csproj", "{07890C56-23F5-4A72-A37E-830267FECDD6}"
EndProject
Project("{FAE04EC0-301F-11D3-BF4B-00C04F79EFBC}") = "Construct.SensorManagers.WindowsSensorManager.Tests", "Construct.SensorHosts.WindowsSensorHost.Tests\Construct.SensorManagers.WindowsSensorManager.Tests.csproj", "{D85F1E51-A1F1-4A0F-9A98-6FC85189B7D7}"
EndProject
Project("{2150E333-8FDC-42A3-9474-1A3956D46DE8}") = "Solution Items", "Solution Items", "{E2B256D8-9B8A-47B9-9054-174091B6DE42}"
	ProjectSection(SolutionItems) = preProject
		TraceAndTestImpact.testsettings = TraceAndTestImpact.testsettings
	EndProjectSection
EndProject
Project("{2150E333-8FDC-42A3-9474-1A3956D46DE8}") = "Installer Actions", "Installer Actions", "{77B4C90B-37DD-438F-BB4F-1E27AD675D92}"
EndProject
Project("{FAE04EC0-301F-11D3-BF4B-00C04F79EFBC}") = "Construct.SensorManager.WindowsSensorManager.Install", "Construct.SensorManager.WindowsSensorManager.Install\Construct.SensorManager.WindowsSensorManager.Install.csproj", "{E40A57EB-9C90-4845-9B2A-92D47603E91C}"
EndProject
Project("{FAE04EC0-301F-11D3-BF4B-00C04F79EFBC}") = "Construct.SensorManager.WindowsSensorManager.Uninstall", "Construct.SensorManager.WindowsSensorManager.Uninstall\Construct.SensorManager.WindowsSensorManager.Uninstall.csproj", "{EDAEC8A7-A621-4ADB-BC37-9AA95CF9517E}"
EndProject
Project("{54435603-DBB4-11D2-8724-00A0C9A8B90C}") = "WindowsSensorManagerInstaller", "WindowsSensorManagerInstaller\WindowsSensorManagerInstaller.vdproj", "{8C7D9EFF-5564-4B5E-A167-0CC34591403F}"
EndProject
Project("{FAE04EC0-301F-11D3-BF4B-00C04F79EFBC}") = "Construct.MessageBrokering", "..\..\Construct3\Construct3\Construct.MessageBrokering\Construct.MessageBrokering.csproj", "{F47859FF-B24A-492A-995A-F7F124A14099}"
EndProject
Project("{FAE04EC0-301F-11D3-BF4B-00C04F79EFBC}") = "Construct.MessageBrokering.Tests", "..\..\Construct3\Construct3\Construct.MessageBrokering.Tests\Construct.MessageBrokering.Tests.csproj", "{D04EA2CD-C152-4DFF-BB8D-2F45149AFC72}"
EndProject
Project("{2150E333-8FDC-42A3-9474-1A3956D46DE8}") = ".nuget", ".nuget", "{D3001C1E-9A5C-4F7C-A1B4-CFD751BD66B9}"
	ProjectSection(SolutionItems) = preProject
		.nuget\NuGet.Config = .nuget\NuGet.Config
		.nuget\NuGet.exe = .nuget\NuGet.exe
		.nuget\NuGet.targets = .nuget\NuGet.targets
	EndProjectSection
EndProject
Global
	GlobalSection(SolutionConfigurationPlatforms) = preSolution
		Debug|Any CPU = Debug|Any CPU
		Debug|Mixed Platforms = Debug|Mixed Platforms
		Debug|x64 = Debug|x64
		Debug|x86 = Debug|x86
		Debug64|Any CPU = Debug64|Any CPU
		Debug64|Mixed Platforms = Debug64|Mixed Platforms
		Debug64|x64 = Debug64|x64
		Debug64|x86 = Debug64|x86
		Release|Any CPU = Release|Any CPU
		Release|Mixed Platforms = Release|Mixed Platforms
		Release|x64 = Release|x64
		Release|x86 = Release|x86
		ReleaseX64|Any CPU = ReleaseX64|Any CPU
		ReleaseX64|Mixed Platforms = ReleaseX64|Mixed Platforms
		ReleaseX64|x64 = ReleaseX64|x64
		ReleaseX64|x86 = ReleaseX64|x86
	EndGlobalSection
	GlobalSection(ProjectConfigurationPlatforms) = postSolution
		{213DFDBB-84AE-49E0-8016-8E8C89F4D66B}.Debug|Any CPU.ActiveCfg = Debug|x86
		{213DFDBB-84AE-49E0-8016-8E8C89F4D66B}.Debug|Mixed Platforms.ActiveCfg = Debug|x86
		{213DFDBB-84AE-49E0-8016-8E8C89F4D66B}.Debug|Mixed Platforms.Build.0 = Debug|x86
		{213DFDBB-84AE-49E0-8016-8E8C89F4D66B}.Debug|x64.ActiveCfg = Debug|x86
		{213DFDBB-84AE-49E0-8016-8E8C89F4D66B}.Debug|x86.ActiveCfg = Debug|x86
		{213DFDBB-84AE-49E0-8016-8E8C89F4D66B}.Debug|x86.Build.0 = Debug|x86
		{213DFDBB-84AE-49E0-8016-8E8C89F4D66B}.Debug64|Any CPU.ActiveCfg = Debug|x86
		{213DFDBB-84AE-49E0-8016-8E8C89F4D66B}.Debug64|Mixed Platforms.ActiveCfg = Debug|x86
		{213DFDBB-84AE-49E0-8016-8E8C89F4D66B}.Debug64|Mixed Platforms.Build.0 = Debug|x86
		{213DFDBB-84AE-49E0-8016-8E8C89F4D66B}.Debug64|x64.ActiveCfg = Debug|x86
		{213DFDBB-84AE-49E0-8016-8E8C89F4D66B}.Debug64|x86.ActiveCfg = Debug|x86
		{213DFDBB-84AE-49E0-8016-8E8C89F4D66B}.Debug64|x86.Build.0 = Debug|x86
		{213DFDBB-84AE-49E0-8016-8E8C89F4D66B}.Release|Any CPU.ActiveCfg = Release|x86
		{213DFDBB-84AE-49E0-8016-8E8C89F4D66B}.Release|Mixed Platforms.ActiveCfg = Release|x86
		{213DFDBB-84AE-49E0-8016-8E8C89F4D66B}.Release|Mixed Platforms.Build.0 = Release|x86
		{213DFDBB-84AE-49E0-8016-8E8C89F4D66B}.Release|x64.ActiveCfg = Release|x86
		{213DFDBB-84AE-49E0-8016-8E8C89F4D66B}.Release|x86.ActiveCfg = Release|x86
		{213DFDBB-84AE-49E0-8016-8E8C89F4D66B}.Release|x86.Build.0 = Release|x86
		{213DFDBB-84AE-49E0-8016-8E8C89F4D66B}.ReleaseX64|Any CPU.ActiveCfg = Release|x86
		{213DFDBB-84AE-49E0-8016-8E8C89F4D66B}.ReleaseX64|Mixed Platforms.ActiveCfg = Release|x86
		{213DFDBB-84AE-49E0-8016-8E8C89F4D66B}.ReleaseX64|Mixed Platforms.Build.0 = Release|x86
		{213DFDBB-84AE-49E0-8016-8E8C89F4D66B}.ReleaseX64|x64.ActiveCfg = Release|x86
		{213DFDBB-84AE-49E0-8016-8E8C89F4D66B}.ReleaseX64|x86.ActiveCfg = Release|x86
		{213DFDBB-84AE-49E0-8016-8E8C89F4D66B}.ReleaseX64|x86.Build.0 = Release|x86
		{07890C56-23F5-4A72-A37E-830267FECDD6}.Debug|Any CPU.ActiveCfg = Debug|Any CPU
		{07890C56-23F5-4A72-A37E-830267FECDD6}.Debug|Any CPU.Build.0 = Debug|Any CPU
		{07890C56-23F5-4A72-A37E-830267FECDD6}.Debug|Mixed Platforms.ActiveCfg = Debug|Any CPU
		{07890C56-23F5-4A72-A37E-830267FECDD6}.Debug|Mixed Platforms.Build.0 = Debug|Any CPU
		{07890C56-23F5-4A72-A37E-830267FECDD6}.Debug|x64.ActiveCfg = Debug|Any CPU
		{07890C56-23F5-4A72-A37E-830267FECDD6}.Debug|x86.ActiveCfg = Debug|Any CPU
		{07890C56-23F5-4A72-A37E-830267FECDD6}.Debug64|Any CPU.ActiveCfg = Debug|Any CPU
		{07890C56-23F5-4A72-A37E-830267FECDD6}.Debug64|Any CPU.Build.0 = Debug|Any CPU
		{07890C56-23F5-4A72-A37E-830267FECDD6}.Debug64|Mixed Platforms.ActiveCfg = Debug|Any CPU
		{07890C56-23F5-4A72-A37E-830267FECDD6}.Debug64|Mixed Platforms.Build.0 = Debug|Any CPU
		{07890C56-23F5-4A72-A37E-830267FECDD6}.Debug64|x64.ActiveCfg = Debug|Any CPU
		{07890C56-23F5-4A72-A37E-830267FECDD6}.Debug64|x86.ActiveCfg = Debug|Any CPU
		{07890C56-23F5-4A72-A37E-830267FECDD6}.Release|Any CPU.ActiveCfg = Release|Any CPU
		{07890C56-23F5-4A72-A37E-830267FECDD6}.Release|Any CPU.Build.0 = Release|Any CPU
		{07890C56-23F5-4A72-A37E-830267FECDD6}.Release|Mixed Platforms.ActiveCfg = Release|Any CPU
		{07890C56-23F5-4A72-A37E-830267FECDD6}.Release|Mixed Platforms.Build.0 = Release|Any CPU
		{07890C56-23F5-4A72-A37E-830267FECDD6}.Release|x64.ActiveCfg = Release|Any CPU
		{07890C56-23F5-4A72-A37E-830267FECDD6}.Release|x86.ActiveCfg = Release|Any CPU
		{07890C56-23F5-4A72-A37E-830267FECDD6}.ReleaseX64|Any CPU.ActiveCfg = Release|Any CPU
		{07890C56-23F5-4A72-A37E-830267FECDD6}.ReleaseX64|Any CPU.Build.0 = Release|Any CPU
		{07890C56-23F5-4A72-A37E-830267FECDD6}.ReleaseX64|Mixed Platforms.ActiveCfg = Release|Any CPU
		{07890C56-23F5-4A72-A37E-830267FECDD6}.ReleaseX64|Mixed Platforms.Build.0 = Release|Any CPU
		{07890C56-23F5-4A72-A37E-830267FECDD6}.ReleaseX64|x64.ActiveCfg = Release|Any CPU
		{07890C56-23F5-4A72-A37E-830267FECDD6}.ReleaseX64|x86.ActiveCfg = Release|Any CPU
		{D85F1E51-A1F1-4A0F-9A98-6FC85189B7D7}.Debug|Any CPU.ActiveCfg = Debug|Any CPU
		{D85F1E51-A1F1-4A0F-9A98-6FC85189B7D7}.Debug|Any CPU.Build.0 = Debug|Any CPU
		{D85F1E51-A1F1-4A0F-9A98-6FC85189B7D7}.Debug|Mixed Platforms.ActiveCfg = Debug|Any CPU
		{D85F1E51-A1F1-4A0F-9A98-6FC85189B7D7}.Debug|Mixed Platforms.Build.0 = Debug|Any CPU
		{D85F1E51-A1F1-4A0F-9A98-6FC85189B7D7}.Debug|x64.ActiveCfg = Debug|Any CPU
		{D85F1E51-A1F1-4A0F-9A98-6FC85189B7D7}.Debug|x86.ActiveCfg = Debug|Any CPU
		{D85F1E51-A1F1-4A0F-9A98-6FC85189B7D7}.Debug64|Any CPU.ActiveCfg = Debug|Any CPU
		{D85F1E51-A1F1-4A0F-9A98-6FC85189B7D7}.Debug64|Any CPU.Build.0 = Debug|Any CPU
		{D85F1E51-A1F1-4A0F-9A98-6FC85189B7D7}.Debug64|Mixed Platforms.ActiveCfg = Debug|Any CPU
		{D85F1E51-A1F1-4A0F-9A98-6FC85189B7D7}.Debug64|Mixed Platforms.Build.0 = Debug|Any CPU
		{D85F1E51-A1F1-4A0F-9A98-6FC85189B7D7}.Debug64|x64.ActiveCfg = Debug|Any CPU
		{D85F1E51-A1F1-4A0F-9A98-6FC85189B7D7}.Debug64|x86.ActiveCfg = Debug|Any CPU
		{D85F1E51-A1F1-4A0F-9A98-6FC85189B7D7}.Release|Any CPU.ActiveCfg = Release|Any CPU
		{D85F1E51-A1F1-4A0F-9A98-6FC85189B7D7}.Release|Any CPU.Build.0 = Release|Any CPU
		{D85F1E51-A1F1-4A0F-9A98-6FC85189B7D7}.Release|Mixed Platforms.ActiveCfg = Release|Any CPU
		{D85F1E51-A1F1-4A0F-9A98-6FC85189B7D7}.Release|Mixed Platforms.Build.0 = Release|Any CPU
		{D85F1E51-A1F1-4A0F-9A98-6FC85189B7D7}.Release|x64.ActiveCfg = Release|Any CPU
		{D85F1E51-A1F1-4A0F-9A98-6FC85189B7D7}.Release|x86.ActiveCfg = Release|Any CPU
		{D85F1E51-A1F1-4A0F-9A98-6FC85189B7D7}.ReleaseX64|Any CPU.ActiveCfg = Release|Any CPU
		{D85F1E51-A1F1-4A0F-9A98-6FC85189B7D7}.ReleaseX64|Any CPU.Build.0 = Release|Any CPU
		{D85F1E51-A1F1-4A0F-9A98-6FC85189B7D7}.ReleaseX64|Mixed Platforms.ActiveCfg = Release|Any CPU
		{D85F1E51-A1F1-4A0F-9A98-6FC85189B7D7}.ReleaseX64|Mixed Platforms.Build.0 = Release|Any CPU
		{D85F1E51-A1F1-4A0F-9A98-6FC85189B7D7}.ReleaseX64|x64.ActiveCfg = Release|Any CPU
		{D85F1E51-A1F1-4A0F-9A98-6FC85189B7D7}.ReleaseX64|x86.ActiveCfg = Release|Any CPU
		{E40A57EB-9C90-4845-9B2A-92D47603E91C}.Debug|Any CPU.ActiveCfg = Debug|x86
		{E40A57EB-9C90-4845-9B2A-92D47603E91C}.Debug|Mixed Platforms.ActiveCfg = Debug|x86
		{E40A57EB-9C90-4845-9B2A-92D47603E91C}.Debug|Mixed Platforms.Build.0 = Debug|x86
		{E40A57EB-9C90-4845-9B2A-92D47603E91C}.Debug|x64.ActiveCfg = Debug|x86
		{E40A57EB-9C90-4845-9B2A-92D47603E91C}.Debug|x86.ActiveCfg = Debug|x86
		{E40A57EB-9C90-4845-9B2A-92D47603E91C}.Debug|x86.Build.0 = Debug|x86
		{E40A57EB-9C90-4845-9B2A-92D47603E91C}.Debug64|Any CPU.ActiveCfg = Debug|x86
		{E40A57EB-9C90-4845-9B2A-92D47603E91C}.Debug64|Mixed Platforms.ActiveCfg = Debug|x86
		{E40A57EB-9C90-4845-9B2A-92D47603E91C}.Debug64|Mixed Platforms.Build.0 = Debug|x86
		{E40A57EB-9C90-4845-9B2A-92D47603E91C}.Debug64|x64.ActiveCfg = Debug|x86
		{E40A57EB-9C90-4845-9B2A-92D47603E91C}.Debug64|x86.ActiveCfg = Debug|x86
		{E40A57EB-9C90-4845-9B2A-92D47603E91C}.Debug64|x86.Build.0 = Debug|x86
		{E40A57EB-9C90-4845-9B2A-92D47603E91C}.Release|Any CPU.ActiveCfg = Release|x86
		{E40A57EB-9C90-4845-9B2A-92D47603E91C}.Release|Mixed Platforms.ActiveCfg = Release|x86
		{E40A57EB-9C90-4845-9B2A-92D47603E91C}.Release|Mixed Platforms.Build.0 = Release|x86
		{E40A57EB-9C90-4845-9B2A-92D47603E91C}.Release|x64.ActiveCfg = Release|x86
		{E40A57EB-9C90-4845-9B2A-92D47603E91C}.Release|x86.ActiveCfg = Release|x86
		{E40A57EB-9C90-4845-9B2A-92D47603E91C}.Release|x86.Build.0 = Release|x86
		{E40A57EB-9C90-4845-9B2A-92D47603E91C}.ReleaseX64|Any CPU.ActiveCfg = Release|x86
		{E40A57EB-9C90-4845-9B2A-92D47603E91C}.ReleaseX64|Mixed Platforms.ActiveCfg = Release|x86
		{E40A57EB-9C90-4845-9B2A-92D47603E91C}.ReleaseX64|Mixed Platforms.Build.0 = Release|x86
		{E40A57EB-9C90-4845-9B2A-92D47603E91C}.ReleaseX64|x64.ActiveCfg = Release|x86
		{E40A57EB-9C90-4845-9B2A-92D47603E91C}.ReleaseX64|x86.ActiveCfg = Release|x86
		{E40A57EB-9C90-4845-9B2A-92D47603E91C}.ReleaseX64|x86.Build.0 = Release|x86
		{EDAEC8A7-A621-4ADB-BC37-9AA95CF9517E}.Debug|Any CPU.ActiveCfg = Debug|x86
		{EDAEC8A7-A621-4ADB-BC37-9AA95CF9517E}.Debug|Mixed Platforms.ActiveCfg = Debug|x86
		{EDAEC8A7-A621-4ADB-BC37-9AA95CF9517E}.Debug|Mixed Platforms.Build.0 = Debug|x86
		{EDAEC8A7-A621-4ADB-BC37-9AA95CF9517E}.Debug|x64.ActiveCfg = Debug|x86
		{EDAEC8A7-A621-4ADB-BC37-9AA95CF9517E}.Debug|x86.ActiveCfg = Debug|x86
		{EDAEC8A7-A621-4ADB-BC37-9AA95CF9517E}.Debug|x86.Build.0 = Debug|x86
		{EDAEC8A7-A621-4ADB-BC37-9AA95CF9517E}.Debug64|Any CPU.ActiveCfg = Debug|x86
		{EDAEC8A7-A621-4ADB-BC37-9AA95CF9517E}.Debug64|Mixed Platforms.ActiveCfg = Debug|x86
		{EDAEC8A7-A621-4ADB-BC37-9AA95CF9517E}.Debug64|Mixed Platforms.Build.0 = Debug|x86
		{EDAEC8A7-A621-4ADB-BC37-9AA95CF9517E}.Debug64|x64.ActiveCfg = Debug|x86
		{EDAEC8A7-A621-4ADB-BC37-9AA95CF9517E}.Debug64|x86.ActiveCfg = Debug|x86
		{EDAEC8A7-A621-4ADB-BC37-9AA95CF9517E}.Debug64|x86.Build.0 = Debug|x86
		{EDAEC8A7-A621-4ADB-BC37-9AA95CF9517E}.Release|Any CPU.ActiveCfg = Release|x86
		{EDAEC8A7-A621-4ADB-BC37-9AA95CF9517E}.Release|Mixed Platforms.ActiveCfg = Release|x86
		{EDAEC8A7-A621-4ADB-BC37-9AA95CF9517E}.Release|Mixed Platforms.Build.0 = Release|x86
		{EDAEC8A7-A621-4ADB-BC37-9AA95CF9517E}.Release|x64.ActiveCfg = Release|x86
		{EDAEC8A7-A621-4ADB-BC37-9AA95CF9517E}.Release|x86.ActiveCfg = Release|x86
		{EDAEC8A7-A621-4ADB-BC37-9AA95CF9517E}.Release|x86.Build.0 = Release|x86
		{EDAEC8A7-A621-4ADB-BC37-9AA95CF9517E}.ReleaseX64|Any CPU.ActiveCfg = Release|x86
		{EDAEC8A7-A621-4ADB-BC37-9AA95CF9517E}.ReleaseX64|Mixed Platforms.ActiveCfg = Release|x86
		{EDAEC8A7-A621-4ADB-BC37-9AA95CF9517E}.ReleaseX64|Mixed Platforms.Build.0 = Release|x86
		{EDAEC8A7-A621-4ADB-BC37-9AA95CF9517E}.ReleaseX64|x64.ActiveCfg = Release|x86
		{EDAEC8A7-A621-4ADB-BC37-9AA95CF9517E}.ReleaseX64|x86.ActiveCfg = Release|x86
		{EDAEC8A7-A621-4ADB-BC37-9AA95CF9517E}.ReleaseX64|x86.Build.0 = Release|x86
		{8C7D9EFF-5564-4B5E-A167-0CC34591403F}.Debug|Any CPU.ActiveCfg = Debug
		{8C7D9EFF-5564-4B5E-A167-0CC34591403F}.Debug|Any CPU.Build.0 = Debug
		{8C7D9EFF-5564-4B5E-A167-0CC34591403F}.Debug|Mixed Platforms.ActiveCfg = Debug
		{8C7D9EFF-5564-4B5E-A167-0CC34591403F}.Debug|Mixed Platforms.Build.0 = Debug
		{8C7D9EFF-5564-4B5E-A167-0CC34591403F}.Debug|x64.ActiveCfg = Debug
		{8C7D9EFF-5564-4B5E-A167-0CC34591403F}.Debug|x64.Build.0 = Debug
		{8C7D9EFF-5564-4B5E-A167-0CC34591403F}.Debug|x86.ActiveCfg = Debug
		{8C7D9EFF-5564-4B5E-A167-0CC34591403F}.Debug|x86.Build.0 = Debug
		{8C7D9EFF-5564-4B5E-A167-0CC34591403F}.Debug64|Any CPU.ActiveCfg = Debug
		{8C7D9EFF-5564-4B5E-A167-0CC34591403F}.Debug64|Any CPU.Build.0 = Debug
		{8C7D9EFF-5564-4B5E-A167-0CC34591403F}.Debug64|Mixed Platforms.ActiveCfg = Debug
		{8C7D9EFF-5564-4B5E-A167-0CC34591403F}.Debug64|Mixed Platforms.Build.0 = Debug
		{8C7D9EFF-5564-4B5E-A167-0CC34591403F}.Debug64|x64.ActiveCfg = Debug
		{8C7D9EFF-5564-4B5E-A167-0CC34591403F}.Debug64|x64.Build.0 = Debug
		{8C7D9EFF-5564-4B5E-A167-0CC34591403F}.Debug64|x86.ActiveCfg = Debug
		{8C7D9EFF-5564-4B5E-A167-0CC34591403F}.Debug64|x86.Build.0 = Debug
		{8C7D9EFF-5564-4B5E-A167-0CC34591403F}.Release|Any CPU.ActiveCfg = Release
		{8C7D9EFF-5564-4B5E-A167-0CC34591403F}.Release|Any CPU.Build.0 = Release
		{8C7D9EFF-5564-4B5E-A167-0CC34591403F}.Release|Mixed Platforms.ActiveCfg = Release
		{8C7D9EFF-5564-4B5E-A167-0CC34591403F}.Release|Mixed Platforms.Build.0 = Release
		{8C7D9EFF-5564-4B5E-A167-0CC34591403F}.Release|x64.ActiveCfg = Release
		{8C7D9EFF-5564-4B5E-A167-0CC34591403F}.Release|x64.Build.0 = Release
		{8C7D9EFF-5564-4B5E-A167-0CC34591403F}.Release|x86.ActiveCfg = Release
		{8C7D9EFF-5564-4B5E-A167-0CC34591403F}.Release|x86.Build.0 = Release
		{8C7D9EFF-5564-4B5E-A167-0CC34591403F}.ReleaseX64|Any CPU.ActiveCfg = Release
		{8C7D9EFF-5564-4B5E-A167-0CC34591403F}.ReleaseX64|Any CPU.Build.0 = Release
		{8C7D9EFF-5564-4B5E-A167-0CC34591403F}.ReleaseX64|Mixed Platforms.ActiveCfg = Release
		{8C7D9EFF-5564-4B5E-A167-0CC34591403F}.ReleaseX64|Mixed Platforms.Build.0 = Release
		{8C7D9EFF-5564-4B5E-A167-0CC34591403F}.ReleaseX64|x64.ActiveCfg = Release
		{8C7D9EFF-5564-4B5E-A167-0CC34591403F}.ReleaseX64|x64.Build.0 = Release
		{8C7D9EFF-5564-4B5E-A167-0CC34591403F}.ReleaseX64|x86.ActiveCfg = Release
		{8C7D9EFF-5564-4B5E-A167-0CC34591403F}.ReleaseX64|x86.Build.0 = Release
		{F47859FF-B24A-492A-995A-F7F124A14099}.Debug|Any CPU.ActiveCfg = Debug|Any CPU
		{F47859FF-B24A-492A-995A-F7F124A14099}.Debug|Any CPU.Build.0 = Debug|Any CPU
		{F47859FF-B24A-492A-995A-F7F124A14099}.Debug|Mixed Platforms.ActiveCfg = Debug|Any CPU
		{F47859FF-B24A-492A-995A-F7F124A14099}.Debug|Mixed Platforms.Build.0 = Debug|Any CPU
		{F47859FF-B24A-492A-995A-F7F124A14099}.Debug|x64.ActiveCfg = Debug|Any CPU
		{F47859FF-B24A-492A-995A-F7F124A14099}.Debug|x86.ActiveCfg = Debug|Any CPU
		{F47859FF-B24A-492A-995A-F7F124A14099}.Debug64|Any CPU.ActiveCfg = Debug|Any CPU
		{F47859FF-B24A-492A-995A-F7F124A14099}.Debug64|Any CPU.Build.0 = Debug|Any CPU
		{F47859FF-B24A-492A-995A-F7F124A14099}.Debug64|Mixed Platforms.ActiveCfg = Debug|Any CPU
		{F47859FF-B24A-492A-995A-F7F124A14099}.Debug64|Mixed Platforms.Build.0 = Debug|Any CPU
		{F47859FF-B24A-492A-995A-F7F124A14099}.Debug64|x64.ActiveCfg = Debug|Any CPU
		{F47859FF-B24A-492A-995A-F7F124A14099}.Debug64|x86.ActiveCfg = Debug|Any CPU
		{F47859FF-B24A-492A-995A-F7F124A14099}.Release|Any CPU.ActiveCfg = Release|Any CPU
		{F47859FF-B24A-492A-995A-F7F124A14099}.Release|Any CPU.Build.0 = Release|Any CPU
		{F47859FF-B24A-492A-995A-F7F124A14099}.Release|Mixed Platforms.ActiveCfg = Release|Any CPU
		{F47859FF-B24A-492A-995A-F7F124A14099}.Release|Mixed Platforms.Build.0 = Release|Any CPU
		{F47859FF-B24A-492A-995A-F7F124A14099}.Release|x64.ActiveCfg = Release|Any CPU
		{F47859FF-B24A-492A-995A-F7F124A14099}.Release|x86.ActiveCfg = Release|Any CPU
		{F47859FF-B24A-492A-995A-F7F124A14099}.ReleaseX64|Any CPU.ActiveCfg = Release|Any CPU
		{F47859FF-B24A-492A-995A-F7F124A14099}.ReleaseX64|Any CPU.Build.0 = Release|Any CPU
		{F47859FF-B24A-492A-995A-F7F124A14099}.ReleaseX64|Mixed Platforms.ActiveCfg = Release|Any CPU
		{F47859FF-B24A-492A-995A-F7F124A14099}.ReleaseX64|Mixed Platforms.Build.0 = Release|Any CPU
		{F47859FF-B24A-492A-995A-F7F124A14099}.ReleaseX64|x64.ActiveCfg = Release|Any CPU
		{F47859FF-B24A-492A-995A-F7F124A14099}.ReleaseX64|x86.ActiveCfg = Release|Any CPU
		{D04EA2CD-C152-4DFF-BB8D-2F45149AFC72}.Debug|Any CPU.ActiveCfg = Debug|Any CPU
		{D04EA2CD-C152-4DFF-BB8D-2F45149AFC72}.Debug|Any CPU.Build.0 = Debug|Any CPU
		{D04EA2CD-C152-4DFF-BB8D-2F45149AFC72}.Debug|Mixed Platforms.ActiveCfg = Debug|Any CPU
		{D04EA2CD-C152-4DFF-BB8D-2F45149AFC72}.Debug|Mixed Platforms.Build.0 = Debug|Any CPU
		{D04EA2CD-C152-4DFF-BB8D-2F45149AFC72}.Debug|x64.ActiveCfg = Debug|Any CPU
		{D04EA2CD-C152-4DFF-BB8D-2F45149AFC72}.Debug|x86.ActiveCfg = Debug|Any CPU
		{D04EA2CD-C152-4DFF-BB8D-2F45149AFC72}.Debug64|Any CPU.ActiveCfg = Debug|Any CPU
		{D04EA2CD-C152-4DFF-BB8D-2F45149AFC72}.Debug64|Any CPU.Build.0 = Debug|Any CPU
		{D04EA2CD-C152-4DFF-BB8D-2F45149AFC72}.Debug64|Mixed Platforms.ActiveCfg = Debug|Any CPU
		{D04EA2CD-C152-4DFF-BB8D-2F45149AFC72}.Debug64|Mixed Platforms.Build.0 = Debug|Any CPU
		{D04EA2CD-C152-4DFF-BB8D-2F45149AFC72}.Debug64|x64.ActiveCfg = Debug|Any CPU
		{D04EA2CD-C152-4DFF-BB8D-2F45149AFC72}.Debug64|x86.ActiveCfg = Debug|Any CPU
		{D04EA2CD-C152-4DFF-BB8D-2F45149AFC72}.Release|Any CPU.ActiveCfg = Release|Any CPU
		{D04EA2CD-C152-4DFF-BB8D-2F45149AFC72}.Release|Any CPU.Build.0 = Release|Any CPU
		{D04EA2CD-C152-4DFF-BB8D-2F45149AFC72}.Release|Mixed Platforms.ActiveCfg = Release|Any CPU
		{D04EA2CD-C152-4DFF-BB8D-2F45149AFC72}.Release|Mixed Platforms.Build.0 = Release|Any CPU
		{D04EA2CD-C152-4DFF-BB8D-2F45149AFC72}.Release|x64.ActiveCfg = Release|Any CPU
		{D04EA2CD-C152-4DFF-BB8D-2F45149AFC72}.Release|x86.ActiveCfg = Release|Any CPU
		{D04EA2CD-C152-4DFF-BB8D-2F45149AFC72}.ReleaseX64|Any CPU.ActiveCfg = Release|Any CPU
		{D04EA2CD-C152-4DFF-BB8D-2F45149AFC72}.ReleaseX64|Any CPU.Build.0 = Release|Any CPU
		{D04EA2CD-C152-4DFF-BB8D-2F45149AFC72}.ReleaseX64|Mixed Platforms.ActiveCfg = Release|Any CPU
		{D04EA2CD-C152-4DFF-BB8D-2F45149AFC72}.ReleaseX64|Mixed Platforms.Build.0 = Release|Any CPU
		{D04EA2CD-C152-4DFF-BB8D-2F45149AFC72}.ReleaseX64|x64.ActiveCfg = Release|Any CPU
		{D04EA2CD-C152-4DFF-BB8D-2F45149AFC72}.ReleaseX64|x86.ActiveCfg = Release|Any CPU
	EndGlobalSection
	GlobalSection(SolutionProperties) = preSolution
		HideSolutionNode = FALSE
	EndGlobalSection
	GlobalSection(NestedProjects) = preSolution
		{E40A57EB-9C90-4845-9B2A-92D47603E91C} = {77B4C90B-37DD-438F-BB4F-1E27AD675D92}
		{EDAEC8A7-A621-4ADB-BC37-9AA95CF9517E} = {77B4C90B-37DD-438F-BB4F-1E27AD675D92}
	EndGlobalSection
	GlobalSection(TestCaseManagementSettings) = postSolution
		CategoryFile = Construct.SensorHosts.vsmdi
	EndGlobalSection
	GlobalSection(DPCodeReviewSolutionGUID) = preSolution
		DPCodeReviewSolutionGUID = {00000000-0000-0000-0000-000000000000}
	EndGlobalSection
EndGlobal
