
Microsoft Visual Studio Solution File, Format Version 11.00
# Visual Studio 2010
Project("{FAE04EC0-301F-11D3-BF4B-00C04F79EFBC}") = "GenericSmartPhoneSensor", "GenericSmartPhoneSensor\GenericSmartPhoneSensor.csproj", "{C3C73408-1378-4E2D-9A38-9ED4D5A973E5}"
EndProject
Global
	GlobalSection(TeamFoundationVersionControl) = preSolution
		SccNumberOfProjects = 2
		SccEnterpriseProvider = {4CA58AB2-18FA-4F8D-95D4-32DDF27D184C}
		SccTeamFoundationServer = http://construct1.colum.edu:8080/tfs/defaultcollection
		SccLocalPath0 = .
		SccProjectUniqueName1 = GenericSmartPhoneSensor\\GenericSmartPhoneSensor.csproj
		SccProjectName1 = GenericSmartPhoneSensor
		SccLocalPath1 = GenericSmartPhoneSensor
	EndGlobalSection
	GlobalSection(SolutionConfigurationPlatforms) = preSolution
		Debug|Any CPU = Debug|Any CPU
		Release|Any CPU = Release|Any CPU
	EndGlobalSection
	GlobalSection(ProjectConfigurationPlatforms) = postSolution
		{C3C73408-1378-4E2D-9A38-9ED4D5A973E5}.Debug|Any CPU.ActiveCfg = Debug|Any CPU
		{C3C73408-1378-4E2D-9A38-9ED4D5A973E5}.Debug|Any CPU.Build.0 = Debug|Any CPU
		{C3C73408-1378-4E2D-9A38-9ED4D5A973E5}.Debug|Any CPU.Deploy.0 = Debug|Any CPU
		{C3C73408-1378-4E2D-9A38-9ED4D5A973E5}.Release|Any CPU.ActiveCfg = Release|Any CPU
		{C3C73408-1378-4E2D-9A38-9ED4D5A973E5}.Release|Any CPU.Build.0 = Release|Any CPU
		{C3C73408-1378-4E2D-9A38-9ED4D5A973E5}.Release|Any CPU.Deploy.0 = Release|Any CPU
	EndGlobalSection
	GlobalSection(SolutionProperties) = preSolution
		HideSolutionNode = FALSE
	EndGlobalSection
EndGlobal
