
Microsoft Visual Studio Solution File, Format Version 12.00
# Visual Studio 2013
VisualStudioVersion = 12.0.30723.0
MinimumVisualStudioVersion = 10.0.40219.1
Project("{FAE04EC0-301F-11D3-BF4B-00C04F79EFBC}") = "SMVisualization", "SMVisualization\SMVisualization\SMVisualization.csproj", "{ED091247-289A-407A-AD5F-1C65ADF86311}"
EndProject
Project("{FAE04EC0-301F-11D3-BF4B-00C04F79EFBC}") = "SMVisualizationContent", "SMVisualization\SMVisualizationContent\SMVisualizationContent.contentproj", "{10D2EA63-662E-4F0B-8880-C954B0389DE3}"
EndProject
Project("{FAE04EC0-301F-11D3-BF4B-00C04F79EFBC}") = "RawDataCollection", "RawDataCollection\RawDataCollection.csproj", "{BCED96B7-FE6F-43E0-854E-379A5279B149}"
EndProject
Project("{FAE04EC0-301F-11D3-BF4B-00C04F79EFBC}") = "SMFramework", "SMFramework\SMFramework.csproj", "{38C77D16-0BA0-48F8-975E-E6BBB100C6DA}"
EndProject
Project("{FAE04EC0-301F-11D3-BF4B-00C04F79EFBC}") = "AnalyticsCompiler", "Analytics Compiler\AnalyticsCompiler.csproj", "{5EEA64DE-66BE-48A5-B824-190D5007EB58}"
EndProject
Project("{FAE04EC0-301F-11D3-BF4B-00C04F79EFBC}") = "SensorConfigurationViewer", "SensorConfigurationViewer\SensorConfigurationViewer.csproj", "{F113EC03-F19D-4173-B992-E763A93F0B38}"
EndProject
Project("{FAE04EC0-301F-11D3-BF4B-00C04F79EFBC}") = "FaceDataGenerator", "FaceDataGenerator\FaceDataGenerator.csproj", "{1356B81F-C0E4-48EC-B536-CD1DAC2502F9}"
EndProject
Project("{FAE04EC0-301F-11D3-BF4B-00C04F79EFBC}") = "CalibrationTool", "CalibrationTool\CalibrationTool.csproj", "{A30A7B4A-08CF-4278-A715-0B13639C46F9}"
EndProject
Project("{FAE04EC0-301F-11D3-BF4B-00C04F79EFBC}") = "BatchDataTransform", "BatchDataTransform\BatchDataTransform.csproj", "{CDD205FD-9C78-4818-806D-11E2AC0D2E50}"
EndProject
Project("{2150E333-8FDC-42A3-9474-1A3956D46DE8}") = "Solution Items", "Solution Items", "{74CBAC18-C40B-43A3-BCD2-9F625E69C765}"
	ProjectSection(SolutionItems) = preProject
		Projects Summary.txt = Projects Summary.txt
	EndProjectSection
EndProject
Project("{FAE04EC0-301F-11D3-BF4B-00C04F79EFBC}") = "StandardizedQualityCapture", "StandardizedQualityCapture\StandardizedQualityCapture.csproj", "{37B68504-1212-4468-824A-E2C950E64780}"
EndProject
Project("{FAE04EC0-301F-11D3-BF4B-00C04F79EFBC}") = "BatchDataTrim", "BatchDataTrim\BatchDataTrim.csproj", "{D4546E63-B986-42B2-B85F-D00582D4FE01}"
EndProject
Project("{2150E333-8FDC-42A3-9474-1A3956D46DE8}") = "Accord.NET", "Accord.NET", "{B7D33AEE-811D-4A07-BC62-17CE9A548F6C}"
EndProject
Project("{FAE04EC0-301F-11D3-BF4B-00C04F79EFBC}") = "Accord.Core", "Accord.NET\Accord.Core\Accord.Core.csproj", "{A177A90C-8207-466A-AF70-F2B8452A42AC}"
EndProject
Project("{FAE04EC0-301F-11D3-BF4B-00C04F79EFBC}") = "Accord.MachineLearning", "Accord.NET\Accord.MachineLearning\Accord.MachineLearning.csproj", "{7AB4BBCC-6222-423D-9FF9-BA9CB7C09199}"
EndProject
Project("{FAE04EC0-301F-11D3-BF4B-00C04F79EFBC}") = "Accord.Statistics", "Accord.NET\Accord.Statistics\Accord.Statistics.csproj", "{FD8101DD-C95D-42D6-AD44-AE01C25F2811}"
EndProject
Project("{FAE04EC0-301F-11D3-BF4B-00C04F79EFBC}") = "Accord.Math", "Accord.NET\Accord.Math\Accord.Math.csproj", "{F718E9A8-DB62-4785-8C49-4333A60D256A}"
EndProject
Project("{FAE04EC0-301F-11D3-BF4B-00C04F79EFBC}") = "BayesDesigner", "ModelGenerator\BayesDesigner.csproj", "{1E2A15F7-0210-46AB-A63A-7835252770BC}"
EndProject
Project("{2150E333-8FDC-42A3-9474-1A3956D46DE8}") = "Station Management", "Station Management", "{1D43F0A2-CE0E-4B10-9763-DF8B6C9EE095}"
EndProject
Project("{FAE04EC0-301F-11D3-BF4B-00C04F79EFBC}") = "netclient", "netclient\netclient.csproj", "{B03EDCEB-4D38-4BE2-8F22-CCC2D4C32048}"
EndProject
Project("{FAE04EC0-301F-11D3-BF4B-00C04F79EFBC}") = "randomudp", "randomudp\randomudp.csproj", "{8FF9190C-B40E-409C-8EBD-574DC90938F1}"
EndProject
Project("{FAE04EC0-301F-11D3-BF4B-00C04F79EFBC}") = "SMFrameworkTests", "SMFrameworkTests\SMFrameworkTests.csproj", "{95FAFA69-88C7-454E-8238-5A2C04DA38F7}"
EndProject
Project("{2150E333-8FDC-42A3-9474-1A3956D46DE8}") = "Data Management Tools", "Data Management Tools", "{38542766-F428-485C-9E81-A29174C97E14}"
EndProject
Project("{2150E333-8FDC-42A3-9474-1A3956D46DE8}") = "Tests", "Tests", "{2D4FE701-AF7F-4952-A6EC-D5517FBF5D38}"
EndProject
Project("{FAE04EC0-301F-11D3-BF4B-00C04F79EFBC}") = "faceLABConstructSensor", "faceLABConstructSensor\faceLABConstructSensor.csproj", "{58283BC8-9ACB-4FD1-A379-91D74EA30372}"
EndProject
Project("{2150E333-8FDC-42A3-9474-1A3956D46DE8}") = "Construct", "Construct", "{2718FDA5-1DDC-49C7-97BB-B781E8FF55CE}"
EndProject
Project("{FAE04EC0-301F-11D3-BF4B-00C04F79EFBC}") = "ConstructMetadataGenerator", "ConstructMetadataGenerator\ConstructMetadataGenerator.csproj", "{3EF4B0F9-EB84-4A6E-8184-4F118DEBBBDC}"
EndProject
Project("{2150E333-8FDC-42A3-9474-1A3956D46DE8}") = "Construct Core", "Construct Core", "{0413A699-617E-4B9E-B4C0-A97BD64A5648}"
EndProject
Project("{FAE04EC0-301F-11D3-BF4B-00C04F79EFBC}") = "Recordings Manager", "Recordings Manager\Recordings Manager.csproj", "{DAC623FB-E3FA-4CF9-9FBE-C46C38D0E1A3}"
EndProject
Project("{FAE04EC0-301F-11D3-BF4B-00C04F79EFBC}") = "ReferenceFixUtility", "ReferenceFixUtility\ReferenceFixUtility.csproj", "{F8B0158D-8E3B-462E-A71F-97BEFB61772B}"
EndProject
Project("{8BC9CEB8-8B4A-11D0-8D11-00A0C91BC942}") = "faceAPISensor", "faceAPISensor\faceAPISensor.vcxproj", "{47DDFB90-D5A1-4348-948E-0FD8B5FE7F42}"
EndProject
Project("{FAE04EC0-301F-11D3-BF4B-00C04F79EFBC}") = "faceAPISensorDriver", "faceAPISensorDriver\faceAPISensorDriver.csproj", "{14330EF1-2806-42E7-A132-445958092B20}"
EndProject
Project("{8BC9CEB8-8B4A-11D0-8D11-00A0C91BC942}") = "faceAPISensorCommercial", "faceAPISensorCommercial\faceAPISensorCommercial.vcxproj", "{39E8E82C-C3D5-49A9-82CF-1D7FC0703858}"
EndProject
Project("{FAE04EC0-301F-11D3-BF4B-00C04F79EFBC}") = "faceAPISensorCommercialDriver", "faceAPISensorCommercialCS\faceAPISensorCommercialDriver.csproj", "{BB17D05F-36DE-48A3-B12E-E87F738D0432}"
EndProject
Project("{8BC9CEB8-8B4A-11D0-8D11-00A0C91BC942}") = "FaceAPI4StreamingServer", "FaceAPI4StreamingServer\FaceAPI4StreamingServer.vcxproj", "{2019DEE0-AC15-4223-A1C7-87D5A4FBD2A6}"
EndProject
Project("{FAE04EC0-301F-11D3-BF4B-00C04F79EFBC}") = "TranscriptionViewer", "TranscriptionViewer\TranscriptionViewer.csproj", "{4A363CEE-D6D8-4A99-81D7-C10CEEB21BA7}"
EndProject
Project("{FAE04EC0-301F-11D3-BF4B-00C04F79EFBC}") = "Construct.MessageBrokering", "..\..\Construct3\Construct3\Construct.MessageBrokering\Construct.MessageBrokering.csproj", "{F47859FF-B24A-492A-995A-F7F124A14099}"
EndProject
Project("{FAE04EC0-301F-11D3-BF4B-00C04F79EFBC}") = "Construct.Sensors", "..\..\ConstructSensors\WindowsSensors\Construct.Sensors\Construct.Sensors.csproj", "{5DDB820F-16BF-48E6-857E-AC60066844BB}"
EndProject
Project("{2150E333-8FDC-42A3-9474-1A3956D46DE8}") = ".nuget", ".nuget", "{B64A38C0-D3F8-4505-A745-5DED8419B0E2}"
	ProjectSection(SolutionItems) = preProject
		.nuget\NuGet.Config = .nuget\NuGet.Config
		.nuget\NuGet.exe = .nuget\NuGet.exe
		.nuget\NuGet.targets = .nuget\NuGet.targets
	EndProjectSection
EndProject
Global
	GlobalSection(SolutionConfigurationPlatforms) = preSolution
		Debug|Any CPU = Debug|Any CPU
		Debug|Mixed Platforms = Debug|Mixed Platforms
		Debug|Win32 = Debug|Win32
		Debug|x64 = Debug|x64
		Debug|x86 = Debug|x86
		Deploy to Daisy|Any CPU = Deploy to Daisy|Any CPU
		Deploy to Daisy|Mixed Platforms = Deploy to Daisy|Mixed Platforms
		Deploy to Daisy|Win32 = Deploy to Daisy|Win32
		Deploy to Daisy|x64 = Deploy to Daisy|x64
		Deploy to Daisy|x86 = Deploy to Daisy|x86
		Release|Any CPU = Release|Any CPU
		Release|Mixed Platforms = Release|Mixed Platforms
		Release|Win32 = Release|Win32
		Release|x64 = Release|x64
		Release|x86 = Release|x86
	EndGlobalSection
	GlobalSection(ProjectConfigurationPlatforms) = postSolution
		{ED091247-289A-407A-AD5F-1C65ADF86311}.Debug|Any CPU.ActiveCfg = Debug|x86
		{ED091247-289A-407A-AD5F-1C65ADF86311}.Debug|Any CPU.Build.0 = Debug|x86
		{ED091247-289A-407A-AD5F-1C65ADF86311}.Debug|Mixed Platforms.ActiveCfg = Debug|x86
		{ED091247-289A-407A-AD5F-1C65ADF86311}.Debug|Mixed Platforms.Build.0 = Debug|x86
		{ED091247-289A-407A-AD5F-1C65ADF86311}.Debug|Win32.ActiveCfg = Debug|x86
		{ED091247-289A-407A-AD5F-1C65ADF86311}.Debug|Win32.Build.0 = Debug|x86
		{ED091247-289A-407A-AD5F-1C65ADF86311}.Debug|x64.ActiveCfg = Release|x86
		{ED091247-289A-407A-AD5F-1C65ADF86311}.Debug|x86.ActiveCfg = Debug|x86
		{ED091247-289A-407A-AD5F-1C65ADF86311}.Debug|x86.Build.0 = Debug|x86
		{ED091247-289A-407A-AD5F-1C65ADF86311}.Deploy to Daisy|Any CPU.ActiveCfg = Deploy to Daisy|x86
		{ED091247-289A-407A-AD5F-1C65ADF86311}.Deploy to Daisy|Mixed Platforms.ActiveCfg = Deploy to Daisy|x86
		{ED091247-289A-407A-AD5F-1C65ADF86311}.Deploy to Daisy|Mixed Platforms.Build.0 = Deploy to Daisy|x86
		{ED091247-289A-407A-AD5F-1C65ADF86311}.Deploy to Daisy|Win32.ActiveCfg = Deploy to Daisy|x86
		{ED091247-289A-407A-AD5F-1C65ADF86311}.Deploy to Daisy|Win32.Build.0 = Deploy to Daisy|x86
		{ED091247-289A-407A-AD5F-1C65ADF86311}.Deploy to Daisy|x64.ActiveCfg = Deploy to Daisy|x86
		{ED091247-289A-407A-AD5F-1C65ADF86311}.Deploy to Daisy|x86.ActiveCfg = Deploy to Daisy|x86
		{ED091247-289A-407A-AD5F-1C65ADF86311}.Deploy to Daisy|x86.Build.0 = Deploy to Daisy|x86
		{ED091247-289A-407A-AD5F-1C65ADF86311}.Release|Any CPU.ActiveCfg = Release|x86
		{ED091247-289A-407A-AD5F-1C65ADF86311}.Release|Mixed Platforms.ActiveCfg = Release|x86
		{ED091247-289A-407A-AD5F-1C65ADF86311}.Release|Mixed Platforms.Build.0 = Release|x86
		{ED091247-289A-407A-AD5F-1C65ADF86311}.Release|Win32.ActiveCfg = Release|x86
		{ED091247-289A-407A-AD5F-1C65ADF86311}.Release|Win32.Build.0 = Release|x86
		{ED091247-289A-407A-AD5F-1C65ADF86311}.Release|x64.ActiveCfg = Release|x86
		{ED091247-289A-407A-AD5F-1C65ADF86311}.Release|x86.ActiveCfg = Release|x86
		{ED091247-289A-407A-AD5F-1C65ADF86311}.Release|x86.Build.0 = Release|x86
		{10D2EA63-662E-4F0B-8880-C954B0389DE3}.Debug|Any CPU.ActiveCfg = Debug|x86
		{10D2EA63-662E-4F0B-8880-C954B0389DE3}.Debug|Mixed Platforms.ActiveCfg = Debug|x86
		{10D2EA63-662E-4F0B-8880-C954B0389DE3}.Debug|Win32.ActiveCfg = Debug|x86
		{10D2EA63-662E-4F0B-8880-C954B0389DE3}.Debug|x64.ActiveCfg = Release|x86
		{10D2EA63-662E-4F0B-8880-C954B0389DE3}.Debug|x86.ActiveCfg = Debug|x86
		{10D2EA63-662E-4F0B-8880-C954B0389DE3}.Deploy to Daisy|Any CPU.ActiveCfg = Debug|x86
		{10D2EA63-662E-4F0B-8880-C954B0389DE3}.Deploy to Daisy|Mixed Platforms.ActiveCfg = Debug|x86
		{10D2EA63-662E-4F0B-8880-C954B0389DE3}.Deploy to Daisy|Win32.ActiveCfg = Debug|x86
		{10D2EA63-662E-4F0B-8880-C954B0389DE3}.Deploy to Daisy|x64.ActiveCfg = Debug|x86
		{10D2EA63-662E-4F0B-8880-C954B0389DE3}.Deploy to Daisy|x86.ActiveCfg = Debug|x86
		{10D2EA63-662E-4F0B-8880-C954B0389DE3}.Release|Any CPU.ActiveCfg = Release|x86
		{10D2EA63-662E-4F0B-8880-C954B0389DE3}.Release|Mixed Platforms.ActiveCfg = Release|x86
		{10D2EA63-662E-4F0B-8880-C954B0389DE3}.Release|Win32.ActiveCfg = Release|x86
		{10D2EA63-662E-4F0B-8880-C954B0389DE3}.Release|x64.ActiveCfg = Release|x86
		{10D2EA63-662E-4F0B-8880-C954B0389DE3}.Release|x86.ActiveCfg = Release|x86
		{BCED96B7-FE6F-43E0-854E-379A5279B149}.Debug|Any CPU.ActiveCfg = Debug|Any CPU
		{BCED96B7-FE6F-43E0-854E-379A5279B149}.Debug|Any CPU.Build.0 = Debug|Any CPU
		{BCED96B7-FE6F-43E0-854E-379A5279B149}.Debug|Mixed Platforms.ActiveCfg = Debug|Any CPU
		{BCED96B7-FE6F-43E0-854E-379A5279B149}.Debug|Mixed Platforms.Build.0 = Debug|Any CPU
		{BCED96B7-FE6F-43E0-854E-379A5279B149}.Debug|Win32.ActiveCfg = Debug|Any CPU
		{BCED96B7-FE6F-43E0-854E-379A5279B149}.Debug|x64.ActiveCfg = Debug|Any CPU
		{BCED96B7-FE6F-43E0-854E-379A5279B149}.Debug|x86.ActiveCfg = Debug|Any CPU
		{BCED96B7-FE6F-43E0-854E-379A5279B149}.Debug|x86.Build.0 = Debug|Any CPU
		{BCED96B7-FE6F-43E0-854E-379A5279B149}.Deploy to Daisy|Any CPU.ActiveCfg = Deploy to Daisy|Any CPU
		{BCED96B7-FE6F-43E0-854E-379A5279B149}.Deploy to Daisy|Any CPU.Build.0 = Deploy to Daisy|Any CPU
		{BCED96B7-FE6F-43E0-854E-379A5279B149}.Deploy to Daisy|Mixed Platforms.ActiveCfg = Deploy to Daisy|Any CPU
		{BCED96B7-FE6F-43E0-854E-379A5279B149}.Deploy to Daisy|Mixed Platforms.Build.0 = Deploy to Daisy|Any CPU
		{BCED96B7-FE6F-43E0-854E-379A5279B149}.Deploy to Daisy|Win32.ActiveCfg = Deploy to Daisy|Any CPU
		{BCED96B7-FE6F-43E0-854E-379A5279B149}.Deploy to Daisy|x64.ActiveCfg = Deploy to Daisy|Any CPU
		{BCED96B7-FE6F-43E0-854E-379A5279B149}.Deploy to Daisy|x86.ActiveCfg = Deploy to Daisy|Any CPU
		{BCED96B7-FE6F-43E0-854E-379A5279B149}.Release|Any CPU.ActiveCfg = Release|Any CPU
		{BCED96B7-FE6F-43E0-854E-379A5279B149}.Release|Any CPU.Build.0 = Release|Any CPU
		{BCED96B7-FE6F-43E0-854E-379A5279B149}.Release|Mixed Platforms.ActiveCfg = Release|Any CPU
		{BCED96B7-FE6F-43E0-854E-379A5279B149}.Release|Mixed Platforms.Build.0 = Release|Any CPU
		{BCED96B7-FE6F-43E0-854E-379A5279B149}.Release|Win32.ActiveCfg = Release|Any CPU
		{BCED96B7-FE6F-43E0-854E-379A5279B149}.Release|x64.ActiveCfg = Release|Any CPU
		{BCED96B7-FE6F-43E0-854E-379A5279B149}.Release|x86.ActiveCfg = Release|Any CPU
		{BCED96B7-FE6F-43E0-854E-379A5279B149}.Release|x86.Build.0 = Release|Any CPU
		{38C77D16-0BA0-48F8-975E-E6BBB100C6DA}.Debug|Any CPU.ActiveCfg = Debug|Any CPU
		{38C77D16-0BA0-48F8-975E-E6BBB100C6DA}.Debug|Any CPU.Build.0 = Debug|Any CPU
		{38C77D16-0BA0-48F8-975E-E6BBB100C6DA}.Debug|Mixed Platforms.ActiveCfg = Debug|Any CPU
		{38C77D16-0BA0-48F8-975E-E6BBB100C6DA}.Debug|Mixed Platforms.Build.0 = Debug|Any CPU
		{38C77D16-0BA0-48F8-975E-E6BBB100C6DA}.Debug|Win32.ActiveCfg = Debug|Any CPU
		{38C77D16-0BA0-48F8-975E-E6BBB100C6DA}.Debug|x64.ActiveCfg = Debug|Any CPU
		{38C77D16-0BA0-48F8-975E-E6BBB100C6DA}.Debug|x86.ActiveCfg = Debug|Any CPU
		{38C77D16-0BA0-48F8-975E-E6BBB100C6DA}.Debug|x86.Build.0 = Debug|Any CPU
		{38C77D16-0BA0-48F8-975E-E6BBB100C6DA}.Deploy to Daisy|Any CPU.ActiveCfg = Deploy to Daisy|Any CPU
		{38C77D16-0BA0-48F8-975E-E6BBB100C6DA}.Deploy to Daisy|Any CPU.Build.0 = Deploy to Daisy|Any CPU
		{38C77D16-0BA0-48F8-975E-E6BBB100C6DA}.Deploy to Daisy|Mixed Platforms.ActiveCfg = Deploy to Daisy|Any CPU
		{38C77D16-0BA0-48F8-975E-E6BBB100C6DA}.Deploy to Daisy|Mixed Platforms.Build.0 = Deploy to Daisy|Any CPU
		{38C77D16-0BA0-48F8-975E-E6BBB100C6DA}.Deploy to Daisy|Win32.ActiveCfg = Deploy to Daisy|Any CPU
		{38C77D16-0BA0-48F8-975E-E6BBB100C6DA}.Deploy to Daisy|x64.ActiveCfg = Deploy to Daisy|Any CPU
		{38C77D16-0BA0-48F8-975E-E6BBB100C6DA}.Deploy to Daisy|x86.ActiveCfg = Deploy to Daisy|Any CPU
		{38C77D16-0BA0-48F8-975E-E6BBB100C6DA}.Release|Any CPU.ActiveCfg = Release|Any CPU
		{38C77D16-0BA0-48F8-975E-E6BBB100C6DA}.Release|Any CPU.Build.0 = Release|Any CPU
		{38C77D16-0BA0-48F8-975E-E6BBB100C6DA}.Release|Mixed Platforms.ActiveCfg = Release|Any CPU
		{38C77D16-0BA0-48F8-975E-E6BBB100C6DA}.Release|Mixed Platforms.Build.0 = Release|Any CPU
		{38C77D16-0BA0-48F8-975E-E6BBB100C6DA}.Release|Win32.ActiveCfg = Release|Any CPU
		{38C77D16-0BA0-48F8-975E-E6BBB100C6DA}.Release|x64.ActiveCfg = Release|Any CPU
		{38C77D16-0BA0-48F8-975E-E6BBB100C6DA}.Release|x86.ActiveCfg = Release|Any CPU
		{38C77D16-0BA0-48F8-975E-E6BBB100C6DA}.Release|x86.Build.0 = Release|Any CPU
		{5EEA64DE-66BE-48A5-B824-190D5007EB58}.Debug|Any CPU.ActiveCfg = Debug|Any CPU
		{5EEA64DE-66BE-48A5-B824-190D5007EB58}.Debug|Any CPU.Build.0 = Debug|Any CPU
		{5EEA64DE-66BE-48A5-B824-190D5007EB58}.Debug|Mixed Platforms.ActiveCfg = Debug|Any CPU
		{5EEA64DE-66BE-48A5-B824-190D5007EB58}.Debug|Mixed Platforms.Build.0 = Debug|Any CPU
		{5EEA64DE-66BE-48A5-B824-190D5007EB58}.Debug|Win32.ActiveCfg = Debug|Any CPU
		{5EEA64DE-66BE-48A5-B824-190D5007EB58}.Debug|x64.ActiveCfg = Debug|Any CPU
		{5EEA64DE-66BE-48A5-B824-190D5007EB58}.Debug|x86.ActiveCfg = Debug|Any CPU
		{5EEA64DE-66BE-48A5-B824-190D5007EB58}.Debug|x86.Build.0 = Debug|Any CPU
		{5EEA64DE-66BE-48A5-B824-190D5007EB58}.Deploy to Daisy|Any CPU.ActiveCfg = Deploy to Daisy|Any CPU
		{5EEA64DE-66BE-48A5-B824-190D5007EB58}.Deploy to Daisy|Any CPU.Build.0 = Deploy to Daisy|Any CPU
		{5EEA64DE-66BE-48A5-B824-190D5007EB58}.Deploy to Daisy|Mixed Platforms.ActiveCfg = Deploy to Daisy|Any CPU
		{5EEA64DE-66BE-48A5-B824-190D5007EB58}.Deploy to Daisy|Mixed Platforms.Build.0 = Deploy to Daisy|Any CPU
		{5EEA64DE-66BE-48A5-B824-190D5007EB58}.Deploy to Daisy|Win32.ActiveCfg = Deploy to Daisy|Any CPU
		{5EEA64DE-66BE-48A5-B824-190D5007EB58}.Deploy to Daisy|x64.ActiveCfg = Deploy to Daisy|Any CPU
		{5EEA64DE-66BE-48A5-B824-190D5007EB58}.Deploy to Daisy|x86.ActiveCfg = Deploy to Daisy|Any CPU
		{5EEA64DE-66BE-48A5-B824-190D5007EB58}.Release|Any CPU.ActiveCfg = Release|Any CPU
		{5EEA64DE-66BE-48A5-B824-190D5007EB58}.Release|Any CPU.Build.0 = Release|Any CPU
		{5EEA64DE-66BE-48A5-B824-190D5007EB58}.Release|Mixed Platforms.ActiveCfg = Release|Any CPU
		{5EEA64DE-66BE-48A5-B824-190D5007EB58}.Release|Mixed Platforms.Build.0 = Release|Any CPU
		{5EEA64DE-66BE-48A5-B824-190D5007EB58}.Release|Win32.ActiveCfg = Release|Any CPU
		{5EEA64DE-66BE-48A5-B824-190D5007EB58}.Release|x64.ActiveCfg = Release|Any CPU
		{5EEA64DE-66BE-48A5-B824-190D5007EB58}.Release|x86.ActiveCfg = Release|Any CPU
		{5EEA64DE-66BE-48A5-B824-190D5007EB58}.Release|x86.Build.0 = Release|Any CPU
		{F113EC03-F19D-4173-B992-E763A93F0B38}.Debug|Any CPU.ActiveCfg = Debug|Any CPU
		{F113EC03-F19D-4173-B992-E763A93F0B38}.Debug|Any CPU.Build.0 = Debug|Any CPU
		{F113EC03-F19D-4173-B992-E763A93F0B38}.Debug|Mixed Platforms.ActiveCfg = Debug|Any CPU
		{F113EC03-F19D-4173-B992-E763A93F0B38}.Debug|Mixed Platforms.Build.0 = Debug|Any CPU
		{F113EC03-F19D-4173-B992-E763A93F0B38}.Debug|Win32.ActiveCfg = Debug|Any CPU
		{F113EC03-F19D-4173-B992-E763A93F0B38}.Debug|x64.ActiveCfg = Debug|Any CPU
		{F113EC03-F19D-4173-B992-E763A93F0B38}.Debug|x86.ActiveCfg = Debug|Any CPU
		{F113EC03-F19D-4173-B992-E763A93F0B38}.Debug|x86.Build.0 = Debug|Any CPU
		{F113EC03-F19D-4173-B992-E763A93F0B38}.Deploy to Daisy|Any CPU.ActiveCfg = Deploy to Daisy|Any CPU
		{F113EC03-F19D-4173-B992-E763A93F0B38}.Deploy to Daisy|Any CPU.Build.0 = Deploy to Daisy|Any CPU
		{F113EC03-F19D-4173-B992-E763A93F0B38}.Deploy to Daisy|Mixed Platforms.ActiveCfg = Deploy to Daisy|Any CPU
		{F113EC03-F19D-4173-B992-E763A93F0B38}.Deploy to Daisy|Mixed Platforms.Build.0 = Deploy to Daisy|Any CPU
		{F113EC03-F19D-4173-B992-E763A93F0B38}.Deploy to Daisy|Win32.ActiveCfg = Deploy to Daisy|Any CPU
		{F113EC03-F19D-4173-B992-E763A93F0B38}.Deploy to Daisy|x64.ActiveCfg = Deploy to Daisy|Any CPU
		{F113EC03-F19D-4173-B992-E763A93F0B38}.Deploy to Daisy|x86.ActiveCfg = Deploy to Daisy|Any CPU
		{F113EC03-F19D-4173-B992-E763A93F0B38}.Release|Any CPU.ActiveCfg = Release|Any CPU
		{F113EC03-F19D-4173-B992-E763A93F0B38}.Release|Any CPU.Build.0 = Release|Any CPU
		{F113EC03-F19D-4173-B992-E763A93F0B38}.Release|Mixed Platforms.ActiveCfg = Release|Any CPU
		{F113EC03-F19D-4173-B992-E763A93F0B38}.Release|Mixed Platforms.Build.0 = Release|Any CPU
		{F113EC03-F19D-4173-B992-E763A93F0B38}.Release|Win32.ActiveCfg = Release|Any CPU
		{F113EC03-F19D-4173-B992-E763A93F0B38}.Release|x64.ActiveCfg = Release|Any CPU
		{F113EC03-F19D-4173-B992-E763A93F0B38}.Release|x86.ActiveCfg = Release|Any CPU
		{F113EC03-F19D-4173-B992-E763A93F0B38}.Release|x86.Build.0 = Release|Any CPU
		{1356B81F-C0E4-48EC-B536-CD1DAC2502F9}.Debug|Any CPU.ActiveCfg = Debug|Any CPU
		{1356B81F-C0E4-48EC-B536-CD1DAC2502F9}.Debug|Any CPU.Build.0 = Debug|Any CPU
		{1356B81F-C0E4-48EC-B536-CD1DAC2502F9}.Debug|Mixed Platforms.ActiveCfg = Debug|Any CPU
		{1356B81F-C0E4-48EC-B536-CD1DAC2502F9}.Debug|Mixed Platforms.Build.0 = Debug|Any CPU
		{1356B81F-C0E4-48EC-B536-CD1DAC2502F9}.Debug|Win32.ActiveCfg = Debug|Any CPU
		{1356B81F-C0E4-48EC-B536-CD1DAC2502F9}.Debug|x64.ActiveCfg = Debug|Any CPU
		{1356B81F-C0E4-48EC-B536-CD1DAC2502F9}.Debug|x86.ActiveCfg = Debug|Any CPU
		{1356B81F-C0E4-48EC-B536-CD1DAC2502F9}.Debug|x86.Build.0 = Debug|Any CPU
		{1356B81F-C0E4-48EC-B536-CD1DAC2502F9}.Deploy to Daisy|Any CPU.ActiveCfg = Deploy to Daisy|Any CPU
		{1356B81F-C0E4-48EC-B536-CD1DAC2502F9}.Deploy to Daisy|Any CPU.Build.0 = Deploy to Daisy|Any CPU
		{1356B81F-C0E4-48EC-B536-CD1DAC2502F9}.Deploy to Daisy|Mixed Platforms.ActiveCfg = Deploy to Daisy|Any CPU
		{1356B81F-C0E4-48EC-B536-CD1DAC2502F9}.Deploy to Daisy|Mixed Platforms.Build.0 = Deploy to Daisy|Any CPU
		{1356B81F-C0E4-48EC-B536-CD1DAC2502F9}.Deploy to Daisy|Win32.ActiveCfg = Deploy to Daisy|Any CPU
		{1356B81F-C0E4-48EC-B536-CD1DAC2502F9}.Deploy to Daisy|x64.ActiveCfg = Deploy to Daisy|Any CPU
		{1356B81F-C0E4-48EC-B536-CD1DAC2502F9}.Deploy to Daisy|x86.ActiveCfg = Deploy to Daisy|Any CPU
		{1356B81F-C0E4-48EC-B536-CD1DAC2502F9}.Release|Any CPU.ActiveCfg = Release|Any CPU
		{1356B81F-C0E4-48EC-B536-CD1DAC2502F9}.Release|Any CPU.Build.0 = Release|Any CPU
		{1356B81F-C0E4-48EC-B536-CD1DAC2502F9}.Release|Mixed Platforms.ActiveCfg = Release|Any CPU
		{1356B81F-C0E4-48EC-B536-CD1DAC2502F9}.Release|Mixed Platforms.Build.0 = Release|Any CPU
		{1356B81F-C0E4-48EC-B536-CD1DAC2502F9}.Release|Win32.ActiveCfg = Release|Any CPU
		{1356B81F-C0E4-48EC-B536-CD1DAC2502F9}.Release|x64.ActiveCfg = Release|Any CPU
		{1356B81F-C0E4-48EC-B536-CD1DAC2502F9}.Release|x86.ActiveCfg = Release|Any CPU
		{1356B81F-C0E4-48EC-B536-CD1DAC2502F9}.Release|x86.Build.0 = Release|Any CPU
		{A30A7B4A-08CF-4278-A715-0B13639C46F9}.Debug|Any CPU.ActiveCfg = Debug|Any CPU
		{A30A7B4A-08CF-4278-A715-0B13639C46F9}.Debug|Any CPU.Build.0 = Debug|Any CPU
		{A30A7B4A-08CF-4278-A715-0B13639C46F9}.Debug|Mixed Platforms.ActiveCfg = Debug|Any CPU
		{A30A7B4A-08CF-4278-A715-0B13639C46F9}.Debug|Mixed Platforms.Build.0 = Debug|Any CPU
		{A30A7B4A-08CF-4278-A715-0B13639C46F9}.Debug|Win32.ActiveCfg = Debug|Any CPU
		{A30A7B4A-08CF-4278-A715-0B13639C46F9}.Debug|x64.ActiveCfg = Debug|Any CPU
		{A30A7B4A-08CF-4278-A715-0B13639C46F9}.Debug|x86.ActiveCfg = Debug|Any CPU
		{A30A7B4A-08CF-4278-A715-0B13639C46F9}.Debug|x86.Build.0 = Debug|Any CPU
		{A30A7B4A-08CF-4278-A715-0B13639C46F9}.Deploy to Daisy|Any CPU.ActiveCfg = Deploy to Daisy|Any CPU
		{A30A7B4A-08CF-4278-A715-0B13639C46F9}.Deploy to Daisy|Any CPU.Build.0 = Deploy to Daisy|Any CPU
		{A30A7B4A-08CF-4278-A715-0B13639C46F9}.Deploy to Daisy|Mixed Platforms.ActiveCfg = Deploy to Daisy|Any CPU
		{A30A7B4A-08CF-4278-A715-0B13639C46F9}.Deploy to Daisy|Mixed Platforms.Build.0 = Deploy to Daisy|Any CPU
		{A30A7B4A-08CF-4278-A715-0B13639C46F9}.Deploy to Daisy|Win32.ActiveCfg = Deploy to Daisy|Any CPU
		{A30A7B4A-08CF-4278-A715-0B13639C46F9}.Deploy to Daisy|x64.ActiveCfg = Deploy to Daisy|Any CPU
		{A30A7B4A-08CF-4278-A715-0B13639C46F9}.Deploy to Daisy|x86.ActiveCfg = Deploy to Daisy|Any CPU
		{A30A7B4A-08CF-4278-A715-0B13639C46F9}.Release|Any CPU.ActiveCfg = Release|Any CPU
		{A30A7B4A-08CF-4278-A715-0B13639C46F9}.Release|Any CPU.Build.0 = Release|Any CPU
		{A30A7B4A-08CF-4278-A715-0B13639C46F9}.Release|Mixed Platforms.ActiveCfg = Release|Any CPU
		{A30A7B4A-08CF-4278-A715-0B13639C46F9}.Release|Mixed Platforms.Build.0 = Release|Any CPU
		{A30A7B4A-08CF-4278-A715-0B13639C46F9}.Release|Win32.ActiveCfg = Release|Any CPU
		{A30A7B4A-08CF-4278-A715-0B13639C46F9}.Release|x64.ActiveCfg = Release|Any CPU
		{A30A7B4A-08CF-4278-A715-0B13639C46F9}.Release|x86.ActiveCfg = Release|Any CPU
		{A30A7B4A-08CF-4278-A715-0B13639C46F9}.Release|x86.Build.0 = Release|Any CPU
		{CDD205FD-9C78-4818-806D-11E2AC0D2E50}.Debug|Any CPU.ActiveCfg = Debug|Any CPU
		{CDD205FD-9C78-4818-806D-11E2AC0D2E50}.Debug|Any CPU.Build.0 = Debug|Any CPU
		{CDD205FD-9C78-4818-806D-11E2AC0D2E50}.Debug|Mixed Platforms.ActiveCfg = Debug|Any CPU
		{CDD205FD-9C78-4818-806D-11E2AC0D2E50}.Debug|Mixed Platforms.Build.0 = Debug|Any CPU
		{CDD205FD-9C78-4818-806D-11E2AC0D2E50}.Debug|Win32.ActiveCfg = Debug|Any CPU
		{CDD205FD-9C78-4818-806D-11E2AC0D2E50}.Debug|x64.ActiveCfg = Debug|Any CPU
		{CDD205FD-9C78-4818-806D-11E2AC0D2E50}.Debug|x86.ActiveCfg = Debug|Any CPU
		{CDD205FD-9C78-4818-806D-11E2AC0D2E50}.Debug|x86.Build.0 = Debug|Any CPU
		{CDD205FD-9C78-4818-806D-11E2AC0D2E50}.Deploy to Daisy|Any CPU.ActiveCfg = Deploy to Daisy|Any CPU
		{CDD205FD-9C78-4818-806D-11E2AC0D2E50}.Deploy to Daisy|Any CPU.Build.0 = Deploy to Daisy|Any CPU
		{CDD205FD-9C78-4818-806D-11E2AC0D2E50}.Deploy to Daisy|Mixed Platforms.ActiveCfg = Deploy to Daisy|Any CPU
		{CDD205FD-9C78-4818-806D-11E2AC0D2E50}.Deploy to Daisy|Mixed Platforms.Build.0 = Deploy to Daisy|Any CPU
		{CDD205FD-9C78-4818-806D-11E2AC0D2E50}.Deploy to Daisy|Win32.ActiveCfg = Deploy to Daisy|Any CPU
		{CDD205FD-9C78-4818-806D-11E2AC0D2E50}.Deploy to Daisy|x64.ActiveCfg = Deploy to Daisy|Any CPU
		{CDD205FD-9C78-4818-806D-11E2AC0D2E50}.Deploy to Daisy|x86.ActiveCfg = Deploy to Daisy|Any CPU
		{CDD205FD-9C78-4818-806D-11E2AC0D2E50}.Release|Any CPU.ActiveCfg = Release|Any CPU
		{CDD205FD-9C78-4818-806D-11E2AC0D2E50}.Release|Any CPU.Build.0 = Release|Any CPU
		{CDD205FD-9C78-4818-806D-11E2AC0D2E50}.Release|Mixed Platforms.ActiveCfg = Release|Any CPU
		{CDD205FD-9C78-4818-806D-11E2AC0D2E50}.Release|Mixed Platforms.Build.0 = Release|Any CPU
		{CDD205FD-9C78-4818-806D-11E2AC0D2E50}.Release|Win32.ActiveCfg = Release|Any CPU
		{CDD205FD-9C78-4818-806D-11E2AC0D2E50}.Release|x64.ActiveCfg = Release|Any CPU
		{CDD205FD-9C78-4818-806D-11E2AC0D2E50}.Release|x86.ActiveCfg = Release|Any CPU
		{CDD205FD-9C78-4818-806D-11E2AC0D2E50}.Release|x86.Build.0 = Release|Any CPU
		{37B68504-1212-4468-824A-E2C950E64780}.Debug|Any CPU.ActiveCfg = Debug|Any CPU
		{37B68504-1212-4468-824A-E2C950E64780}.Debug|Any CPU.Build.0 = Debug|Any CPU
		{37B68504-1212-4468-824A-E2C950E64780}.Debug|Mixed Platforms.ActiveCfg = Debug|Any CPU
		{37B68504-1212-4468-824A-E2C950E64780}.Debug|Mixed Platforms.Build.0 = Debug|Any CPU
		{37B68504-1212-4468-824A-E2C950E64780}.Debug|Win32.ActiveCfg = Debug|Any CPU
		{37B68504-1212-4468-824A-E2C950E64780}.Debug|x64.ActiveCfg = Debug|Any CPU
		{37B68504-1212-4468-824A-E2C950E64780}.Debug|x86.ActiveCfg = Debug|Any CPU
		{37B68504-1212-4468-824A-E2C950E64780}.Debug|x86.Build.0 = Debug|Any CPU
		{37B68504-1212-4468-824A-E2C950E64780}.Deploy to Daisy|Any CPU.ActiveCfg = Deploy to Daisy|Any CPU
		{37B68504-1212-4468-824A-E2C950E64780}.Deploy to Daisy|Any CPU.Build.0 = Deploy to Daisy|Any CPU
		{37B68504-1212-4468-824A-E2C950E64780}.Deploy to Daisy|Mixed Platforms.ActiveCfg = Deploy to Daisy|Any CPU
		{37B68504-1212-4468-824A-E2C950E64780}.Deploy to Daisy|Mixed Platforms.Build.0 = Deploy to Daisy|Any CPU
		{37B68504-1212-4468-824A-E2C950E64780}.Deploy to Daisy|Win32.ActiveCfg = Deploy to Daisy|Any CPU
		{37B68504-1212-4468-824A-E2C950E64780}.Deploy to Daisy|x64.ActiveCfg = Deploy to Daisy|Any CPU
		{37B68504-1212-4468-824A-E2C950E64780}.Deploy to Daisy|x86.ActiveCfg = Deploy to Daisy|Any CPU
		{37B68504-1212-4468-824A-E2C950E64780}.Release|Any CPU.ActiveCfg = Release|Any CPU
		{37B68504-1212-4468-824A-E2C950E64780}.Release|Any CPU.Build.0 = Release|Any CPU
		{37B68504-1212-4468-824A-E2C950E64780}.Release|Mixed Platforms.ActiveCfg = Release|Any CPU
		{37B68504-1212-4468-824A-E2C950E64780}.Release|Mixed Platforms.Build.0 = Release|Any CPU
		{37B68504-1212-4468-824A-E2C950E64780}.Release|Win32.ActiveCfg = Release|Any CPU
		{37B68504-1212-4468-824A-E2C950E64780}.Release|x64.ActiveCfg = Release|Any CPU
		{37B68504-1212-4468-824A-E2C950E64780}.Release|x86.ActiveCfg = Release|Any CPU
		{37B68504-1212-4468-824A-E2C950E64780}.Release|x86.Build.0 = Release|Any CPU
		{D4546E63-B986-42B2-B85F-D00582D4FE01}.Debug|Any CPU.ActiveCfg = Debug|Any CPU
		{D4546E63-B986-42B2-B85F-D00582D4FE01}.Debug|Any CPU.Build.0 = Debug|Any CPU
		{D4546E63-B986-42B2-B85F-D00582D4FE01}.Debug|Mixed Platforms.ActiveCfg = Debug|Any CPU
		{D4546E63-B986-42B2-B85F-D00582D4FE01}.Debug|Mixed Platforms.Build.0 = Debug|Any CPU
		{D4546E63-B986-42B2-B85F-D00582D4FE01}.Debug|Win32.ActiveCfg = Debug|Any CPU
		{D4546E63-B986-42B2-B85F-D00582D4FE01}.Debug|x64.ActiveCfg = Debug|Any CPU
		{D4546E63-B986-42B2-B85F-D00582D4FE01}.Debug|x86.ActiveCfg = Debug|Any CPU
		{D4546E63-B986-42B2-B85F-D00582D4FE01}.Debug|x86.Build.0 = Debug|Any CPU
		{D4546E63-B986-42B2-B85F-D00582D4FE01}.Deploy to Daisy|Any CPU.ActiveCfg = Deploy to Daisy|Any CPU
		{D4546E63-B986-42B2-B85F-D00582D4FE01}.Deploy to Daisy|Any CPU.Build.0 = Deploy to Daisy|Any CPU
		{D4546E63-B986-42B2-B85F-D00582D4FE01}.Deploy to Daisy|Mixed Platforms.ActiveCfg = Deploy to Daisy|Any CPU
		{D4546E63-B986-42B2-B85F-D00582D4FE01}.Deploy to Daisy|Mixed Platforms.Build.0 = Deploy to Daisy|Any CPU
		{D4546E63-B986-42B2-B85F-D00582D4FE01}.Deploy to Daisy|Win32.ActiveCfg = Deploy to Daisy|Any CPU
		{D4546E63-B986-42B2-B85F-D00582D4FE01}.Deploy to Daisy|x64.ActiveCfg = Deploy to Daisy|Any CPU
		{D4546E63-B986-42B2-B85F-D00582D4FE01}.Deploy to Daisy|x86.ActiveCfg = Deploy to Daisy|Any CPU
		{D4546E63-B986-42B2-B85F-D00582D4FE01}.Release|Any CPU.ActiveCfg = Release|Any CPU
		{D4546E63-B986-42B2-B85F-D00582D4FE01}.Release|Any CPU.Build.0 = Release|Any CPU
		{D4546E63-B986-42B2-B85F-D00582D4FE01}.Release|Mixed Platforms.ActiveCfg = Release|Any CPU
		{D4546E63-B986-42B2-B85F-D00582D4FE01}.Release|Mixed Platforms.Build.0 = Release|Any CPU
		{D4546E63-B986-42B2-B85F-D00582D4FE01}.Release|Win32.ActiveCfg = Release|Any CPU
		{D4546E63-B986-42B2-B85F-D00582D4FE01}.Release|x64.ActiveCfg = Release|Any CPU
		{D4546E63-B986-42B2-B85F-D00582D4FE01}.Release|x86.ActiveCfg = Release|Any CPU
		{D4546E63-B986-42B2-B85F-D00582D4FE01}.Release|x86.Build.0 = Release|Any CPU
		{A177A90C-8207-466A-AF70-F2B8452A42AC}.Debug|Any CPU.ActiveCfg = Debug|Any CPU
		{A177A90C-8207-466A-AF70-F2B8452A42AC}.Debug|Any CPU.Build.0 = Debug|Any CPU
		{A177A90C-8207-466A-AF70-F2B8452A42AC}.Debug|Mixed Platforms.ActiveCfg = Debug|Any CPU
		{A177A90C-8207-466A-AF70-F2B8452A42AC}.Debug|Mixed Platforms.Build.0 = Debug|Any CPU
		{A177A90C-8207-466A-AF70-F2B8452A42AC}.Debug|Win32.ActiveCfg = Debug|Any CPU
		{A177A90C-8207-466A-AF70-F2B8452A42AC}.Debug|x64.ActiveCfg = Debug|Any CPU
		{A177A90C-8207-466A-AF70-F2B8452A42AC}.Debug|x86.ActiveCfg = Debug|Any CPU
		{A177A90C-8207-466A-AF70-F2B8452A42AC}.Debug|x86.Build.0 = Debug|Any CPU
		{A177A90C-8207-466A-AF70-F2B8452A42AC}.Deploy to Daisy|Any CPU.ActiveCfg = Deploy to Daisy|Any CPU
		{A177A90C-8207-466A-AF70-F2B8452A42AC}.Deploy to Daisy|Any CPU.Build.0 = Deploy to Daisy|Any CPU
		{A177A90C-8207-466A-AF70-F2B8452A42AC}.Deploy to Daisy|Mixed Platforms.ActiveCfg = Deploy to Daisy|Any CPU
		{A177A90C-8207-466A-AF70-F2B8452A42AC}.Deploy to Daisy|Mixed Platforms.Build.0 = Deploy to Daisy|Any CPU
		{A177A90C-8207-466A-AF70-F2B8452A42AC}.Deploy to Daisy|Win32.ActiveCfg = Deploy to Daisy|Any CPU
		{A177A90C-8207-466A-AF70-F2B8452A42AC}.Deploy to Daisy|x64.ActiveCfg = Deploy to Daisy|Any CPU
		{A177A90C-8207-466A-AF70-F2B8452A42AC}.Deploy to Daisy|x86.ActiveCfg = Deploy to Daisy|Any CPU
		{A177A90C-8207-466A-AF70-F2B8452A42AC}.Release|Any CPU.ActiveCfg = Release|Any CPU
		{A177A90C-8207-466A-AF70-F2B8452A42AC}.Release|Any CPU.Build.0 = Release|Any CPU
		{A177A90C-8207-466A-AF70-F2B8452A42AC}.Release|Mixed Platforms.ActiveCfg = Release|Any CPU
		{A177A90C-8207-466A-AF70-F2B8452A42AC}.Release|Mixed Platforms.Build.0 = Release|Any CPU
		{A177A90C-8207-466A-AF70-F2B8452A42AC}.Release|Win32.ActiveCfg = Release|Any CPU
		{A177A90C-8207-466A-AF70-F2B8452A42AC}.Release|x64.ActiveCfg = Release|Any CPU
		{A177A90C-8207-466A-AF70-F2B8452A42AC}.Release|x86.ActiveCfg = Release|Any CPU
		{A177A90C-8207-466A-AF70-F2B8452A42AC}.Release|x86.Build.0 = Release|Any CPU
		{7AB4BBCC-6222-423D-9FF9-BA9CB7C09199}.Debug|Any CPU.ActiveCfg = Debug|Any CPU
		{7AB4BBCC-6222-423D-9FF9-BA9CB7C09199}.Debug|Any CPU.Build.0 = Debug|Any CPU
		{7AB4BBCC-6222-423D-9FF9-BA9CB7C09199}.Debug|Mixed Platforms.ActiveCfg = Debug|Any CPU
		{7AB4BBCC-6222-423D-9FF9-BA9CB7C09199}.Debug|Mixed Platforms.Build.0 = Debug|Any CPU
		{7AB4BBCC-6222-423D-9FF9-BA9CB7C09199}.Debug|Win32.ActiveCfg = Debug|Any CPU
		{7AB4BBCC-6222-423D-9FF9-BA9CB7C09199}.Debug|x64.ActiveCfg = Debug|Any CPU
		{7AB4BBCC-6222-423D-9FF9-BA9CB7C09199}.Debug|x86.ActiveCfg = Debug|Any CPU
		{7AB4BBCC-6222-423D-9FF9-BA9CB7C09199}.Debug|x86.Build.0 = Debug|Any CPU
		{7AB4BBCC-6222-423D-9FF9-BA9CB7C09199}.Deploy to Daisy|Any CPU.ActiveCfg = Deploy to Daisy|Any CPU
		{7AB4BBCC-6222-423D-9FF9-BA9CB7C09199}.Deploy to Daisy|Any CPU.Build.0 = Deploy to Daisy|Any CPU
		{7AB4BBCC-6222-423D-9FF9-BA9CB7C09199}.Deploy to Daisy|Mixed Platforms.ActiveCfg = Deploy to Daisy|Any CPU
		{7AB4BBCC-6222-423D-9FF9-BA9CB7C09199}.Deploy to Daisy|Mixed Platforms.Build.0 = Deploy to Daisy|Any CPU
		{7AB4BBCC-6222-423D-9FF9-BA9CB7C09199}.Deploy to Daisy|Win32.ActiveCfg = Deploy to Daisy|Any CPU
		{7AB4BBCC-6222-423D-9FF9-BA9CB7C09199}.Deploy to Daisy|x64.ActiveCfg = Deploy to Daisy|Any CPU
		{7AB4BBCC-6222-423D-9FF9-BA9CB7C09199}.Deploy to Daisy|x86.ActiveCfg = Deploy to Daisy|Any CPU
		{7AB4BBCC-6222-423D-9FF9-BA9CB7C09199}.Release|Any CPU.ActiveCfg = Release|Any CPU
		{7AB4BBCC-6222-423D-9FF9-BA9CB7C09199}.Release|Any CPU.Build.0 = Release|Any CPU
		{7AB4BBCC-6222-423D-9FF9-BA9CB7C09199}.Release|Mixed Platforms.ActiveCfg = Release|Any CPU
		{7AB4BBCC-6222-423D-9FF9-BA9CB7C09199}.Release|Mixed Platforms.Build.0 = Release|Any CPU
		{7AB4BBCC-6222-423D-9FF9-BA9CB7C09199}.Release|Win32.ActiveCfg = Release|Any CPU
		{7AB4BBCC-6222-423D-9FF9-BA9CB7C09199}.Release|x64.ActiveCfg = Release|Any CPU
		{7AB4BBCC-6222-423D-9FF9-BA9CB7C09199}.Release|x86.ActiveCfg = Release|Any CPU
		{7AB4BBCC-6222-423D-9FF9-BA9CB7C09199}.Release|x86.Build.0 = Release|Any CPU
		{FD8101DD-C95D-42D6-AD44-AE01C25F2811}.Debug|Any CPU.ActiveCfg = Debug|Any CPU
		{FD8101DD-C95D-42D6-AD44-AE01C25F2811}.Debug|Any CPU.Build.0 = Debug|Any CPU
		{FD8101DD-C95D-42D6-AD44-AE01C25F2811}.Debug|Mixed Platforms.ActiveCfg = Debug|Any CPU
		{FD8101DD-C95D-42D6-AD44-AE01C25F2811}.Debug|Mixed Platforms.Build.0 = Debug|Any CPU
		{FD8101DD-C95D-42D6-AD44-AE01C25F2811}.Debug|Win32.ActiveCfg = Debug|Any CPU
		{FD8101DD-C95D-42D6-AD44-AE01C25F2811}.Debug|x64.ActiveCfg = Debug|Any CPU
		{FD8101DD-C95D-42D6-AD44-AE01C25F2811}.Debug|x86.ActiveCfg = Debug|Any CPU
		{FD8101DD-C95D-42D6-AD44-AE01C25F2811}.Debug|x86.Build.0 = Debug|Any CPU
		{FD8101DD-C95D-42D6-AD44-AE01C25F2811}.Deploy to Daisy|Any CPU.ActiveCfg = Deploy to Daisy|Any CPU
		{FD8101DD-C95D-42D6-AD44-AE01C25F2811}.Deploy to Daisy|Any CPU.Build.0 = Deploy to Daisy|Any CPU
		{FD8101DD-C95D-42D6-AD44-AE01C25F2811}.Deploy to Daisy|Mixed Platforms.ActiveCfg = Deploy to Daisy|Any CPU
		{FD8101DD-C95D-42D6-AD44-AE01C25F2811}.Deploy to Daisy|Mixed Platforms.Build.0 = Deploy to Daisy|Any CPU
		{FD8101DD-C95D-42D6-AD44-AE01C25F2811}.Deploy to Daisy|Win32.ActiveCfg = Deploy to Daisy|Any CPU
		{FD8101DD-C95D-42D6-AD44-AE01C25F2811}.Deploy to Daisy|x64.ActiveCfg = Deploy to Daisy|Any CPU
		{FD8101DD-C95D-42D6-AD44-AE01C25F2811}.Deploy to Daisy|x86.ActiveCfg = Deploy to Daisy|Any CPU
		{FD8101DD-C95D-42D6-AD44-AE01C25F2811}.Release|Any CPU.ActiveCfg = Release|Any CPU
		{FD8101DD-C95D-42D6-AD44-AE01C25F2811}.Release|Any CPU.Build.0 = Release|Any CPU
		{FD8101DD-C95D-42D6-AD44-AE01C25F2811}.Release|Mixed Platforms.ActiveCfg = Release|Any CPU
		{FD8101DD-C95D-42D6-AD44-AE01C25F2811}.Release|Mixed Platforms.Build.0 = Release|Any CPU
		{FD8101DD-C95D-42D6-AD44-AE01C25F2811}.Release|Win32.ActiveCfg = Release|Any CPU
		{FD8101DD-C95D-42D6-AD44-AE01C25F2811}.Release|x64.ActiveCfg = Release|Any CPU
		{FD8101DD-C95D-42D6-AD44-AE01C25F2811}.Release|x86.ActiveCfg = Release|Any CPU
		{FD8101DD-C95D-42D6-AD44-AE01C25F2811}.Release|x86.Build.0 = Release|Any CPU
		{F718E9A8-DB62-4785-8C49-4333A60D256A}.Debug|Any CPU.ActiveCfg = Debug|Any CPU
		{F718E9A8-DB62-4785-8C49-4333A60D256A}.Debug|Any CPU.Build.0 = Debug|Any CPU
		{F718E9A8-DB62-4785-8C49-4333A60D256A}.Debug|Mixed Platforms.ActiveCfg = Debug|Any CPU
		{F718E9A8-DB62-4785-8C49-4333A60D256A}.Debug|Mixed Platforms.Build.0 = Debug|Any CPU
		{F718E9A8-DB62-4785-8C49-4333A60D256A}.Debug|Win32.ActiveCfg = Debug|Any CPU
		{F718E9A8-DB62-4785-8C49-4333A60D256A}.Debug|x64.ActiveCfg = Debug|Any CPU
		{F718E9A8-DB62-4785-8C49-4333A60D256A}.Debug|x86.ActiveCfg = Debug|Any CPU
		{F718E9A8-DB62-4785-8C49-4333A60D256A}.Debug|x86.Build.0 = Debug|Any CPU
		{F718E9A8-DB62-4785-8C49-4333A60D256A}.Deploy to Daisy|Any CPU.ActiveCfg = Deploy to Daisy|Any CPU
		{F718E9A8-DB62-4785-8C49-4333A60D256A}.Deploy to Daisy|Any CPU.Build.0 = Deploy to Daisy|Any CPU
		{F718E9A8-DB62-4785-8C49-4333A60D256A}.Deploy to Daisy|Mixed Platforms.ActiveCfg = Deploy to Daisy|Any CPU
		{F718E9A8-DB62-4785-8C49-4333A60D256A}.Deploy to Daisy|Mixed Platforms.Build.0 = Deploy to Daisy|Any CPU
		{F718E9A8-DB62-4785-8C49-4333A60D256A}.Deploy to Daisy|Win32.ActiveCfg = Deploy to Daisy|Any CPU
		{F718E9A8-DB62-4785-8C49-4333A60D256A}.Deploy to Daisy|x64.ActiveCfg = Deploy to Daisy|Any CPU
		{F718E9A8-DB62-4785-8C49-4333A60D256A}.Deploy to Daisy|x86.ActiveCfg = Deploy to Daisy|Any CPU
		{F718E9A8-DB62-4785-8C49-4333A60D256A}.Release|Any CPU.ActiveCfg = Release|Any CPU
		{F718E9A8-DB62-4785-8C49-4333A60D256A}.Release|Any CPU.Build.0 = Release|Any CPU
		{F718E9A8-DB62-4785-8C49-4333A60D256A}.Release|Mixed Platforms.ActiveCfg = Release|Any CPU
		{F718E9A8-DB62-4785-8C49-4333A60D256A}.Release|Mixed Platforms.Build.0 = Release|Any CPU
		{F718E9A8-DB62-4785-8C49-4333A60D256A}.Release|Win32.ActiveCfg = Release|Any CPU
		{F718E9A8-DB62-4785-8C49-4333A60D256A}.Release|x64.ActiveCfg = Release|Any CPU
		{F718E9A8-DB62-4785-8C49-4333A60D256A}.Release|x86.ActiveCfg = Release|Any CPU
		{F718E9A8-DB62-4785-8C49-4333A60D256A}.Release|x86.Build.0 = Release|Any CPU
		{1E2A15F7-0210-46AB-A63A-7835252770BC}.Debug|Any CPU.ActiveCfg = Debug|Any CPU
		{1E2A15F7-0210-46AB-A63A-7835252770BC}.Debug|Any CPU.Build.0 = Debug|Any CPU
		{1E2A15F7-0210-46AB-A63A-7835252770BC}.Debug|Mixed Platforms.ActiveCfg = Debug|Any CPU
		{1E2A15F7-0210-46AB-A63A-7835252770BC}.Debug|Mixed Platforms.Build.0 = Debug|Any CPU
		{1E2A15F7-0210-46AB-A63A-7835252770BC}.Debug|Win32.ActiveCfg = Debug|Any CPU
		{1E2A15F7-0210-46AB-A63A-7835252770BC}.Debug|x64.ActiveCfg = Debug|Any CPU
		{1E2A15F7-0210-46AB-A63A-7835252770BC}.Debug|x86.ActiveCfg = Debug|Any CPU
		{1E2A15F7-0210-46AB-A63A-7835252770BC}.Deploy to Daisy|Any CPU.ActiveCfg = Deploy to Daisy|Any CPU
		{1E2A15F7-0210-46AB-A63A-7835252770BC}.Deploy to Daisy|Any CPU.Build.0 = Deploy to Daisy|Any CPU
		{1E2A15F7-0210-46AB-A63A-7835252770BC}.Deploy to Daisy|Mixed Platforms.ActiveCfg = Deploy to Daisy|Any CPU
		{1E2A15F7-0210-46AB-A63A-7835252770BC}.Deploy to Daisy|Mixed Platforms.Build.0 = Deploy to Daisy|Any CPU
		{1E2A15F7-0210-46AB-A63A-7835252770BC}.Deploy to Daisy|Win32.ActiveCfg = Deploy to Daisy|Any CPU
		{1E2A15F7-0210-46AB-A63A-7835252770BC}.Deploy to Daisy|x64.ActiveCfg = Deploy to Daisy|Any CPU
		{1E2A15F7-0210-46AB-A63A-7835252770BC}.Deploy to Daisy|x86.ActiveCfg = Deploy to Daisy|Any CPU
		{1E2A15F7-0210-46AB-A63A-7835252770BC}.Release|Any CPU.ActiveCfg = Release|Any CPU
		{1E2A15F7-0210-46AB-A63A-7835252770BC}.Release|Any CPU.Build.0 = Release|Any CPU
		{1E2A15F7-0210-46AB-A63A-7835252770BC}.Release|Mixed Platforms.ActiveCfg = Release|Any CPU
		{1E2A15F7-0210-46AB-A63A-7835252770BC}.Release|Mixed Platforms.Build.0 = Release|Any CPU
		{1E2A15F7-0210-46AB-A63A-7835252770BC}.Release|Win32.ActiveCfg = Release|Any CPU
		{1E2A15F7-0210-46AB-A63A-7835252770BC}.Release|x64.ActiveCfg = Release|Any CPU
		{1E2A15F7-0210-46AB-A63A-7835252770BC}.Release|x86.ActiveCfg = Release|Any CPU
		{1E2A15F7-0210-46AB-A63A-7835252770BC}.Release|x86.Build.0 = Release|Any CPU
		{B03EDCEB-4D38-4BE2-8F22-CCC2D4C32048}.Debug|Any CPU.ActiveCfg = Debug|Any CPU
		{B03EDCEB-4D38-4BE2-8F22-CCC2D4C32048}.Debug|Any CPU.Build.0 = Debug|Any CPU
		{B03EDCEB-4D38-4BE2-8F22-CCC2D4C32048}.Debug|Mixed Platforms.ActiveCfg = Debug|Any CPU
		{B03EDCEB-4D38-4BE2-8F22-CCC2D4C32048}.Debug|Mixed Platforms.Build.0 = Debug|Any CPU
		{B03EDCEB-4D38-4BE2-8F22-CCC2D4C32048}.Debug|Win32.ActiveCfg = Debug|Any CPU
		{B03EDCEB-4D38-4BE2-8F22-CCC2D4C32048}.Debug|x64.ActiveCfg = Debug|Any CPU
		{B03EDCEB-4D38-4BE2-8F22-CCC2D4C32048}.Debug|x86.ActiveCfg = Debug|Any CPU
		{B03EDCEB-4D38-4BE2-8F22-CCC2D4C32048}.Deploy to Daisy|Any CPU.ActiveCfg = Deploy to Daisy|Any CPU
		{B03EDCEB-4D38-4BE2-8F22-CCC2D4C32048}.Deploy to Daisy|Any CPU.Build.0 = Deploy to Daisy|Any CPU
		{B03EDCEB-4D38-4BE2-8F22-CCC2D4C32048}.Deploy to Daisy|Mixed Platforms.ActiveCfg = Deploy to Daisy|Any CPU
		{B03EDCEB-4D38-4BE2-8F22-CCC2D4C32048}.Deploy to Daisy|Mixed Platforms.Build.0 = Deploy to Daisy|Any CPU
		{B03EDCEB-4D38-4BE2-8F22-CCC2D4C32048}.Deploy to Daisy|Win32.ActiveCfg = Deploy to Daisy|Any CPU
		{B03EDCEB-4D38-4BE2-8F22-CCC2D4C32048}.Deploy to Daisy|x64.ActiveCfg = Deploy to Daisy|Any CPU
		{B03EDCEB-4D38-4BE2-8F22-CCC2D4C32048}.Deploy to Daisy|x86.ActiveCfg = Deploy to Daisy|Any CPU
		{B03EDCEB-4D38-4BE2-8F22-CCC2D4C32048}.Release|Any CPU.ActiveCfg = Release|Any CPU
		{B03EDCEB-4D38-4BE2-8F22-CCC2D4C32048}.Release|Any CPU.Build.0 = Release|Any CPU
		{B03EDCEB-4D38-4BE2-8F22-CCC2D4C32048}.Release|Mixed Platforms.ActiveCfg = Release|Any CPU
		{B03EDCEB-4D38-4BE2-8F22-CCC2D4C32048}.Release|Mixed Platforms.Build.0 = Release|Any CPU
		{B03EDCEB-4D38-4BE2-8F22-CCC2D4C32048}.Release|Win32.ActiveCfg = Release|Any CPU
		{B03EDCEB-4D38-4BE2-8F22-CCC2D4C32048}.Release|x64.ActiveCfg = Release|Any CPU
		{B03EDCEB-4D38-4BE2-8F22-CCC2D4C32048}.Release|x86.ActiveCfg = Release|Any CPU
		{B03EDCEB-4D38-4BE2-8F22-CCC2D4C32048}.Release|x86.Build.0 = Release|Any CPU
		{8FF9190C-B40E-409C-8EBD-574DC90938F1}.Debug|Any CPU.ActiveCfg = Debug|Any CPU
		{8FF9190C-B40E-409C-8EBD-574DC90938F1}.Debug|Any CPU.Build.0 = Debug|Any CPU
		{8FF9190C-B40E-409C-8EBD-574DC90938F1}.Debug|Mixed Platforms.ActiveCfg = Debug|Any CPU
		{8FF9190C-B40E-409C-8EBD-574DC90938F1}.Debug|Mixed Platforms.Build.0 = Debug|Any CPU
		{8FF9190C-B40E-409C-8EBD-574DC90938F1}.Debug|Win32.ActiveCfg = Debug|Any CPU
		{8FF9190C-B40E-409C-8EBD-574DC90938F1}.Debug|x64.ActiveCfg = Debug|Any CPU
		{8FF9190C-B40E-409C-8EBD-574DC90938F1}.Debug|x86.ActiveCfg = Debug|Any CPU
		{8FF9190C-B40E-409C-8EBD-574DC90938F1}.Deploy to Daisy|Any CPU.ActiveCfg = Deploy to Daisy|Any CPU
		{8FF9190C-B40E-409C-8EBD-574DC90938F1}.Deploy to Daisy|Any CPU.Build.0 = Deploy to Daisy|Any CPU
		{8FF9190C-B40E-409C-8EBD-574DC90938F1}.Deploy to Daisy|Mixed Platforms.ActiveCfg = Deploy to Daisy|Any CPU
		{8FF9190C-B40E-409C-8EBD-574DC90938F1}.Deploy to Daisy|Mixed Platforms.Build.0 = Deploy to Daisy|Any CPU
		{8FF9190C-B40E-409C-8EBD-574DC90938F1}.Deploy to Daisy|Win32.ActiveCfg = Deploy to Daisy|Any CPU
		{8FF9190C-B40E-409C-8EBD-574DC90938F1}.Deploy to Daisy|x64.ActiveCfg = Deploy to Daisy|Any CPU
		{8FF9190C-B40E-409C-8EBD-574DC90938F1}.Deploy to Daisy|x86.ActiveCfg = Deploy to Daisy|Any CPU
		{8FF9190C-B40E-409C-8EBD-574DC90938F1}.Release|Any CPU.ActiveCfg = Release|Any CPU
		{8FF9190C-B40E-409C-8EBD-574DC90938F1}.Release|Any CPU.Build.0 = Release|Any CPU
		{8FF9190C-B40E-409C-8EBD-574DC90938F1}.Release|Mixed Platforms.ActiveCfg = Release|Any CPU
		{8FF9190C-B40E-409C-8EBD-574DC90938F1}.Release|Mixed Platforms.Build.0 = Release|Any CPU
		{8FF9190C-B40E-409C-8EBD-574DC90938F1}.Release|Win32.ActiveCfg = Release|Any CPU
		{8FF9190C-B40E-409C-8EBD-574DC90938F1}.Release|x64.ActiveCfg = Release|Any CPU
		{8FF9190C-B40E-409C-8EBD-574DC90938F1}.Release|x86.ActiveCfg = Release|Any CPU
		{8FF9190C-B40E-409C-8EBD-574DC90938F1}.Release|x86.Build.0 = Release|Any CPU
		{95FAFA69-88C7-454E-8238-5A2C04DA38F7}.Debug|Any CPU.ActiveCfg = Debug|Any CPU
		{95FAFA69-88C7-454E-8238-5A2C04DA38F7}.Debug|Any CPU.Build.0 = Debug|Any CPU
		{95FAFA69-88C7-454E-8238-5A2C04DA38F7}.Debug|Mixed Platforms.ActiveCfg = Debug|Any CPU
		{95FAFA69-88C7-454E-8238-5A2C04DA38F7}.Debug|Mixed Platforms.Build.0 = Debug|Any CPU
		{95FAFA69-88C7-454E-8238-5A2C04DA38F7}.Debug|Win32.ActiveCfg = Debug|Any CPU
		{95FAFA69-88C7-454E-8238-5A2C04DA38F7}.Debug|x64.ActiveCfg = Debug|Any CPU
		{95FAFA69-88C7-454E-8238-5A2C04DA38F7}.Debug|x86.ActiveCfg = Debug|Any CPU
		{95FAFA69-88C7-454E-8238-5A2C04DA38F7}.Deploy to Daisy|Any CPU.ActiveCfg = Deploy to Daisy|Any CPU
		{95FAFA69-88C7-454E-8238-5A2C04DA38F7}.Deploy to Daisy|Any CPU.Build.0 = Deploy to Daisy|Any CPU
		{95FAFA69-88C7-454E-8238-5A2C04DA38F7}.Deploy to Daisy|Mixed Platforms.ActiveCfg = Deploy to Daisy|Any CPU
		{95FAFA69-88C7-454E-8238-5A2C04DA38F7}.Deploy to Daisy|Mixed Platforms.Build.0 = Deploy to Daisy|Any CPU
		{95FAFA69-88C7-454E-8238-5A2C04DA38F7}.Deploy to Daisy|Win32.ActiveCfg = Deploy to Daisy|Any CPU
		{95FAFA69-88C7-454E-8238-5A2C04DA38F7}.Deploy to Daisy|x64.ActiveCfg = Deploy to Daisy|Any CPU
		{95FAFA69-88C7-454E-8238-5A2C04DA38F7}.Deploy to Daisy|x86.ActiveCfg = Deploy to Daisy|Any CPU
		{95FAFA69-88C7-454E-8238-5A2C04DA38F7}.Release|Any CPU.ActiveCfg = Release|Any CPU
		{95FAFA69-88C7-454E-8238-5A2C04DA38F7}.Release|Any CPU.Build.0 = Release|Any CPU
		{95FAFA69-88C7-454E-8238-5A2C04DA38F7}.Release|Mixed Platforms.ActiveCfg = Release|Any CPU
		{95FAFA69-88C7-454E-8238-5A2C04DA38F7}.Release|Mixed Platforms.Build.0 = Release|Any CPU
		{95FAFA69-88C7-454E-8238-5A2C04DA38F7}.Release|Win32.ActiveCfg = Release|Any CPU
		{95FAFA69-88C7-454E-8238-5A2C04DA38F7}.Release|x64.ActiveCfg = Release|Any CPU
		{95FAFA69-88C7-454E-8238-5A2C04DA38F7}.Release|x86.ActiveCfg = Release|Any CPU
		{95FAFA69-88C7-454E-8238-5A2C04DA38F7}.Release|x86.Build.0 = Release|Any CPU
		{58283BC8-9ACB-4FD1-A379-91D74EA30372}.Debug|Any CPU.ActiveCfg = Debug|Any CPU
		{58283BC8-9ACB-4FD1-A379-91D74EA30372}.Debug|Any CPU.Build.0 = Debug|Any CPU
		{58283BC8-9ACB-4FD1-A379-91D74EA30372}.Debug|Mixed Platforms.ActiveCfg = Debug|Any CPU
		{58283BC8-9ACB-4FD1-A379-91D74EA30372}.Debug|Mixed Platforms.Build.0 = Debug|Any CPU
		{58283BC8-9ACB-4FD1-A379-91D74EA30372}.Debug|Win32.ActiveCfg = Debug|Any CPU
		{58283BC8-9ACB-4FD1-A379-91D74EA30372}.Debug|x64.ActiveCfg = Debug|Any CPU
		{58283BC8-9ACB-4FD1-A379-91D74EA30372}.Debug|x86.ActiveCfg = Debug|Any CPU
		{58283BC8-9ACB-4FD1-A379-91D74EA30372}.Deploy to Daisy|Any CPU.ActiveCfg = Deploy to Daisy|Any CPU
		{58283BC8-9ACB-4FD1-A379-91D74EA30372}.Deploy to Daisy|Any CPU.Build.0 = Deploy to Daisy|Any CPU
		{58283BC8-9ACB-4FD1-A379-91D74EA30372}.Deploy to Daisy|Mixed Platforms.ActiveCfg = Deploy to Daisy|Any CPU
		{58283BC8-9ACB-4FD1-A379-91D74EA30372}.Deploy to Daisy|Mixed Platforms.Build.0 = Deploy to Daisy|Any CPU
		{58283BC8-9ACB-4FD1-A379-91D74EA30372}.Deploy to Daisy|Win32.ActiveCfg = Deploy to Daisy|Any CPU
		{58283BC8-9ACB-4FD1-A379-91D74EA30372}.Deploy to Daisy|x64.ActiveCfg = Deploy to Daisy|Any CPU
		{58283BC8-9ACB-4FD1-A379-91D74EA30372}.Deploy to Daisy|x86.ActiveCfg = Deploy to Daisy|Any CPU
		{58283BC8-9ACB-4FD1-A379-91D74EA30372}.Release|Any CPU.ActiveCfg = Release|Any CPU
		{58283BC8-9ACB-4FD1-A379-91D74EA30372}.Release|Any CPU.Build.0 = Release|Any CPU
		{58283BC8-9ACB-4FD1-A379-91D74EA30372}.Release|Mixed Platforms.ActiveCfg = Release|Any CPU
		{58283BC8-9ACB-4FD1-A379-91D74EA30372}.Release|Mixed Platforms.Build.0 = Release|Any CPU
		{58283BC8-9ACB-4FD1-A379-91D74EA30372}.Release|Win32.ActiveCfg = Release|Any CPU
		{58283BC8-9ACB-4FD1-A379-91D74EA30372}.Release|x64.ActiveCfg = Release|Any CPU
		{58283BC8-9ACB-4FD1-A379-91D74EA30372}.Release|x86.ActiveCfg = Release|Any CPU
		{58283BC8-9ACB-4FD1-A379-91D74EA30372}.Release|x86.Build.0 = Release|Any CPU
		{3EF4B0F9-EB84-4A6E-8184-4F118DEBBBDC}.Debug|Any CPU.ActiveCfg = Debug|Any CPU
		{3EF4B0F9-EB84-4A6E-8184-4F118DEBBBDC}.Debug|Any CPU.Build.0 = Debug|Any CPU
		{3EF4B0F9-EB84-4A6E-8184-4F118DEBBBDC}.Debug|Mixed Platforms.ActiveCfg = Debug|Any CPU
		{3EF4B0F9-EB84-4A6E-8184-4F118DEBBBDC}.Debug|Mixed Platforms.Build.0 = Debug|Any CPU
		{3EF4B0F9-EB84-4A6E-8184-4F118DEBBBDC}.Debug|Win32.ActiveCfg = Debug|Any CPU
		{3EF4B0F9-EB84-4A6E-8184-4F118DEBBBDC}.Debug|x64.ActiveCfg = Debug|Any CPU
		{3EF4B0F9-EB84-4A6E-8184-4F118DEBBBDC}.Debug|x86.ActiveCfg = Debug|Any CPU
		{3EF4B0F9-EB84-4A6E-8184-4F118DEBBBDC}.Deploy to Daisy|Any CPU.ActiveCfg = Deploy to Daisy|Any CPU
		{3EF4B0F9-EB84-4A6E-8184-4F118DEBBBDC}.Deploy to Daisy|Any CPU.Build.0 = Deploy to Daisy|Any CPU
		{3EF4B0F9-EB84-4A6E-8184-4F118DEBBBDC}.Deploy to Daisy|Mixed Platforms.ActiveCfg = Deploy to Daisy|Any CPU
		{3EF4B0F9-EB84-4A6E-8184-4F118DEBBBDC}.Deploy to Daisy|Mixed Platforms.Build.0 = Deploy to Daisy|Any CPU
		{3EF4B0F9-EB84-4A6E-8184-4F118DEBBBDC}.Deploy to Daisy|Win32.ActiveCfg = Deploy to Daisy|Any CPU
		{3EF4B0F9-EB84-4A6E-8184-4F118DEBBBDC}.Deploy to Daisy|x64.ActiveCfg = Deploy to Daisy|Any CPU
		{3EF4B0F9-EB84-4A6E-8184-4F118DEBBBDC}.Deploy to Daisy|x86.ActiveCfg = Deploy to Daisy|Any CPU
		{3EF4B0F9-EB84-4A6E-8184-4F118DEBBBDC}.Release|Any CPU.ActiveCfg = Release|Any CPU
		{3EF4B0F9-EB84-4A6E-8184-4F118DEBBBDC}.Release|Any CPU.Build.0 = Release|Any CPU
		{3EF4B0F9-EB84-4A6E-8184-4F118DEBBBDC}.Release|Mixed Platforms.ActiveCfg = Release|Any CPU
		{3EF4B0F9-EB84-4A6E-8184-4F118DEBBBDC}.Release|Mixed Platforms.Build.0 = Release|Any CPU
		{3EF4B0F9-EB84-4A6E-8184-4F118DEBBBDC}.Release|Win32.ActiveCfg = Release|Any CPU
		{3EF4B0F9-EB84-4A6E-8184-4F118DEBBBDC}.Release|x64.ActiveCfg = Release|Any CPU
		{3EF4B0F9-EB84-4A6E-8184-4F118DEBBBDC}.Release|x86.ActiveCfg = Release|Any CPU
		{3EF4B0F9-EB84-4A6E-8184-4F118DEBBBDC}.Release|x86.Build.0 = Release|Any CPU
		{DAC623FB-E3FA-4CF9-9FBE-C46C38D0E1A3}.Debug|Any CPU.ActiveCfg = Debug|Any CPU
		{DAC623FB-E3FA-4CF9-9FBE-C46C38D0E1A3}.Debug|Any CPU.Build.0 = Debug|Any CPU
		{DAC623FB-E3FA-4CF9-9FBE-C46C38D0E1A3}.Debug|Mixed Platforms.ActiveCfg = Debug|Any CPU
		{DAC623FB-E3FA-4CF9-9FBE-C46C38D0E1A3}.Debug|Mixed Platforms.Build.0 = Debug|Any CPU
		{DAC623FB-E3FA-4CF9-9FBE-C46C38D0E1A3}.Debug|Win32.ActiveCfg = Debug|Any CPU
		{DAC623FB-E3FA-4CF9-9FBE-C46C38D0E1A3}.Debug|x64.ActiveCfg = Debug|Any CPU
		{DAC623FB-E3FA-4CF9-9FBE-C46C38D0E1A3}.Debug|x86.ActiveCfg = Debug|Any CPU
		{DAC623FB-E3FA-4CF9-9FBE-C46C38D0E1A3}.Deploy to Daisy|Any CPU.ActiveCfg = Deploy to Daisy|Any CPU
		{DAC623FB-E3FA-4CF9-9FBE-C46C38D0E1A3}.Deploy to Daisy|Any CPU.Build.0 = Deploy to Daisy|Any CPU
		{DAC623FB-E3FA-4CF9-9FBE-C46C38D0E1A3}.Deploy to Daisy|Mixed Platforms.ActiveCfg = Deploy to Daisy|Any CPU
		{DAC623FB-E3FA-4CF9-9FBE-C46C38D0E1A3}.Deploy to Daisy|Mixed Platforms.Build.0 = Deploy to Daisy|Any CPU
		{DAC623FB-E3FA-4CF9-9FBE-C46C38D0E1A3}.Deploy to Daisy|Win32.ActiveCfg = Deploy to Daisy|Any CPU
		{DAC623FB-E3FA-4CF9-9FBE-C46C38D0E1A3}.Deploy to Daisy|x64.ActiveCfg = Deploy to Daisy|Any CPU
		{DAC623FB-E3FA-4CF9-9FBE-C46C38D0E1A3}.Deploy to Daisy|x86.ActiveCfg = Deploy to Daisy|Any CPU
		{DAC623FB-E3FA-4CF9-9FBE-C46C38D0E1A3}.Release|Any CPU.ActiveCfg = Release|Any CPU
		{DAC623FB-E3FA-4CF9-9FBE-C46C38D0E1A3}.Release|Any CPU.Build.0 = Release|Any CPU
		{DAC623FB-E3FA-4CF9-9FBE-C46C38D0E1A3}.Release|Mixed Platforms.ActiveCfg = Release|Any CPU
		{DAC623FB-E3FA-4CF9-9FBE-C46C38D0E1A3}.Release|Mixed Platforms.Build.0 = Release|Any CPU
		{DAC623FB-E3FA-4CF9-9FBE-C46C38D0E1A3}.Release|Win32.ActiveCfg = Release|Any CPU
		{DAC623FB-E3FA-4CF9-9FBE-C46C38D0E1A3}.Release|x64.ActiveCfg = Release|Any CPU
		{DAC623FB-E3FA-4CF9-9FBE-C46C38D0E1A3}.Release|x86.ActiveCfg = Release|Any CPU
		{DAC623FB-E3FA-4CF9-9FBE-C46C38D0E1A3}.Release|x86.Build.0 = Release|Any CPU
		{F8B0158D-8E3B-462E-A71F-97BEFB61772B}.Debug|Any CPU.ActiveCfg = Debug|Any CPU
		{F8B0158D-8E3B-462E-A71F-97BEFB61772B}.Debug|Any CPU.Build.0 = Debug|Any CPU
		{F8B0158D-8E3B-462E-A71F-97BEFB61772B}.Debug|Mixed Platforms.ActiveCfg = Debug|Any CPU
		{F8B0158D-8E3B-462E-A71F-97BEFB61772B}.Debug|Mixed Platforms.Build.0 = Debug|Any CPU
		{F8B0158D-8E3B-462E-A71F-97BEFB61772B}.Debug|Win32.ActiveCfg = Debug|Any CPU
		{F8B0158D-8E3B-462E-A71F-97BEFB61772B}.Debug|x64.ActiveCfg = Debug|Any CPU
		{F8B0158D-8E3B-462E-A71F-97BEFB61772B}.Debug|x86.ActiveCfg = Debug|Any CPU
		{F8B0158D-8E3B-462E-A71F-97BEFB61772B}.Deploy to Daisy|Any CPU.ActiveCfg = Debug|Any CPU
		{F8B0158D-8E3B-462E-A71F-97BEFB61772B}.Deploy to Daisy|Any CPU.Build.0 = Debug|Any CPU
		{F8B0158D-8E3B-462E-A71F-97BEFB61772B}.Deploy to Daisy|Mixed Platforms.ActiveCfg = Debug|Any CPU
		{F8B0158D-8E3B-462E-A71F-97BEFB61772B}.Deploy to Daisy|Mixed Platforms.Build.0 = Debug|Any CPU
		{F8B0158D-8E3B-462E-A71F-97BEFB61772B}.Deploy to Daisy|Win32.ActiveCfg = Debug|Any CPU
		{F8B0158D-8E3B-462E-A71F-97BEFB61772B}.Deploy to Daisy|x64.ActiveCfg = Debug|Any CPU
		{F8B0158D-8E3B-462E-A71F-97BEFB61772B}.Deploy to Daisy|x86.ActiveCfg = Debug|Any CPU
		{F8B0158D-8E3B-462E-A71F-97BEFB61772B}.Release|Any CPU.ActiveCfg = Release|Any CPU
		{F8B0158D-8E3B-462E-A71F-97BEFB61772B}.Release|Any CPU.Build.0 = Release|Any CPU
		{F8B0158D-8E3B-462E-A71F-97BEFB61772B}.Release|Mixed Platforms.ActiveCfg = Release|Any CPU
		{F8B0158D-8E3B-462E-A71F-97BEFB61772B}.Release|Mixed Platforms.Build.0 = Release|Any CPU
		{F8B0158D-8E3B-462E-A71F-97BEFB61772B}.Release|Win32.ActiveCfg = Release|Any CPU
		{F8B0158D-8E3B-462E-A71F-97BEFB61772B}.Release|x64.ActiveCfg = Release|Any CPU
		{F8B0158D-8E3B-462E-A71F-97BEFB61772B}.Release|x86.ActiveCfg = Release|Any CPU
		{F8B0158D-8E3B-462E-A71F-97BEFB61772B}.Release|x86.Build.0 = Release|Any CPU
		{47DDFB90-D5A1-4348-948E-0FD8B5FE7F42}.Debug|Any CPU.ActiveCfg = Debug|Win32
		{47DDFB90-D5A1-4348-948E-0FD8B5FE7F42}.Debug|Any CPU.Build.0 = Debug|Win32
		{47DDFB90-D5A1-4348-948E-0FD8B5FE7F42}.Debug|Mixed Platforms.ActiveCfg = Debug|Win32
		{47DDFB90-D5A1-4348-948E-0FD8B5FE7F42}.Debug|Mixed Platforms.Build.0 = Debug|Win32
		{47DDFB90-D5A1-4348-948E-0FD8B5FE7F42}.Debug|Win32.ActiveCfg = Debug|Win32
		{47DDFB90-D5A1-4348-948E-0FD8B5FE7F42}.Debug|Win32.Build.0 = Debug|Win32
		{47DDFB90-D5A1-4348-948E-0FD8B5FE7F42}.Debug|x64.ActiveCfg = Release|x64
		{47DDFB90-D5A1-4348-948E-0FD8B5FE7F42}.Debug|x86.ActiveCfg = Debug|Win32
		{47DDFB90-D5A1-4348-948E-0FD8B5FE7F42}.Debug|x86.Build.0 = Debug|Win32
		{47DDFB90-D5A1-4348-948E-0FD8B5FE7F42}.Deploy to Daisy|Any CPU.ActiveCfg = Debug|Win32
		{47DDFB90-D5A1-4348-948E-0FD8B5FE7F42}.Deploy to Daisy|Mixed Platforms.ActiveCfg = Debug|Win32
		{47DDFB90-D5A1-4348-948E-0FD8B5FE7F42}.Deploy to Daisy|Mixed Platforms.Build.0 = Debug|Win32
		{47DDFB90-D5A1-4348-948E-0FD8B5FE7F42}.Deploy to Daisy|Win32.ActiveCfg = Debug|Win32
		{47DDFB90-D5A1-4348-948E-0FD8B5FE7F42}.Deploy to Daisy|Win32.Build.0 = Debug|Win32
		{47DDFB90-D5A1-4348-948E-0FD8B5FE7F42}.Deploy to Daisy|x64.ActiveCfg = Debug|x64
		{47DDFB90-D5A1-4348-948E-0FD8B5FE7F42}.Deploy to Daisy|x64.Build.0 = Debug|x64
		{47DDFB90-D5A1-4348-948E-0FD8B5FE7F42}.Deploy to Daisy|x86.ActiveCfg = Debug|Win32
		{47DDFB90-D5A1-4348-948E-0FD8B5FE7F42}.Deploy to Daisy|x86.Build.0 = Debug|Win32
		{47DDFB90-D5A1-4348-948E-0FD8B5FE7F42}.Release|Any CPU.ActiveCfg = Release|Win32
		{47DDFB90-D5A1-4348-948E-0FD8B5FE7F42}.Release|Mixed Platforms.ActiveCfg = Release|Win32
		{47DDFB90-D5A1-4348-948E-0FD8B5FE7F42}.Release|Mixed Platforms.Build.0 = Release|Win32
		{47DDFB90-D5A1-4348-948E-0FD8B5FE7F42}.Release|Win32.ActiveCfg = Release|Win32
		{47DDFB90-D5A1-4348-948E-0FD8B5FE7F42}.Release|Win32.Build.0 = Release|Win32
		{47DDFB90-D5A1-4348-948E-0FD8B5FE7F42}.Release|x64.ActiveCfg = Release|x64
		{47DDFB90-D5A1-4348-948E-0FD8B5FE7F42}.Release|x86.ActiveCfg = Release|Win32
		{47DDFB90-D5A1-4348-948E-0FD8B5FE7F42}.Release|x86.Build.0 = Release|Win32
		{14330EF1-2806-42E7-A132-445958092B20}.Debug|Any CPU.ActiveCfg = Debug|x86
		{14330EF1-2806-42E7-A132-445958092B20}.Debug|Any CPU.Build.0 = Debug|x86
		{14330EF1-2806-42E7-A132-445958092B20}.Debug|Mixed Platforms.ActiveCfg = Debug|x86
		{14330EF1-2806-42E7-A132-445958092B20}.Debug|Mixed Platforms.Build.0 = Debug|x86
		{14330EF1-2806-42E7-A132-445958092B20}.Debug|Win32.ActiveCfg = Debug|x86
		{14330EF1-2806-42E7-A132-445958092B20}.Debug|Win32.Build.0 = Debug|x86
		{14330EF1-2806-42E7-A132-445958092B20}.Debug|x64.ActiveCfg = Debug|x86
		{14330EF1-2806-42E7-A132-445958092B20}.Debug|x86.ActiveCfg = Debug|x86
		{14330EF1-2806-42E7-A132-445958092B20}.Debug|x86.Build.0 = Debug|x86
		{14330EF1-2806-42E7-A132-445958092B20}.Deploy to Daisy|Any CPU.ActiveCfg = Debug|x86
		{14330EF1-2806-42E7-A132-445958092B20}.Deploy to Daisy|Mixed Platforms.ActiveCfg = Debug|x86
		{14330EF1-2806-42E7-A132-445958092B20}.Deploy to Daisy|Mixed Platforms.Build.0 = Debug|x86
		{14330EF1-2806-42E7-A132-445958092B20}.Deploy to Daisy|Win32.ActiveCfg = Debug|x86
		{14330EF1-2806-42E7-A132-445958092B20}.Deploy to Daisy|Win32.Build.0 = Debug|x86
		{14330EF1-2806-42E7-A132-445958092B20}.Deploy to Daisy|x64.ActiveCfg = Debug|x86
		{14330EF1-2806-42E7-A132-445958092B20}.Deploy to Daisy|x86.ActiveCfg = Debug|x86
		{14330EF1-2806-42E7-A132-445958092B20}.Deploy to Daisy|x86.Build.0 = Debug|x86
		{14330EF1-2806-42E7-A132-445958092B20}.Release|Any CPU.ActiveCfg = Release|x86
		{14330EF1-2806-42E7-A132-445958092B20}.Release|Mixed Platforms.ActiveCfg = Release|x86
		{14330EF1-2806-42E7-A132-445958092B20}.Release|Mixed Platforms.Build.0 = Release|x86
		{14330EF1-2806-42E7-A132-445958092B20}.Release|Win32.ActiveCfg = Release|x86
		{14330EF1-2806-42E7-A132-445958092B20}.Release|Win32.Build.0 = Release|x86
		{14330EF1-2806-42E7-A132-445958092B20}.Release|x64.ActiveCfg = Release|x86
		{14330EF1-2806-42E7-A132-445958092B20}.Release|x86.ActiveCfg = Release|x86
		{14330EF1-2806-42E7-A132-445958092B20}.Release|x86.Build.0 = Release|x86
		{39E8E82C-C3D5-49A9-82CF-1D7FC0703858}.Debug|Any CPU.ActiveCfg = Debug|x64
		{39E8E82C-C3D5-49A9-82CF-1D7FC0703858}.Debug|Mixed Platforms.ActiveCfg = Debug|x64
		{39E8E82C-C3D5-49A9-82CF-1D7FC0703858}.Debug|Mixed Platforms.Build.0 = Debug|x64
		{39E8E82C-C3D5-49A9-82CF-1D7FC0703858}.Debug|Win32.ActiveCfg = Debug|x64
		{39E8E82C-C3D5-49A9-82CF-1D7FC0703858}.Debug|x64.ActiveCfg = Debug|x64
		{39E8E82C-C3D5-49A9-82CF-1D7FC0703858}.Debug|x64.Build.0 = Debug|x64
		{39E8E82C-C3D5-49A9-82CF-1D7FC0703858}.Debug|x86.ActiveCfg = Debug|x64
		{39E8E82C-C3D5-49A9-82CF-1D7FC0703858}.Deploy to Daisy|Any CPU.ActiveCfg = Debug|x64
		{39E8E82C-C3D5-49A9-82CF-1D7FC0703858}.Deploy to Daisy|Mixed Platforms.ActiveCfg = Debug|x64
		{39E8E82C-C3D5-49A9-82CF-1D7FC0703858}.Deploy to Daisy|Mixed Platforms.Build.0 = Debug|x64
		{39E8E82C-C3D5-49A9-82CF-1D7FC0703858}.Deploy to Daisy|Win32.ActiveCfg = Debug|x64
		{39E8E82C-C3D5-49A9-82CF-1D7FC0703858}.Deploy to Daisy|x64.ActiveCfg = Debug|x64
		{39E8E82C-C3D5-49A9-82CF-1D7FC0703858}.Deploy to Daisy|x64.Build.0 = Debug|x64
		{39E8E82C-C3D5-49A9-82CF-1D7FC0703858}.Deploy to Daisy|x86.ActiveCfg = Debug|x64
		{39E8E82C-C3D5-49A9-82CF-1D7FC0703858}.Release|Any CPU.ActiveCfg = Release|x64
		{39E8E82C-C3D5-49A9-82CF-1D7FC0703858}.Release|Mixed Platforms.ActiveCfg = Release|x64
		{39E8E82C-C3D5-49A9-82CF-1D7FC0703858}.Release|Mixed Platforms.Build.0 = Release|x64
		{39E8E82C-C3D5-49A9-82CF-1D7FC0703858}.Release|Win32.ActiveCfg = Release|x64
		{39E8E82C-C3D5-49A9-82CF-1D7FC0703858}.Release|x64.ActiveCfg = Release|x64
		{39E8E82C-C3D5-49A9-82CF-1D7FC0703858}.Release|x64.Build.0 = Release|x64
		{39E8E82C-C3D5-49A9-82CF-1D7FC0703858}.Release|x86.ActiveCfg = Release|x64
		{BB17D05F-36DE-48A3-B12E-E87F738D0432}.Debug|Any CPU.ActiveCfg = Debug|x86
		{BB17D05F-36DE-48A3-B12E-E87F738D0432}.Debug|Mixed Platforms.ActiveCfg = Debug|x86
		{BB17D05F-36DE-48A3-B12E-E87F738D0432}.Debug|Mixed Platforms.Build.0 = Debug|x86
		{BB17D05F-36DE-48A3-B12E-E87F738D0432}.Debug|Win32.ActiveCfg = Debug|x86
		{BB17D05F-36DE-48A3-B12E-E87F738D0432}.Debug|Win32.Build.0 = Debug|x86
		{BB17D05F-36DE-48A3-B12E-E87F738D0432}.Debug|x64.ActiveCfg = Debug|x86
		{BB17D05F-36DE-48A3-B12E-E87F738D0432}.Debug|x86.ActiveCfg = Debug|x86
		{BB17D05F-36DE-48A3-B12E-E87F738D0432}.Debug|x86.Build.0 = Debug|x86
		{BB17D05F-36DE-48A3-B12E-E87F738D0432}.Deploy to Daisy|Any CPU.ActiveCfg = Debug|x86
		{BB17D05F-36DE-48A3-B12E-E87F738D0432}.Deploy to Daisy|Mixed Platforms.ActiveCfg = Debug|x86
		{BB17D05F-36DE-48A3-B12E-E87F738D0432}.Deploy to Daisy|Mixed Platforms.Build.0 = Debug|x86
		{BB17D05F-36DE-48A3-B12E-E87F738D0432}.Deploy to Daisy|Win32.ActiveCfg = Debug|x86
		{BB17D05F-36DE-48A3-B12E-E87F738D0432}.Deploy to Daisy|Win32.Build.0 = Debug|x86
		{BB17D05F-36DE-48A3-B12E-E87F738D0432}.Deploy to Daisy|x64.ActiveCfg = Debug|x86
		{BB17D05F-36DE-48A3-B12E-E87F738D0432}.Deploy to Daisy|x86.ActiveCfg = Debug|x86
		{BB17D05F-36DE-48A3-B12E-E87F738D0432}.Deploy to Daisy|x86.Build.0 = Debug|x86
		{BB17D05F-36DE-48A3-B12E-E87F738D0432}.Release|Any CPU.ActiveCfg = Release|x86
		{BB17D05F-36DE-48A3-B12E-E87F738D0432}.Release|Mixed Platforms.ActiveCfg = Release|x86
		{BB17D05F-36DE-48A3-B12E-E87F738D0432}.Release|Mixed Platforms.Build.0 = Release|x86
		{BB17D05F-36DE-48A3-B12E-E87F738D0432}.Release|Win32.ActiveCfg = Release|x86
		{BB17D05F-36DE-48A3-B12E-E87F738D0432}.Release|Win32.Build.0 = Release|x86
		{BB17D05F-36DE-48A3-B12E-E87F738D0432}.Release|x64.ActiveCfg = Release|x86
		{BB17D05F-36DE-48A3-B12E-E87F738D0432}.Release|x86.ActiveCfg = Release|x86
		{BB17D05F-36DE-48A3-B12E-E87F738D0432}.Release|x86.Build.0 = Release|x86
		{2019DEE0-AC15-4223-A1C7-87D5A4FBD2A6}.Debug|Any CPU.ActiveCfg = Debug|x64
		{2019DEE0-AC15-4223-A1C7-87D5A4FBD2A6}.Debug|Mixed Platforms.ActiveCfg = Debug|x64
		{2019DEE0-AC15-4223-A1C7-87D5A4FBD2A6}.Debug|Mixed Platforms.Build.0 = Debug|x64
		{2019DEE0-AC15-4223-A1C7-87D5A4FBD2A6}.Debug|Win32.ActiveCfg = Debug|x64
		{2019DEE0-AC15-4223-A1C7-87D5A4FBD2A6}.Debug|x64.ActiveCfg = Debug|x64
		{2019DEE0-AC15-4223-A1C7-87D5A4FBD2A6}.Debug|x64.Build.0 = Debug|x64
		{2019DEE0-AC15-4223-A1C7-87D5A4FBD2A6}.Debug|x86.ActiveCfg = Debug|x64
		{2019DEE0-AC15-4223-A1C7-87D5A4FBD2A6}.Deploy to Daisy|Any CPU.ActiveCfg = Debug|x64
		{2019DEE0-AC15-4223-A1C7-87D5A4FBD2A6}.Deploy to Daisy|Mixed Platforms.ActiveCfg = Debug|x64
		{2019DEE0-AC15-4223-A1C7-87D5A4FBD2A6}.Deploy to Daisy|Mixed Platforms.Build.0 = Debug|x64
		{2019DEE0-AC15-4223-A1C7-87D5A4FBD2A6}.Deploy to Daisy|Win32.ActiveCfg = Debug|x64
		{2019DEE0-AC15-4223-A1C7-87D5A4FBD2A6}.Deploy to Daisy|x64.ActiveCfg = Debug|x64
		{2019DEE0-AC15-4223-A1C7-87D5A4FBD2A6}.Deploy to Daisy|x64.Build.0 = Debug|x64
		{2019DEE0-AC15-4223-A1C7-87D5A4FBD2A6}.Deploy to Daisy|x86.ActiveCfg = Debug|x64
		{2019DEE0-AC15-4223-A1C7-87D5A4FBD2A6}.Release|Any CPU.ActiveCfg = Release|x64
		{2019DEE0-AC15-4223-A1C7-87D5A4FBD2A6}.Release|Mixed Platforms.ActiveCfg = Release|x64
		{2019DEE0-AC15-4223-A1C7-87D5A4FBD2A6}.Release|Mixed Platforms.Build.0 = Release|x64
		{2019DEE0-AC15-4223-A1C7-87D5A4FBD2A6}.Release|Win32.ActiveCfg = Release|x64
		{2019DEE0-AC15-4223-A1C7-87D5A4FBD2A6}.Release|x64.ActiveCfg = Release|x64
		{2019DEE0-AC15-4223-A1C7-87D5A4FBD2A6}.Release|x64.Build.0 = Release|x64
		{2019DEE0-AC15-4223-A1C7-87D5A4FBD2A6}.Release|x86.ActiveCfg = Release|x64
		{4A363CEE-D6D8-4A99-81D7-C10CEEB21BA7}.Debug|Any CPU.ActiveCfg = Debug|Any CPU
		{4A363CEE-D6D8-4A99-81D7-C10CEEB21BA7}.Debug|Any CPU.Build.0 = Debug|Any CPU
		{4A363CEE-D6D8-4A99-81D7-C10CEEB21BA7}.Debug|Mixed Platforms.ActiveCfg = Debug|Any CPU
		{4A363CEE-D6D8-4A99-81D7-C10CEEB21BA7}.Debug|Mixed Platforms.Build.0 = Debug|Any CPU
		{4A363CEE-D6D8-4A99-81D7-C10CEEB21BA7}.Debug|Win32.ActiveCfg = Debug|Any CPU
		{4A363CEE-D6D8-4A99-81D7-C10CEEB21BA7}.Debug|x64.ActiveCfg = Debug|Any CPU
		{4A363CEE-D6D8-4A99-81D7-C10CEEB21BA7}.Debug|x86.ActiveCfg = Debug|Any CPU
		{4A363CEE-D6D8-4A99-81D7-C10CEEB21BA7}.Deploy to Daisy|Any CPU.ActiveCfg = Debug|Any CPU
		{4A363CEE-D6D8-4A99-81D7-C10CEEB21BA7}.Deploy to Daisy|Any CPU.Build.0 = Debug|Any CPU
		{4A363CEE-D6D8-4A99-81D7-C10CEEB21BA7}.Deploy to Daisy|Mixed Platforms.ActiveCfg = Debug|Any CPU
		{4A363CEE-D6D8-4A99-81D7-C10CEEB21BA7}.Deploy to Daisy|Mixed Platforms.Build.0 = Debug|Any CPU
		{4A363CEE-D6D8-4A99-81D7-C10CEEB21BA7}.Deploy to Daisy|Win32.ActiveCfg = Debug|Any CPU
		{4A363CEE-D6D8-4A99-81D7-C10CEEB21BA7}.Deploy to Daisy|x64.ActiveCfg = Debug|Any CPU
		{4A363CEE-D6D8-4A99-81D7-C10CEEB21BA7}.Deploy to Daisy|x86.ActiveCfg = Debug|Any CPU
		{4A363CEE-D6D8-4A99-81D7-C10CEEB21BA7}.Release|Any CPU.ActiveCfg = Release|Any CPU
		{4A363CEE-D6D8-4A99-81D7-C10CEEB21BA7}.Release|Any CPU.Build.0 = Release|Any CPU
		{4A363CEE-D6D8-4A99-81D7-C10CEEB21BA7}.Release|Mixed Platforms.ActiveCfg = Release|Any CPU
		{4A363CEE-D6D8-4A99-81D7-C10CEEB21BA7}.Release|Mixed Platforms.Build.0 = Release|Any CPU
		{4A363CEE-D6D8-4A99-81D7-C10CEEB21BA7}.Release|Win32.ActiveCfg = Release|Any CPU
		{4A363CEE-D6D8-4A99-81D7-C10CEEB21BA7}.Release|x64.ActiveCfg = Release|Any CPU
		{4A363CEE-D6D8-4A99-81D7-C10CEEB21BA7}.Release|x86.ActiveCfg = Release|Any CPU
		{F47859FF-B24A-492A-995A-F7F124A14099}.Debug|Any CPU.ActiveCfg = Debug|Any CPU
		{F47859FF-B24A-492A-995A-F7F124A14099}.Debug|Any CPU.Build.0 = Debug|Any CPU
		{F47859FF-B24A-492A-995A-F7F124A14099}.Debug|Mixed Platforms.ActiveCfg = Debug|Any CPU
		{F47859FF-B24A-492A-995A-F7F124A14099}.Debug|Mixed Platforms.Build.0 = Debug|Any CPU
		{F47859FF-B24A-492A-995A-F7F124A14099}.Debug|Win32.ActiveCfg = Debug|Any CPU
		{F47859FF-B24A-492A-995A-F7F124A14099}.Debug|x64.ActiveCfg = Debug|Any CPU
		{F47859FF-B24A-492A-995A-F7F124A14099}.Debug|x86.ActiveCfg = Debug|Any CPU
		{F47859FF-B24A-492A-995A-F7F124A14099}.Deploy to Daisy|Any CPU.ActiveCfg = Deploy to Daisy|Any CPU
		{F47859FF-B24A-492A-995A-F7F124A14099}.Deploy to Daisy|Any CPU.Build.0 = Deploy to Daisy|Any CPU
		{F47859FF-B24A-492A-995A-F7F124A14099}.Deploy to Daisy|Mixed Platforms.ActiveCfg = Deploy to Daisy|Any CPU
		{F47859FF-B24A-492A-995A-F7F124A14099}.Deploy to Daisy|Mixed Platforms.Build.0 = Deploy to Daisy|Any CPU
		{F47859FF-B24A-492A-995A-F7F124A14099}.Deploy to Daisy|Win32.ActiveCfg = Deploy to Daisy|Any CPU
		{F47859FF-B24A-492A-995A-F7F124A14099}.Deploy to Daisy|x64.ActiveCfg = Deploy to Daisy|Any CPU
		{F47859FF-B24A-492A-995A-F7F124A14099}.Deploy to Daisy|x86.ActiveCfg = Deploy to Daisy|Any CPU
		{F47859FF-B24A-492A-995A-F7F124A14099}.Release|Any CPU.ActiveCfg = Release|Any CPU
		{F47859FF-B24A-492A-995A-F7F124A14099}.Release|Any CPU.Build.0 = Release|Any CPU
		{F47859FF-B24A-492A-995A-F7F124A14099}.Release|Mixed Platforms.ActiveCfg = Release|Any CPU
		{F47859FF-B24A-492A-995A-F7F124A14099}.Release|Mixed Platforms.Build.0 = Release|Any CPU
		{F47859FF-B24A-492A-995A-F7F124A14099}.Release|Win32.ActiveCfg = Release|Any CPU
		{F47859FF-B24A-492A-995A-F7F124A14099}.Release|x64.ActiveCfg = Release|Any CPU
		{F47859FF-B24A-492A-995A-F7F124A14099}.Release|x86.ActiveCfg = Release|Any CPU
		{5DDB820F-16BF-48E6-857E-AC60066844BB}.Debug|Any CPU.ActiveCfg = Debug|Any CPU
		{5DDB820F-16BF-48E6-857E-AC60066844BB}.Debug|Any CPU.Build.0 = Debug|Any CPU
		{5DDB820F-16BF-48E6-857E-AC60066844BB}.Debug|Mixed Platforms.ActiveCfg = Debug|Any CPU
		{5DDB820F-16BF-48E6-857E-AC60066844BB}.Debug|Mixed Platforms.Build.0 = Debug|Any CPU
		{5DDB820F-16BF-48E6-857E-AC60066844BB}.Debug|Win32.ActiveCfg = Debug|Any CPU
		{5DDB820F-16BF-48E6-857E-AC60066844BB}.Debug|x64.ActiveCfg = Debug|Any CPU
		{5DDB820F-16BF-48E6-857E-AC60066844BB}.Debug|x86.ActiveCfg = Debug|Any CPU
		{5DDB820F-16BF-48E6-857E-AC60066844BB}.Deploy to Daisy|Any CPU.ActiveCfg = Deploy to Daisy|Any CPU
		{5DDB820F-16BF-48E6-857E-AC60066844BB}.Deploy to Daisy|Any CPU.Build.0 = Deploy to Daisy|Any CPU
		{5DDB820F-16BF-48E6-857E-AC60066844BB}.Deploy to Daisy|Mixed Platforms.ActiveCfg = Deploy to Daisy|Any CPU
		{5DDB820F-16BF-48E6-857E-AC60066844BB}.Deploy to Daisy|Mixed Platforms.Build.0 = Deploy to Daisy|Any CPU
		{5DDB820F-16BF-48E6-857E-AC60066844BB}.Deploy to Daisy|Win32.ActiveCfg = Deploy to Daisy|Any CPU
		{5DDB820F-16BF-48E6-857E-AC60066844BB}.Deploy to Daisy|x64.ActiveCfg = Deploy to Daisy|Any CPU
		{5DDB820F-16BF-48E6-857E-AC60066844BB}.Deploy to Daisy|x86.ActiveCfg = Deploy to Daisy|Any CPU
		{5DDB820F-16BF-48E6-857E-AC60066844BB}.Release|Any CPU.ActiveCfg = Release|Any CPU
		{5DDB820F-16BF-48E6-857E-AC60066844BB}.Release|Any CPU.Build.0 = Release|Any CPU
		{5DDB820F-16BF-48E6-857E-AC60066844BB}.Release|Mixed Platforms.ActiveCfg = Release|Any CPU
		{5DDB820F-16BF-48E6-857E-AC60066844BB}.Release|Mixed Platforms.Build.0 = Release|Any CPU
		{5DDB820F-16BF-48E6-857E-AC60066844BB}.Release|Win32.ActiveCfg = Release|Any CPU
		{5DDB820F-16BF-48E6-857E-AC60066844BB}.Release|x64.ActiveCfg = Release|Any CPU
		{5DDB820F-16BF-48E6-857E-AC60066844BB}.Release|x86.ActiveCfg = Release|Any CPU
	EndGlobalSection
	GlobalSection(SolutionProperties) = preSolution
		HideSolutionNode = FALSE
	EndGlobalSection
	GlobalSection(NestedProjects) = preSolution
		{1356B81F-C0E4-48EC-B536-CD1DAC2502F9} = {38542766-F428-485C-9E81-A29174C97E14}
		{CDD205FD-9C78-4818-806D-11E2AC0D2E50} = {38542766-F428-485C-9E81-A29174C97E14}
		{37B68504-1212-4468-824A-E2C950E64780} = {38542766-F428-485C-9E81-A29174C97E14}
		{D4546E63-B986-42B2-B85F-D00582D4FE01} = {38542766-F428-485C-9E81-A29174C97E14}
		{A177A90C-8207-466A-AF70-F2B8452A42AC} = {B7D33AEE-811D-4A07-BC62-17CE9A548F6C}
		{7AB4BBCC-6222-423D-9FF9-BA9CB7C09199} = {B7D33AEE-811D-4A07-BC62-17CE9A548F6C}
		{FD8101DD-C95D-42D6-AD44-AE01C25F2811} = {B7D33AEE-811D-4A07-BC62-17CE9A548F6C}
		{F718E9A8-DB62-4785-8C49-4333A60D256A} = {B7D33AEE-811D-4A07-BC62-17CE9A548F6C}
		{B03EDCEB-4D38-4BE2-8F22-CCC2D4C32048} = {1D43F0A2-CE0E-4B10-9763-DF8B6C9EE095}
		{8FF9190C-B40E-409C-8EBD-574DC90938F1} = {1D43F0A2-CE0E-4B10-9763-DF8B6C9EE095}
		{95FAFA69-88C7-454E-8238-5A2C04DA38F7} = {2D4FE701-AF7F-4952-A6EC-D5517FBF5D38}
		{58283BC8-9ACB-4FD1-A379-91D74EA30372} = {2718FDA5-1DDC-49C7-97BB-B781E8FF55CE}
		{3EF4B0F9-EB84-4A6E-8184-4F118DEBBBDC} = {2718FDA5-1DDC-49C7-97BB-B781E8FF55CE}
		{0413A699-617E-4B9E-B4C0-A97BD64A5648} = {2718FDA5-1DDC-49C7-97BB-B781E8FF55CE}
		{DAC623FB-E3FA-4CF9-9FBE-C46C38D0E1A3} = {38542766-F428-485C-9E81-A29174C97E14}
		{F8B0158D-8E3B-462E-A71F-97BEFB61772B} = {2718FDA5-1DDC-49C7-97BB-B781E8FF55CE}
		{47DDFB90-D5A1-4348-948E-0FD8B5FE7F42} = {2718FDA5-1DDC-49C7-97BB-B781E8FF55CE}
		{14330EF1-2806-42E7-A132-445958092B20} = {2718FDA5-1DDC-49C7-97BB-B781E8FF55CE}
		{39E8E82C-C3D5-49A9-82CF-1D7FC0703858} = {2718FDA5-1DDC-49C7-97BB-B781E8FF55CE}
		{BB17D05F-36DE-48A3-B12E-E87F738D0432} = {2718FDA5-1DDC-49C7-97BB-B781E8FF55CE}
		{4A363CEE-D6D8-4A99-81D7-C10CEEB21BA7} = {2718FDA5-1DDC-49C7-97BB-B781E8FF55CE}
		{F47859FF-B24A-492A-995A-F7F124A14099} = {0413A699-617E-4B9E-B4C0-A97BD64A5648}
		{5DDB820F-16BF-48E6-857E-AC60066844BB} = {0413A699-617E-4B9E-B4C0-A97BD64A5648}
	EndGlobalSection
EndGlobal
