
Microsoft Visual Studio Solution File, Format Version 12.00
# Visual Studio 2012
Project("{E24C65DC-7377-472B-9ABA-BC803B73C61A}") = "ScrubbeRApp", "\\daisy.colum.edu\wwwroot\ScrubbeRApp\", "{5A078C84-9F5B-4C5A-8D23-5C24B71C19A3}"
	ProjectSection(WebsiteProperties) = preProject
		TargetFrameworkMoniker = ".NETFramework,Version%3Dv4.0"
		Debug.AspNetCompiler.VirtualPath = "/ScrubbeRApp"
		Debug.AspNetCompiler.PhysicalPath = "\\daisy.colum.edu\wwwroot\ScrubbeRApp\"
		Debug.AspNetCompiler.TargetPath = "PrecompiledWeb\ScrubbeRApp\"
		Debug.AspNetCompiler.Updateable = "true"
		Debug.AspNetCompiler.ForceOverwrite = "true"
		Debug.AspNetCompiler.FixedNames = "false"
		Debug.AspNetCompiler.Debug = "True"
		Release.AspNetCompiler.VirtualPath = "/ScrubbeRApp"
		Release.AspNetCompiler.PhysicalPath = "\\daisy.colum.edu\wwwroot\ScrubbeRApp\"
		Release.AspNetCompiler.TargetPath = "PrecompiledWeb\ScrubbeRApp\"
		Release.AspNetCompiler.Updateable = "true"
		Release.AspNetCompiler.ForceOverwrite = "true"
		Release.AspNetCompiler.FixedNames = "false"
		Release.AspNetCompiler.Debug = "False"
	EndProjectSection
EndProject
Global
	GlobalSection(SolutionConfigurationPlatforms) = preSolution
		Debug|Any CPU = Debug|Any CPU
	EndGlobalSection
	GlobalSection(ProjectConfigurationPlatforms) = postSolution
		{5A078C84-9F5B-4C5A-8D23-5C24B71C19A3}.Debug|Any CPU.ActiveCfg = Debug|Any CPU
	EndGlobalSection
	GlobalSection(SolutionProperties) = preSolution
		HideSolutionNode = FALSE
	EndGlobalSection
EndGlobal
